PODS:
  - YJExtension (1.5.4):
    - YJExtension/Foundation (= 1.5.4)
    - YJExtension/UIKit (= 1.5.4)
  - YJExtension/Foundation (1.5.4):
    - YJExtension/Foundation/NSArray (= 1.5.4)
    - YJExtension/Foundation/NSAttributedString (= 1.5.4)
    - YJExtension/Foundation/NSData (= 1.5.4)
    - YJExtension/Foundation/NSDate (= 1.5.4)
    - YJExtension/Foundation/NSDictionary (= 1.5.4)
    - YJExtension/Foundation/NSNumber (= 1.5.4)
    - YJExtension/Foundation/NSObject (= 1.5.4)
    - YJExtension/Foundation/NSString (= 1.5.4)
  - YJExtension/Foundation/NSArray (1.5.4)
  - YJExtension/Foundation/NSAttributedString (1.5.4)
  - YJExtension/Foundation/NSData (1.5.4)
  - YJExtension/Foundation/NSDate (1.5.4)
  - YJExtension/Foundation/NSDictionary (1.5.4)
  - YJExtension/Foundation/NSNumber (1.5.4)
  - YJExtension/Foundation/NSObject (1.5.4)
  - YJExtension/Foundation/NSString (1.5.4)
  - YJExtension/UIKit (1.5.4):
    - YJExtension/UIKit/UIApplication (= 1.5.4)
    - YJExtension/UIKit/UIBarButtonItem (= 1.5.4)
    - YJExtension/UIKit/UIButton (= 1.5.4)
    - YJExtension/UIKit/UIColor (= 1.5.4)
    - YJExtension/UIKit/UIControl (= 1.5.4)
    - YJExtension/UIKit/UIDevice (= 1.5.4)
    - YJExtension/UIKit/UIImage (= 1.5.4)
    - YJExtension/UIKit/UIImageView (= 1.5.4)
    - YJExtension/UIKit/UILabel (= 1.5.4)
    - YJExtension/UIKit/UINavigationController (= 1.5.4)
    - YJExtension/UIKit/UIResponder (= 1.5.4)
    - YJExtension/UIKit/UITextField (= 1.5.4)
    - YJExtension/UIKit/UITextView (= 1.5.4)
    - YJExtension/UIKit/UIView (= 1.5.4)
    - YJExtension/UIKit/UIWindow (= 1.5.4)
  - YJExtension/UIKit/UIApplication (1.5.4)
  - YJExtension/UIKit/UIBarButtonItem (1.5.4)
  - YJExtension/UIKit/UIButton (1.5.4)
  - YJExtension/UIKit/UIColor (1.5.4)
  - YJExtension/UIKit/UIControl (1.5.4)
  - YJExtension/UIKit/UIDevice (1.5.4)
  - YJExtension/UIKit/UIImage (1.5.4)
  - YJExtension/UIKit/UIImageView (1.5.4)
  - YJExtension/UIKit/UILabel (1.5.4)
  - YJExtension/UIKit/UINavigationController (1.5.4)
  - YJExtension/UIKit/UIResponder (1.5.4)
  - YJExtension/UIKit/UITextField (1.5.4)
  - YJExtension/UIKit/UITextView (1.5.4)
  - YJExtension/UIKit/UIView (1.5.4)
  - YJExtension/UIKit/UIWindow (1.5.4)

DEPENDENCIES:
  - YJExtension (from `../`)

EXTERNAL SOURCES:
  YJExtension:
    :path: "../"

SPEC CHECKSUMS:
  YJExtension: c0af4527be032c59976f2e721db93e149b01f830

PODFILE CHECKSUM: 45fb7bfd325d2b767935d7e1d4d63cdae46219b6

COCOAPODS: 1.11.2
