// !$*UTF8*$!
{
	archiveVersion = 1;
	classes = {
	};
	objectVersion = 48;
	objects = {

/* Begin PBXBuildFile section */
		181F739E2089EC2A007986F8 /* UIImage+YJSize.m in Sources */ = {isa = PBXBuildFile; fileRef = 181F73512089EC2A007986F8 /* UIImage+YJSize.m */; };
		181F739F2089EC2A007986F8 /* UIImage+YJGIF.m in Sources */ = {isa = PBXBuildFile; fileRef = 181F73522089EC2A007986F8 /* UIImage+YJGIF.m */; };
		181F73A02089EC2A007986F8 /* UIImage+YJAlpha.m in Sources */ = {isa = PBXBuildFile; fileRef = 181F73532089EC2A007986F8 /* UIImage+YJAlpha.m */; };
		181F73A12089EC2A007986F8 /* UIImage+YJColor.m in Sources */ = {isa = PBXBuildFile; fileRef = 181F73542089EC2A007986F8 /* UIImage+YJColor.m */; };
		181F73A22089EC2A007986F8 /* UIImage+YJCompress.m in Sources */ = {isa = PBXBuildFile; fileRef = 181F73552089EC2A007986F8 /* UIImage+YJCompress.m */; };
		181F73A32089EC2A007986F8 /* UIImage+YJOrientation.m in Sources */ = {isa = PBXBuildFile; fileRef = 181F73562089EC2A007986F8 /* UIImage+YJOrientation.m */; };
		181F73A42089EC2A007986F8 /* UIImage+YJExtension.m in Sources */ = {isa = PBXBuildFile; fileRef = 181F73572089EC2A007986F8 /* UIImage+YJExtension.m */; };
		181F73A52089EC2A007986F8 /* NSDictionary+YJExtension.m in Sources */ = {isa = PBXBuildFile; fileRef = 181F73592089EC2A007986F8 /* NSDictionary+YJExtension.m */; };
		181F73A62089EC2A007986F8 /* UIWindow+YJExtension.m in Sources */ = {isa = PBXBuildFile; fileRef = 181F735C2089EC2A007986F8 /* UIWindow+YJExtension.m */; };
		181F73A72089EC2A007986F8 /* UILabel+YJExtension.m in Sources */ = {isa = PBXBuildFile; fileRef = 181F73602089EC2A007986F8 /* UILabel+YJExtension.m */; };
		181F73A82089EC2A007986F8 /* UIButton+YJBadge.m in Sources */ = {isa = PBXBuildFile; fileRef = 181F73622089EC2A007986F8 /* UIButton+YJBadge.m */; };
		181F73A92089EC2A007986F8 /* UIButton+YJEnlargeEdge.m in Sources */ = {isa = PBXBuildFile; fileRef = 181F73642089EC2A007986F8 /* UIButton+YJEnlargeEdge.m */; };
		181F73AA2089EC2A007986F8 /* UIButton+YJCountDown.m in Sources */ = {isa = PBXBuildFile; fileRef = 181F73662089EC2A007986F8 /* UIButton+YJCountDown.m */; };
		181F73AB2089EC2A007986F8 /* UIButton+YJImagePosition.m in Sources */ = {isa = PBXBuildFile; fileRef = 181F73692089EC2A007986F8 /* UIButton+YJImagePosition.m */; };
		181F73AC2089EC2A007986F8 /* UIButton+YJSubmitting.m in Sources */ = {isa = PBXBuildFile; fileRef = 181F736B2089EC2A007986F8 /* UIButton+YJSubmitting.m */; };
		181F73AD2089EC2A007986F8 /* UIColor+YJExtension.m in Sources */ = {isa = PBXBuildFile; fileRef = 181F736E2089EC2A007986F8 /* UIColor+YJExtension.m */; };
		181F73AE2089EC2A007986F8 /* UIView+YJFrame.m in Sources */ = {isa = PBXBuildFile; fileRef = 181F73702089EC2A007986F8 /* UIView+YJFrame.m */; };
		181F73AF2089EC2A007986F8 /* UIView+YJGestureRecognizer.m in Sources */ = {isa = PBXBuildFile; fileRef = 181F73742089EC2A007986F8 /* UIView+YJGestureRecognizer.m */; };
		181F73B02089EC2A007986F8 /* UIView+YJNib.m in Sources */ = {isa = PBXBuildFile; fileRef = 181F73752089EC2A007986F8 /* UIView+YJNib.m */; };
		181F73B12089EC2A007986F8 /* UITextView+YJPlaceHolder.m in Sources */ = {isa = PBXBuildFile; fileRef = 181F73782089EC2A007986F8 /* UITextView+YJPlaceHolder.m */; };
		181F73B22089EC2A007986F8 /* UIDevice+YJExtension.m in Sources */ = {isa = PBXBuildFile; fileRef = 181F737A2089EC2A007986F8 /* UIDevice+YJExtension.m */; };
		181F73B32089EC2A007986F8 /* UIBarButtonItem+YJExtension.m in Sources */ = {isa = PBXBuildFile; fileRef = 181F737D2089EC2A007986F8 /* UIBarButtonItem+YJExtension.m */; };
		181F73B42089EC2A007986F8 /* UIBarButtonItem+YJBadge.m in Sources */ = {isa = PBXBuildFile; fileRef = 181F73802089EC2A007986F8 /* UIBarButtonItem+YJBadge.m */; };
		181F73B52089EC2A007986F8 /* NSString+YJEmoji.m in Sources */ = {isa = PBXBuildFile; fileRef = 181F73822089EC2A007986F8 /* NSString+YJEmoji.m */; };
		181F73B62089EC2A007986F8 /* NSString+YJHash.m in Sources */ = {isa = PBXBuildFile; fileRef = 181F73832089EC2A007986F8 /* NSString+YJHash.m */; };
		181F73B72089EC2A007986F8 /* NSString+YJExtension.m in Sources */ = {isa = PBXBuildFile; fileRef = 181F73852089EC2A007986F8 /* NSString+YJExtension.m */; };
		181F73B82089EC2A007986F8 /* NSString+YJJudge.m in Sources */ = {isa = PBXBuildFile; fileRef = 181F73872089EC2A007986F8 /* NSString+YJJudge.m */; };
		181F73B92089EC2A007986F8 /* NSString+YJProject.m in Sources */ = {isa = PBXBuildFile; fileRef = 181F738A2089EC2A007986F8 /* NSString+YJProject.m */; };
		181F73BA2089EC2A007986F8 /* NSString+YJMIME.m in Sources */ = {isa = PBXBuildFile; fileRef = 181F738D2089EC2A007986F8 /* NSString+YJMIME.m */; };
		181F73BB2089EC2A007986F8 /* UINavigationController+YJExtension.m in Sources */ = {isa = PBXBuildFile; fileRef = 181F73902089EC2A007986F8 /* UINavigationController+YJExtension.m */; };
		181F73BC2089EC2A007986F8 /* UIControl+YJExtension.m in Sources */ = {isa = PBXBuildFile; fileRef = 181F73932089EC2A007986F8 /* UIControl+YJExtension.m */; };
		181F73BD2089EC2A007986F8 /* NSArray+YJExtension.m in Sources */ = {isa = PBXBuildFile; fileRef = 181F73962089EC2A007986F8 /* NSArray+YJExtension.m */; };
		181F73BE2089EC2A007986F8 /* NSAttributedString+YJExtension.m in Sources */ = {isa = PBXBuildFile; fileRef = 181F739A2089EC2A007986F8 /* NSAttributedString+YJExtension.m */; };
		181F73BF2089EC2A007986F8 /* NSDate+YJExtension.m in Sources */ = {isa = PBXBuildFile; fileRef = 181F739D2089EC2A007986F8 /* NSDate+YJExtension.m */; };
		1843C1F220AAE43B00B78280 /* NSData+YJExtension.m in Sources */ = {isa = PBXBuildFile; fileRef = 1843C1F120AAE43B00B78280 /* NSData+YJExtension.m */; };
		18EC05572068F493006BA806 /* AppDelegate.m in Sources */ = {isa = PBXBuildFile; fileRef = 18EC05562068F493006BA806 /* AppDelegate.m */; };
		18EC055A2068F493006BA806 /* ViewController.m in Sources */ = {isa = PBXBuildFile; fileRef = 18EC05592068F493006BA806 /* ViewController.m */; };
		18EC055D2068F493006BA806 /* Main.storyboard in Resources */ = {isa = PBXBuildFile; fileRef = 18EC055B2068F493006BA806 /* Main.storyboard */; };
		18EC055F2068F493006BA806 /* Assets.xcassets in Resources */ = {isa = PBXBuildFile; fileRef = 18EC055E2068F493006BA806 /* Assets.xcassets */; };
		18EC05622068F493006BA806 /* LaunchScreen.storyboard in Resources */ = {isa = PBXBuildFile; fileRef = 18EC05602068F493006BA806 /* LaunchScreen.storyboard */; };
		18EC05652068F493006BA806 /* main.m in Sources */ = {isa = PBXBuildFile; fileRef = 18EC05642068F493006BA806 /* main.m */; };
		18EC056F2068F493006BA806 /* YJExtensionDemoTests.m in Sources */ = {isa = PBXBuildFile; fileRef = 18EC056E2068F493006BA806 /* YJExtensionDemoTests.m */; };
		18EC057A2068F493006BA806 /* YJExtensionDemoUITests.m in Sources */ = {isa = PBXBuildFile; fileRef = 18EC05792068F493006BA806 /* YJExtensionDemoUITests.m */; };
/* End PBXBuildFile section */

/* Begin PBXContainerItemProxy section */
		18EC056B2068F493006BA806 /* PBXContainerItemProxy */ = {
			isa = PBXContainerItemProxy;
			containerPortal = 18EC054A2068F493006BA806 /* Project object */;
			proxyType = 1;
			remoteGlobalIDString = 18EC05512068F493006BA806;
			remoteInfo = YJExtensionDemo;
		};
		18EC05762068F493006BA806 /* PBXContainerItemProxy */ = {
			isa = PBXContainerItemProxy;
			containerPortal = 18EC054A2068F493006BA806 /* Project object */;
			proxyType = 1;
			remoteGlobalIDString = 18EC05512068F493006BA806;
			remoteInfo = YJExtensionDemo;
		};
/* End PBXContainerItemProxy section */

/* Begin PBXFileReference section */
		181F734A2089EC2A007986F8 /* UIImage+YJAlpha.h */ = {isa = PBXFileReference; fileEncoding = 4; lastKnownFileType = sourcecode.c.h; path = "UIImage+YJAlpha.h"; sourceTree = "<group>"; };
		181F734B2089EC2A007986F8 /* UIImage+YJSize.h */ = {isa = PBXFileReference; fileEncoding = 4; lastKnownFileType = sourcecode.c.h; path = "UIImage+YJSize.h"; sourceTree = "<group>"; };
		181F734C2089EC2A007986F8 /* UIImage+YJGIF.h */ = {isa = PBXFileReference; fileEncoding = 4; lastKnownFileType = sourcecode.c.h; path = "UIImage+YJGIF.h"; sourceTree = "<group>"; };
		181F734D2089EC2A007986F8 /* UIImage+YJColor.h */ = {isa = PBXFileReference; fileEncoding = 4; lastKnownFileType = sourcecode.c.h; path = "UIImage+YJColor.h"; sourceTree = "<group>"; };
		181F734E2089EC2A007986F8 /* UIImage+YJCompress.h */ = {isa = PBXFileReference; fileEncoding = 4; lastKnownFileType = sourcecode.c.h; path = "UIImage+YJCompress.h"; sourceTree = "<group>"; };
		181F734F2089EC2A007986F8 /* UIImage+YJExtension.h */ = {isa = PBXFileReference; fileEncoding = 4; lastKnownFileType = sourcecode.c.h; path = "UIImage+YJExtension.h"; sourceTree = "<group>"; };
		181F73502089EC2A007986F8 /* UIImage+YJOrientation.h */ = {isa = PBXFileReference; fileEncoding = 4; lastKnownFileType = sourcecode.c.h; path = "UIImage+YJOrientation.h"; sourceTree = "<group>"; };
		181F73512089EC2A007986F8 /* UIImage+YJSize.m */ = {isa = PBXFileReference; fileEncoding = 4; lastKnownFileType = sourcecode.c.objc; path = "UIImage+YJSize.m"; sourceTree = "<group>"; };
		181F73522089EC2A007986F8 /* UIImage+YJGIF.m */ = {isa = PBXFileReference; fileEncoding = 4; lastKnownFileType = sourcecode.c.objc; path = "UIImage+YJGIF.m"; sourceTree = "<group>"; };
		181F73532089EC2A007986F8 /* UIImage+YJAlpha.m */ = {isa = PBXFileReference; fileEncoding = 4; lastKnownFileType = sourcecode.c.objc; path = "UIImage+YJAlpha.m"; sourceTree = "<group>"; };
		181F73542089EC2A007986F8 /* UIImage+YJColor.m */ = {isa = PBXFileReference; fileEncoding = 4; lastKnownFileType = sourcecode.c.objc; path = "UIImage+YJColor.m"; sourceTree = "<group>"; };
		181F73552089EC2A007986F8 /* UIImage+YJCompress.m */ = {isa = PBXFileReference; fileEncoding = 4; lastKnownFileType = sourcecode.c.objc; path = "UIImage+YJCompress.m"; sourceTree = "<group>"; };
		181F73562089EC2A007986F8 /* UIImage+YJOrientation.m */ = {isa = PBXFileReference; fileEncoding = 4; lastKnownFileType = sourcecode.c.objc; path = "UIImage+YJOrientation.m"; sourceTree = "<group>"; };
		181F73572089EC2A007986F8 /* UIImage+YJExtension.m */ = {isa = PBXFileReference; fileEncoding = 4; lastKnownFileType = sourcecode.c.objc; path = "UIImage+YJExtension.m"; sourceTree = "<group>"; };
		181F73592089EC2A007986F8 /* NSDictionary+YJExtension.m */ = {isa = PBXFileReference; fileEncoding = 4; lastKnownFileType = sourcecode.c.objc; path = "NSDictionary+YJExtension.m"; sourceTree = "<group>"; };
		181F735A2089EC2A007986F8 /* NSDictionary+YJExtension.h */ = {isa = PBXFileReference; fileEncoding = 4; lastKnownFileType = sourcecode.c.h; path = "NSDictionary+YJExtension.h"; sourceTree = "<group>"; };
		181F735C2089EC2A007986F8 /* UIWindow+YJExtension.m */ = {isa = PBXFileReference; fileEncoding = 4; lastKnownFileType = sourcecode.c.objc; path = "UIWindow+YJExtension.m"; sourceTree = "<group>"; };
		181F735D2089EC2A007986F8 /* UIWindow+YJExtension.h */ = {isa = PBXFileReference; fileEncoding = 4; lastKnownFileType = sourcecode.c.h; path = "UIWindow+YJExtension.h"; sourceTree = "<group>"; };
		181F735F2089EC2A007986F8 /* UILabel+YJExtension.h */ = {isa = PBXFileReference; fileEncoding = 4; lastKnownFileType = sourcecode.c.h; path = "UILabel+YJExtension.h"; sourceTree = "<group>"; };
		181F73602089EC2A007986F8 /* UILabel+YJExtension.m */ = {isa = PBXFileReference; fileEncoding = 4; lastKnownFileType = sourcecode.c.objc; path = "UILabel+YJExtension.m"; sourceTree = "<group>"; };
		181F73622089EC2A007986F8 /* UIButton+YJBadge.m */ = {isa = PBXFileReference; fileEncoding = 4; lastKnownFileType = sourcecode.c.objc; path = "UIButton+YJBadge.m"; sourceTree = "<group>"; };
		181F73632089EC2A007986F8 /* UIButton+YJImagePosition.h */ = {isa = PBXFileReference; fileEncoding = 4; lastKnownFileType = sourcecode.c.h; path = "UIButton+YJImagePosition.h"; sourceTree = "<group>"; };
		181F73642089EC2A007986F8 /* UIButton+YJEnlargeEdge.m */ = {isa = PBXFileReference; fileEncoding = 4; lastKnownFileType = sourcecode.c.objc; path = "UIButton+YJEnlargeEdge.m"; sourceTree = "<group>"; };
		181F73652089EC2A007986F8 /* UIButton+YJSubmitting.h */ = {isa = PBXFileReference; fileEncoding = 4; lastKnownFileType = sourcecode.c.h; path = "UIButton+YJSubmitting.h"; sourceTree = "<group>"; };
		181F73662089EC2A007986F8 /* UIButton+YJCountDown.m */ = {isa = PBXFileReference; fileEncoding = 4; lastKnownFileType = sourcecode.c.objc; path = "UIButton+YJCountDown.m"; sourceTree = "<group>"; };
		181F73672089EC2A007986F8 /* UIButton+YJBadge.h */ = {isa = PBXFileReference; fileEncoding = 4; lastKnownFileType = sourcecode.c.h; path = "UIButton+YJBadge.h"; sourceTree = "<group>"; };
		181F73682089EC2A007986F8 /* UIButton+YJEnlargeEdge.h */ = {isa = PBXFileReference; fileEncoding = 4; lastKnownFileType = sourcecode.c.h; path = "UIButton+YJEnlargeEdge.h"; sourceTree = "<group>"; };
		181F73692089EC2A007986F8 /* UIButton+YJImagePosition.m */ = {isa = PBXFileReference; fileEncoding = 4; lastKnownFileType = sourcecode.c.objc; path = "UIButton+YJImagePosition.m"; sourceTree = "<group>"; };
		181F736A2089EC2A007986F8 /* UIButton+YJCountDown.h */ = {isa = PBXFileReference; fileEncoding = 4; lastKnownFileType = sourcecode.c.h; path = "UIButton+YJCountDown.h"; sourceTree = "<group>"; };
		181F736B2089EC2A007986F8 /* UIButton+YJSubmitting.m */ = {isa = PBXFileReference; fileEncoding = 4; lastKnownFileType = sourcecode.c.objc; path = "UIButton+YJSubmitting.m"; sourceTree = "<group>"; };
		181F736D2089EC2A007986F8 /* UIColor+YJExtension.h */ = {isa = PBXFileReference; fileEncoding = 4; lastKnownFileType = sourcecode.c.h; path = "UIColor+YJExtension.h"; sourceTree = "<group>"; };
		181F736E2089EC2A007986F8 /* UIColor+YJExtension.m */ = {isa = PBXFileReference; fileEncoding = 4; lastKnownFileType = sourcecode.c.objc; path = "UIColor+YJExtension.m"; sourceTree = "<group>"; };
		181F73702089EC2A007986F8 /* UIView+YJFrame.m */ = {isa = PBXFileReference; fileEncoding = 4; lastKnownFileType = sourcecode.c.objc; path = "UIView+YJFrame.m"; sourceTree = "<group>"; };
		181F73712089EC2A007986F8 /* UIView+YJNib.h */ = {isa = PBXFileReference; fileEncoding = 4; lastKnownFileType = sourcecode.c.h; path = "UIView+YJNib.h"; sourceTree = "<group>"; };
		181F73722089EC2A007986F8 /* UIView+YJGestureRecognizer.h */ = {isa = PBXFileReference; fileEncoding = 4; lastKnownFileType = sourcecode.c.h; path = "UIView+YJGestureRecognizer.h"; sourceTree = "<group>"; };
		181F73732089EC2A007986F8 /* UIView+YJFrame.h */ = {isa = PBXFileReference; fileEncoding = 4; lastKnownFileType = sourcecode.c.h; path = "UIView+YJFrame.h"; sourceTree = "<group>"; };
		181F73742089EC2A007986F8 /* UIView+YJGestureRecognizer.m */ = {isa = PBXFileReference; fileEncoding = 4; lastKnownFileType = sourcecode.c.objc; path = "UIView+YJGestureRecognizer.m"; sourceTree = "<group>"; };
		181F73752089EC2A007986F8 /* UIView+YJNib.m */ = {isa = PBXFileReference; fileEncoding = 4; lastKnownFileType = sourcecode.c.objc; path = "UIView+YJNib.m"; sourceTree = "<group>"; };
		181F73772089EC2A007986F8 /* UITextView+YJPlaceHolder.h */ = {isa = PBXFileReference; fileEncoding = 4; lastKnownFileType = sourcecode.c.h; path = "UITextView+YJPlaceHolder.h"; sourceTree = "<group>"; };
		181F73782089EC2A007986F8 /* UITextView+YJPlaceHolder.m */ = {isa = PBXFileReference; fileEncoding = 4; lastKnownFileType = sourcecode.c.objc; path = "UITextView+YJPlaceHolder.m"; sourceTree = "<group>"; };
		181F737A2089EC2A007986F8 /* UIDevice+YJExtension.m */ = {isa = PBXFileReference; fileEncoding = 4; lastKnownFileType = sourcecode.c.objc; path = "UIDevice+YJExtension.m"; sourceTree = "<group>"; };
		181F737B2089EC2A007986F8 /* UIDevice+YJExtension.h */ = {isa = PBXFileReference; fileEncoding = 4; lastKnownFileType = sourcecode.c.h; path = "UIDevice+YJExtension.h"; sourceTree = "<group>"; };
		181F737D2089EC2A007986F8 /* UIBarButtonItem+YJExtension.m */ = {isa = PBXFileReference; fileEncoding = 4; lastKnownFileType = sourcecode.c.objc; path = "UIBarButtonItem+YJExtension.m"; sourceTree = "<group>"; };
		181F737E2089EC2A007986F8 /* UIBarButtonItem+YJBadge.h */ = {isa = PBXFileReference; fileEncoding = 4; lastKnownFileType = sourcecode.c.h; path = "UIBarButtonItem+YJBadge.h"; sourceTree = "<group>"; };
		181F737F2089EC2A007986F8 /* UIBarButtonItem+YJExtension.h */ = {isa = PBXFileReference; fileEncoding = 4; lastKnownFileType = sourcecode.c.h; path = "UIBarButtonItem+YJExtension.h"; sourceTree = "<group>"; };
		181F73802089EC2A007986F8 /* UIBarButtonItem+YJBadge.m */ = {isa = PBXFileReference; fileEncoding = 4; lastKnownFileType = sourcecode.c.objc; path = "UIBarButtonItem+YJBadge.m"; sourceTree = "<group>"; };
		181F73822089EC2A007986F8 /* NSString+YJEmoji.m */ = {isa = PBXFileReference; fileEncoding = 4; lastKnownFileType = sourcecode.c.objc; path = "NSString+YJEmoji.m"; sourceTree = "<group>"; };
		181F73832089EC2A007986F8 /* NSString+YJHash.m */ = {isa = PBXFileReference; fileEncoding = 4; lastKnownFileType = sourcecode.c.objc; path = "NSString+YJHash.m"; sourceTree = "<group>"; };
		181F73842089EC2A007986F8 /* NSString+YJProject.h */ = {isa = PBXFileReference; fileEncoding = 4; lastKnownFileType = sourcecode.c.h; path = "NSString+YJProject.h"; sourceTree = "<group>"; };
		181F73852089EC2A007986F8 /* NSString+YJExtension.m */ = {isa = PBXFileReference; fileEncoding = 4; lastKnownFileType = sourcecode.c.objc; path = "NSString+YJExtension.m"; sourceTree = "<group>"; };
		181F73862089EC2A007986F8 /* NSString+YJMIME.h */ = {isa = PBXFileReference; fileEncoding = 4; lastKnownFileType = sourcecode.c.h; path = "NSString+YJMIME.h"; sourceTree = "<group>"; };
		181F73872089EC2A007986F8 /* NSString+YJJudge.m */ = {isa = PBXFileReference; fileEncoding = 4; lastKnownFileType = sourcecode.c.objc; path = "NSString+YJJudge.m"; sourceTree = "<group>"; };
		181F73882089EC2A007986F8 /* NSString+YJHash.h */ = {isa = PBXFileReference; fileEncoding = 4; lastKnownFileType = sourcecode.c.h; path = "NSString+YJHash.h"; sourceTree = "<group>"; };
		181F73892089EC2A007986F8 /* NSString+YJEmoji.h */ = {isa = PBXFileReference; fileEncoding = 4; lastKnownFileType = sourcecode.c.h; path = "NSString+YJEmoji.h"; sourceTree = "<group>"; };
		181F738A2089EC2A007986F8 /* NSString+YJProject.m */ = {isa = PBXFileReference; fileEncoding = 4; lastKnownFileType = sourcecode.c.objc; path = "NSString+YJProject.m"; sourceTree = "<group>"; };
		181F738B2089EC2A007986F8 /* NSString+YJExtension.h */ = {isa = PBXFileReference; fileEncoding = 4; lastKnownFileType = sourcecode.c.h; path = "NSString+YJExtension.h"; sourceTree = "<group>"; };
		181F738C2089EC2A007986F8 /* NSString+YJJudge.h */ = {isa = PBXFileReference; fileEncoding = 4; lastKnownFileType = sourcecode.c.h; path = "NSString+YJJudge.h"; sourceTree = "<group>"; };
		181F738D2089EC2A007986F8 /* NSString+YJMIME.m */ = {isa = PBXFileReference; fileEncoding = 4; lastKnownFileType = sourcecode.c.objc; path = "NSString+YJMIME.m"; sourceTree = "<group>"; };
		181F738F2089EC2A007986F8 /* UINavigationController+YJExtension.h */ = {isa = PBXFileReference; fileEncoding = 4; lastKnownFileType = sourcecode.c.h; path = "UINavigationController+YJExtension.h"; sourceTree = "<group>"; };
		181F73902089EC2A007986F8 /* UINavigationController+YJExtension.m */ = {isa = PBXFileReference; fileEncoding = 4; lastKnownFileType = sourcecode.c.objc; path = "UINavigationController+YJExtension.m"; sourceTree = "<group>"; };
		181F73922089EC2A007986F8 /* UIControl+YJExtension.h */ = {isa = PBXFileReference; fileEncoding = 4; lastKnownFileType = sourcecode.c.h; path = "UIControl+YJExtension.h"; sourceTree = "<group>"; };
		181F73932089EC2A007986F8 /* UIControl+YJExtension.m */ = {isa = PBXFileReference; fileEncoding = 4; lastKnownFileType = sourcecode.c.objc; path = "UIControl+YJExtension.m"; sourceTree = "<group>"; };
		181F73942089EC2A007986F8 /* YJExtension.h */ = {isa = PBXFileReference; fileEncoding = 4; lastKnownFileType = sourcecode.c.h; path = YJExtension.h; sourceTree = "<group>"; };
		181F73962089EC2A007986F8 /* NSArray+YJExtension.m */ = {isa = PBXFileReference; fileEncoding = 4; lastKnownFileType = sourcecode.c.objc; path = "NSArray+YJExtension.m"; sourceTree = "<group>"; };
		181F73972089EC2A007986F8 /* NSArray+YJExtension.h */ = {isa = PBXFileReference; fileEncoding = 4; lastKnownFileType = sourcecode.c.h; path = "NSArray+YJExtension.h"; sourceTree = "<group>"; };
		181F73992089EC2A007986F8 /* NSAttributedString+YJExtension.h */ = {isa = PBXFileReference; fileEncoding = 4; lastKnownFileType = sourcecode.c.h; path = "NSAttributedString+YJExtension.h"; sourceTree = "<group>"; };
		181F739A2089EC2A007986F8 /* NSAttributedString+YJExtension.m */ = {isa = PBXFileReference; fileEncoding = 4; lastKnownFileType = sourcecode.c.objc; path = "NSAttributedString+YJExtension.m"; sourceTree = "<group>"; };
		181F739C2089EC2A007986F8 /* NSDate+YJExtension.h */ = {isa = PBXFileReference; fileEncoding = 4; lastKnownFileType = sourcecode.c.h; path = "NSDate+YJExtension.h"; sourceTree = "<group>"; };
		181F739D2089EC2A007986F8 /* NSDate+YJExtension.m */ = {isa = PBXFileReference; fileEncoding = 4; lastKnownFileType = sourcecode.c.objc; path = "NSDate+YJExtension.m"; sourceTree = "<group>"; };
		1843C1F020AAE43B00B78280 /* NSData+YJExtension.h */ = {isa = PBXFileReference; lastKnownFileType = sourcecode.c.h; path = "NSData+YJExtension.h"; sourceTree = "<group>"; };
		1843C1F120AAE43B00B78280 /* NSData+YJExtension.m */ = {isa = PBXFileReference; lastKnownFileType = sourcecode.c.objc; path = "NSData+YJExtension.m"; sourceTree = "<group>"; };
		18EC05522068F493006BA806 /* YJExtensionDemo.app */ = {isa = PBXFileReference; explicitFileType = wrapper.application; includeInIndex = 0; path = YJExtensionDemo.app; sourceTree = BUILT_PRODUCTS_DIR; };
		18EC05552068F493006BA806 /* AppDelegate.h */ = {isa = PBXFileReference; lastKnownFileType = sourcecode.c.h; path = AppDelegate.h; sourceTree = "<group>"; };
		18EC05562068F493006BA806 /* AppDelegate.m */ = {isa = PBXFileReference; lastKnownFileType = sourcecode.c.objc; path = AppDelegate.m; sourceTree = "<group>"; };
		18EC05582068F493006BA806 /* ViewController.h */ = {isa = PBXFileReference; lastKnownFileType = sourcecode.c.h; path = ViewController.h; sourceTree = "<group>"; };
		18EC05592068F493006BA806 /* ViewController.m */ = {isa = PBXFileReference; lastKnownFileType = sourcecode.c.objc; path = ViewController.m; sourceTree = "<group>"; };
		18EC055C2068F493006BA806 /* Base */ = {isa = PBXFileReference; lastKnownFileType = file.storyboard; name = Base; path = Base.lproj/Main.storyboard; sourceTree = "<group>"; };
		18EC055E2068F493006BA806 /* Assets.xcassets */ = {isa = PBXFileReference; lastKnownFileType = folder.assetcatalog; path = Assets.xcassets; sourceTree = "<group>"; };
		18EC05612068F493006BA806 /* Base */ = {isa = PBXFileReference; lastKnownFileType = file.storyboard; name = Base; path = Base.lproj/LaunchScreen.storyboard; sourceTree = "<group>"; };
		18EC05632068F493006BA806 /* Info.plist */ = {isa = PBXFileReference; lastKnownFileType = text.plist.xml; path = Info.plist; sourceTree = "<group>"; };
		18EC05642068F493006BA806 /* main.m */ = {isa = PBXFileReference; lastKnownFileType = sourcecode.c.objc; path = main.m; sourceTree = "<group>"; };
		18EC056A2068F493006BA806 /* YJExtensionDemoTests.xctest */ = {isa = PBXFileReference; explicitFileType = wrapper.cfbundle; includeInIndex = 0; path = YJExtensionDemoTests.xctest; sourceTree = BUILT_PRODUCTS_DIR; };
		18EC056E2068F493006BA806 /* YJExtensionDemoTests.m */ = {isa = PBXFileReference; lastKnownFileType = sourcecode.c.objc; path = YJExtensionDemoTests.m; sourceTree = "<group>"; };
		18EC05702068F493006BA806 /* Info.plist */ = {isa = PBXFileReference; lastKnownFileType = text.plist.xml; path = Info.plist; sourceTree = "<group>"; };
		18EC05752068F493006BA806 /* YJExtensionDemoUITests.xctest */ = {isa = PBXFileReference; explicitFileType = wrapper.cfbundle; includeInIndex = 0; path = YJExtensionDemoUITests.xctest; sourceTree = BUILT_PRODUCTS_DIR; };
		18EC05792068F493006BA806 /* YJExtensionDemoUITests.m */ = {isa = PBXFileReference; lastKnownFileType = sourcecode.c.objc; path = YJExtensionDemoUITests.m; sourceTree = "<group>"; };
		18EC057B2068F493006BA806 /* Info.plist */ = {isa = PBXFileReference; lastKnownFileType = text.plist.xml; path = Info.plist; sourceTree = "<group>"; };
/* End PBXFileReference section */

/* Begin PBXFrameworksBuildPhase section */
		18EC054F2068F493006BA806 /* Frameworks */ = {
			isa = PBXFrameworksBuildPhase;
			buildActionMask = 2147483647;
			files = (
			);
			runOnlyForDeploymentPostprocessing = 0;
		};
		18EC05672068F493006BA806 /* Frameworks */ = {
			isa = PBXFrameworksBuildPhase;
			buildActionMask = 2147483647;
			files = (
			);
			runOnlyForDeploymentPostprocessing = 0;
		};
		18EC05722068F493006BA806 /* Frameworks */ = {
			isa = PBXFrameworksBuildPhase;
			buildActionMask = 2147483647;
			files = (
			);
			runOnlyForDeploymentPostprocessing = 0;
		};
/* End PBXFrameworksBuildPhase section */

/* Begin PBXGroup section */
		181F73482089EC2A007986F8 /* YJExtension */ = {
			isa = PBXGroup;
			children = (
				1843C1EF20AAE3E300B78280 /* NSData */,
				181F73492089EC2A007986F8 /* UIImage */,
				181F73582089EC2A007986F8 /* NSDictionary */,
				181F735B2089EC2A007986F8 /* UIWindow */,
				181F735E2089EC2A007986F8 /* UILabel */,
				181F73612089EC2A007986F8 /* UIButton */,
				181F736C2089EC2A007986F8 /* UIColor */,
				181F736F2089EC2A007986F8 /* UIView */,
				181F73762089EC2A007986F8 /* UITextView */,
				181F73792089EC2A007986F8 /* UIDevice */,
				181F737C2089EC2A007986F8 /* UIBarButtonItem */,
				181F73812089EC2A007986F8 /* NSString */,
				181F738E2089EC2A007986F8 /* UINavigationController */,
				181F73912089EC2A007986F8 /* UIControl */,
				181F73942089EC2A007986F8 /* YJExtension.h */,
				181F73952089EC2A007986F8 /* NSArray */,
				181F73982089EC2A007986F8 /* NSAttributedString */,
				181F739B2089EC2A007986F8 /* NSDate */,
			);
			path = YJExtension;
			sourceTree = "<group>";
		};
		181F73492089EC2A007986F8 /* UIImage */ = {
			isa = PBXGroup;
			children = (
				181F734A2089EC2A007986F8 /* UIImage+YJAlpha.h */,
				181F734B2089EC2A007986F8 /* UIImage+YJSize.h */,
				181F734C2089EC2A007986F8 /* UIImage+YJGIF.h */,
				181F734D2089EC2A007986F8 /* UIImage+YJColor.h */,
				181F734E2089EC2A007986F8 /* UIImage+YJCompress.h */,
				181F734F2089EC2A007986F8 /* UIImage+YJExtension.h */,
				181F73502089EC2A007986F8 /* UIImage+YJOrientation.h */,
				181F73512089EC2A007986F8 /* UIImage+YJSize.m */,
				181F73522089EC2A007986F8 /* UIImage+YJGIF.m */,
				181F73532089EC2A007986F8 /* UIImage+YJAlpha.m */,
				181F73542089EC2A007986F8 /* UIImage+YJColor.m */,
				181F73552089EC2A007986F8 /* UIImage+YJCompress.m */,
				181F73562089EC2A007986F8 /* UIImage+YJOrientation.m */,
				181F73572089EC2A007986F8 /* UIImage+YJExtension.m */,
			);
			path = UIImage;
			sourceTree = "<group>";
		};
		181F73582089EC2A007986F8 /* NSDictionary */ = {
			isa = PBXGroup;
			children = (
				181F73592089EC2A007986F8 /* NSDictionary+YJExtension.m */,
				181F735A2089EC2A007986F8 /* NSDictionary+YJExtension.h */,
			);
			path = NSDictionary;
			sourceTree = "<group>";
		};
		181F735B2089EC2A007986F8 /* UIWindow */ = {
			isa = PBXGroup;
			children = (
				181F735C2089EC2A007986F8 /* UIWindow+YJExtension.m */,
				181F735D2089EC2A007986F8 /* UIWindow+YJExtension.h */,
			);
			path = UIWindow;
			sourceTree = "<group>";
		};
		181F735E2089EC2A007986F8 /* UILabel */ = {
			isa = PBXGroup;
			children = (
				181F735F2089EC2A007986F8 /* UILabel+YJExtension.h */,
				181F73602089EC2A007986F8 /* UILabel+YJExtension.m */,
			);
			path = UILabel;
			sourceTree = "<group>";
		};
		181F73612089EC2A007986F8 /* UIButton */ = {
			isa = PBXGroup;
			children = (
				181F73622089EC2A007986F8 /* UIButton+YJBadge.m */,
				181F73632089EC2A007986F8 /* UIButton+YJImagePosition.h */,
				181F73642089EC2A007986F8 /* UIButton+YJEnlargeEdge.m */,
				181F73652089EC2A007986F8 /* UIButton+YJSubmitting.h */,
				181F73662089EC2A007986F8 /* UIButton+YJCountDown.m */,
				181F73672089EC2A007986F8 /* UIButton+YJBadge.h */,
				181F73682089EC2A007986F8 /* UIButton+YJEnlargeEdge.h */,
				181F73692089EC2A007986F8 /* UIButton+YJImagePosition.m */,
				181F736A2089EC2A007986F8 /* UIButton+YJCountDown.h */,
				181F736B2089EC2A007986F8 /* UIButton+YJSubmitting.m */,
			);
			path = UIButton;
			sourceTree = "<group>";
		};
		181F736C2089EC2A007986F8 /* UIColor */ = {
			isa = PBXGroup;
			children = (
				181F736D2089EC2A007986F8 /* UIColor+YJExtension.h */,
				181F736E2089EC2A007986F8 /* UIColor+YJExtension.m */,
			);
			path = UIColor;
			sourceTree = "<group>";
		};
		181F736F2089EC2A007986F8 /* UIView */ = {
			isa = PBXGroup;
			children = (
				181F73702089EC2A007986F8 /* UIView+YJFrame.m */,
				181F73712089EC2A007986F8 /* UIView+YJNib.h */,
				181F73722089EC2A007986F8 /* UIView+YJGestureRecognizer.h */,
				181F73732089EC2A007986F8 /* UIView+YJFrame.h */,
				181F73742089EC2A007986F8 /* UIView+YJGestureRecognizer.m */,
				181F73752089EC2A007986F8 /* UIView+YJNib.m */,
			);
			path = UIView;
			sourceTree = "<group>";
		};
		181F73762089EC2A007986F8 /* UITextView */ = {
			isa = PBXGroup;
			children = (
				181F73772089EC2A007986F8 /* UITextView+YJPlaceHolder.h */,
				181F73782089EC2A007986F8 /* UITextView+YJPlaceHolder.m */,
			);
			path = UITextView;
			sourceTree = "<group>";
		};
		181F73792089EC2A007986F8 /* UIDevice */ = {
			isa = PBXGroup;
			children = (
				181F737A2089EC2A007986F8 /* UIDevice+YJExtension.m */,
				181F737B2089EC2A007986F8 /* UIDevice+YJExtension.h */,
			);
			path = UIDevice;
			sourceTree = "<group>";
		};
		181F737C2089EC2A007986F8 /* UIBarButtonItem */ = {
			isa = PBXGroup;
			children = (
				181F737D2089EC2A007986F8 /* UIBarButtonItem+YJExtension.m */,
				181F737E2089EC2A007986F8 /* UIBarButtonItem+YJBadge.h */,
				181F737F2089EC2A007986F8 /* UIBarButtonItem+YJExtension.h */,
				181F73802089EC2A007986F8 /* UIBarButtonItem+YJBadge.m */,
			);
			path = UIBarButtonItem;
			sourceTree = "<group>";
		};
		181F73812089EC2A007986F8 /* NSString */ = {
			isa = PBXGroup;
			children = (
				181F73822089EC2A007986F8 /* NSString+YJEmoji.m */,
				181F73832089EC2A007986F8 /* NSString+YJHash.m */,
				181F73842089EC2A007986F8 /* NSString+YJProject.h */,
				181F73852089EC2A007986F8 /* NSString+YJExtension.m */,
				181F73862089EC2A007986F8 /* NSString+YJMIME.h */,
				181F73872089EC2A007986F8 /* NSString+YJJudge.m */,
				181F73882089EC2A007986F8 /* NSString+YJHash.h */,
				181F73892089EC2A007986F8 /* NSString+YJEmoji.h */,
				181F738A2089EC2A007986F8 /* NSString+YJProject.m */,
				181F738B2089EC2A007986F8 /* NSString+YJExtension.h */,
				181F738C2089EC2A007986F8 /* NSString+YJJudge.h */,
				181F738D2089EC2A007986F8 /* NSString+YJMIME.m */,
			);
			path = NSString;
			sourceTree = "<group>";
		};
		181F738E2089EC2A007986F8 /* UINavigationController */ = {
			isa = PBXGroup;
			children = (
				181F738F2089EC2A007986F8 /* UINavigationController+YJExtension.h */,
				181F73902089EC2A007986F8 /* UINavigationController+YJExtension.m */,
			);
			path = UINavigationController;
			sourceTree = "<group>";
		};
		181F73912089EC2A007986F8 /* UIControl */ = {
			isa = PBXGroup;
			children = (
				181F73922089EC2A007986F8 /* UIControl+YJExtension.h */,
				181F73932089EC2A007986F8 /* UIControl+YJExtension.m */,
			);
			path = UIControl;
			sourceTree = "<group>";
		};
		181F73952089EC2A007986F8 /* NSArray */ = {
			isa = PBXGroup;
			children = (
				181F73962089EC2A007986F8 /* NSArray+YJExtension.m */,
				181F73972089EC2A007986F8 /* NSArray+YJExtension.h */,
			);
			path = NSArray;
			sourceTree = "<group>";
		};
		181F73982089EC2A007986F8 /* NSAttributedString */ = {
			isa = PBXGroup;
			children = (
				181F73992089EC2A007986F8 /* NSAttributedString+YJExtension.h */,
				181F739A2089EC2A007986F8 /* NSAttributedString+YJExtension.m */,
			);
			path = NSAttributedString;
			sourceTree = "<group>";
		};
		181F739B2089EC2A007986F8 /* NSDate */ = {
			isa = PBXGroup;
			children = (
				181F739C2089EC2A007986F8 /* NSDate+YJExtension.h */,
				181F739D2089EC2A007986F8 /* NSDate+YJExtension.m */,
			);
			path = NSDate;
			sourceTree = "<group>";
		};
		1843C1EF20AAE3E300B78280 /* NSData */ = {
			isa = PBXGroup;
			children = (
				1843C1F020AAE43B00B78280 /* NSData+YJExtension.h */,
				1843C1F120AAE43B00B78280 /* NSData+YJExtension.m */,
			);
			path = NSData;
			sourceTree = "<group>";
		};
		18EC05492068F493006BA806 = {
			isa = PBXGroup;
			children = (
				18EC05542068F493006BA806 /* YJExtensionDemo */,
				18EC056D2068F493006BA806 /* YJExtensionDemoTests */,
				18EC05782068F493006BA806 /* YJExtensionDemoUITests */,
				18EC05532068F493006BA806 /* Products */,
			);
			sourceTree = "<group>";
		};
		18EC05532068F493006BA806 /* Products */ = {
			isa = PBXGroup;
			children = (
				18EC05522068F493006BA806 /* YJExtensionDemo.app */,
				18EC056A2068F493006BA806 /* YJExtensionDemoTests.xctest */,
				18EC05752068F493006BA806 /* YJExtensionDemoUITests.xctest */,
			);
			name = Products;
			sourceTree = "<group>";
		};
		18EC05542068F493006BA806 /* YJExtensionDemo */ = {
			isa = PBXGroup;
			children = (
				181F73482089EC2A007986F8 /* YJExtension */,
				18EC05552068F493006BA806 /* AppDelegate.h */,
				18EC05562068F493006BA806 /* AppDelegate.m */,
				18EC05582068F493006BA806 /* ViewController.h */,
				18EC05592068F493006BA806 /* ViewController.m */,
				18EC055B2068F493006BA806 /* Main.storyboard */,
				18EC055E2068F493006BA806 /* Assets.xcassets */,
				18EC05602068F493006BA806 /* LaunchScreen.storyboard */,
				18EC05632068F493006BA806 /* Info.plist */,
				18EC05642068F493006BA806 /* main.m */,
			);
			path = YJExtensionDemo;
			sourceTree = "<group>";
		};
		18EC056D2068F493006BA806 /* YJExtensionDemoTests */ = {
			isa = PBXGroup;
			children = (
				18EC056E2068F493006BA806 /* YJExtensionDemoTests.m */,
				18EC05702068F493006BA806 /* Info.plist */,
			);
			path = YJExtensionDemoTests;
			sourceTree = "<group>";
		};
		18EC05782068F493006BA806 /* YJExtensionDemoUITests */ = {
			isa = PBXGroup;
			children = (
				18EC05792068F493006BA806 /* YJExtensionDemoUITests.m */,
				18EC057B2068F493006BA806 /* Info.plist */,
			);
			path = YJExtensionDemoUITests;
			sourceTree = "<group>";
		};
/* End PBXGroup section */

/* Begin PBXNativeTarget section */
		18EC05512068F493006BA806 /* YJExtensionDemo */ = {
			isa = PBXNativeTarget;
			buildConfigurationList = 18EC057E2068F493006BA806 /* Build configuration list for PBXNativeTarget "YJExtensionDemo" */;
			buildPhases = (
				18EC054E2068F493006BA806 /* Sources */,
				18EC054F2068F493006BA806 /* Frameworks */,
				18EC05502068F493006BA806 /* Resources */,
			);
			buildRules = (
			);
			dependencies = (
			);
			name = YJExtensionDemo;
			productName = YJExtensionDemo;
			productReference = 18EC05522068F493006BA806 /* YJExtensionDemo.app */;
			productType = "com.apple.product-type.application";
		};
		18EC05692068F493006BA806 /* YJExtensionDemoTests */ = {
			isa = PBXNativeTarget;
			buildConfigurationList = 18EC05812068F493006BA806 /* Build configuration list for PBXNativeTarget "YJExtensionDemoTests" */;
			buildPhases = (
				18EC05662068F493006BA806 /* Sources */,
				18EC05672068F493006BA806 /* Frameworks */,
				18EC05682068F493006BA806 /* Resources */,
			);
			buildRules = (
			);
			dependencies = (
				18EC056C2068F493006BA806 /* PBXTargetDependency */,
			);
			name = YJExtensionDemoTests;
			productName = YJExtensionDemoTests;
			productReference = 18EC056A2068F493006BA806 /* YJExtensionDemoTests.xctest */;
			productType = "com.apple.product-type.bundle.unit-test";
		};
		18EC05742068F493006BA806 /* YJExtensionDemoUITests */ = {
			isa = PBXNativeTarget;
			buildConfigurationList = 18EC05842068F493006BA806 /* Build configuration list for PBXNativeTarget "YJExtensionDemoUITests" */;
			buildPhases = (
				18EC05712068F493006BA806 /* Sources */,
				18EC05722068F493006BA806 /* Frameworks */,
				18EC05732068F493006BA806 /* Resources */,
			);
			buildRules = (
			);
			dependencies = (
				18EC05772068F493006BA806 /* PBXTargetDependency */,
			);
			name = YJExtensionDemoUITests;
			productName = YJExtensionDemoUITests;
			productReference = 18EC05752068F493006BA806 /* YJExtensionDemoUITests.xctest */;
			productType = "com.apple.product-type.bundle.ui-testing";
		};
/* End PBXNativeTarget section */

/* Begin PBXProject section */
		18EC054A2068F493006BA806 /* Project object */ = {
			isa = PBXProject;
			attributes = {
				LastUpgradeCheck = 0920;
				ORGANIZATIONNAME = child;
				TargetAttributes = {
					18EC05512068F493006BA806 = {
						CreatedOnToolsVersion = 9.2;
						ProvisioningStyle = Automatic;
					};
					18EC05692068F493006BA806 = {
						CreatedOnToolsVersion = 9.2;
						ProvisioningStyle = Automatic;
						TestTargetID = 18EC05512068F493006BA806;
					};
					18EC05742068F493006BA806 = {
						CreatedOnToolsVersion = 9.2;
						ProvisioningStyle = Automatic;
						TestTargetID = 18EC05512068F493006BA806;
					};
				};
			};
			buildConfigurationList = 18EC054D2068F493006BA806 /* Build configuration list for PBXProject "YJExtensionDemo" */;
			compatibilityVersion = "Xcode 8.0";
			developmentRegion = en;
			hasScannedForEncodings = 0;
			knownRegions = (
				en,
				Base,
			);
			mainGroup = 18EC05492068F493006BA806;
			productRefGroup = 18EC05532068F493006BA806 /* Products */;
			projectDirPath = "";
			projectRoot = "";
			targets = (
				18EC05512068F493006BA806 /* YJExtensionDemo */,
				18EC05692068F493006BA806 /* YJExtensionDemoTests */,
				18EC05742068F493006BA806 /* YJExtensionDemoUITests */,
			);
		};
/* End PBXProject section */

/* Begin PBXResourcesBuildPhase section */
		18EC05502068F493006BA806 /* Resources */ = {
			isa = PBXResourcesBuildPhase;
			buildActionMask = 2147483647;
			files = (
				18EC05622068F493006BA806 /* LaunchScreen.storyboard in Resources */,
				18EC055F2068F493006BA806 /* Assets.xcassets in Resources */,
				18EC055D2068F493006BA806 /* Main.storyboard in Resources */,
			);
			runOnlyForDeploymentPostprocessing = 0;
		};
		18EC05682068F493006BA806 /* Resources */ = {
			isa = PBXResourcesBuildPhase;
			buildActionMask = 2147483647;
			files = (
			);
			runOnlyForDeploymentPostprocessing = 0;
		};
		18EC05732068F493006BA806 /* Resources */ = {
			isa = PBXResourcesBuildPhase;
			buildActionMask = 2147483647;
			files = (
			);
			runOnlyForDeploymentPostprocessing = 0;
		};
/* End PBXResourcesBuildPhase section */

/* Begin PBXSourcesBuildPhase section */
		18EC054E2068F493006BA806 /* Sources */ = {
			isa = PBXSourcesBuildPhase;
			buildActionMask = 2147483647;
			files = (
				181F73AC2089EC2A007986F8 /* UIButton+YJSubmitting.m in Sources */,
				181F73B12089EC2A007986F8 /* UITextView+YJPlaceHolder.m in Sources */,
				181F73AE2089EC2A007986F8 /* UIView+YJFrame.m in Sources */,
				181F73BD2089EC2A007986F8 /* NSArray+YJExtension.m in Sources */,
				181F73A72089EC2A007986F8 /* UILabel+YJExtension.m in Sources */,
				181F73AF2089EC2A007986F8 /* UIView+YJGestureRecognizer.m in Sources */,
				18EC055A2068F493006BA806 /* ViewController.m in Sources */,
				181F73A52089EC2A007986F8 /* NSDictionary+YJExtension.m in Sources */,
				181F73B42089EC2A007986F8 /* UIBarButtonItem+YJBadge.m in Sources */,
				181F73BB2089EC2A007986F8 /* UINavigationController+YJExtension.m in Sources */,
				181F73A12089EC2A007986F8 /* UIImage+YJColor.m in Sources */,
				181F73A22089EC2A007986F8 /* UIImage+YJCompress.m in Sources */,
				181F73B62089EC2A007986F8 /* NSString+YJHash.m in Sources */,
				1843C1F220AAE43B00B78280 /* NSData+YJExtension.m in Sources */,
				181F73B72089EC2A007986F8 /* NSString+YJExtension.m in Sources */,
				181F739E2089EC2A007986F8 /* UIImage+YJSize.m in Sources */,
				181F73A42089EC2A007986F8 /* UIImage+YJExtension.m in Sources */,
				181F73A92089EC2A007986F8 /* UIButton+YJEnlargeEdge.m in Sources */,
				181F73BC2089EC2A007986F8 /* UIControl+YJExtension.m in Sources */,
				181F73B92089EC2A007986F8 /* NSString+YJProject.m in Sources */,
				18EC05652068F493006BA806 /* main.m in Sources */,
				181F73AD2089EC2A007986F8 /* UIColor+YJExtension.m in Sources */,
				181F73AB2089EC2A007986F8 /* UIButton+YJImagePosition.m in Sources */,
				181F73B52089EC2A007986F8 /* NSString+YJEmoji.m in Sources */,
				181F73A02089EC2A007986F8 /* UIImage+YJAlpha.m in Sources */,
				181F73B02089EC2A007986F8 /* UIView+YJNib.m in Sources */,
				181F73BF2089EC2A007986F8 /* NSDate+YJExtension.m in Sources */,
				181F73AA2089EC2A007986F8 /* UIButton+YJCountDown.m in Sources */,
				181F73B22089EC2A007986F8 /* UIDevice+YJExtension.m in Sources */,
				18EC05572068F493006BA806 /* AppDelegate.m in Sources */,
				181F73B82089EC2A007986F8 /* NSString+YJJudge.m in Sources */,
				181F73BA2089EC2A007986F8 /* NSString+YJMIME.m in Sources */,
				181F73A32089EC2A007986F8 /* UIImage+YJOrientation.m in Sources */,
				181F73A62089EC2A007986F8 /* UIWindow+YJExtension.m in Sources */,
				181F73BE2089EC2A007986F8 /* NSAttributedString+YJExtension.m in Sources */,
				181F73B32089EC2A007986F8 /* UIBarButtonItem+YJExtension.m in Sources */,
				181F73A82089EC2A007986F8 /* UIButton+YJBadge.m in Sources */,
				181F739F2089EC2A007986F8 /* UIImage+YJGIF.m in Sources */,
			);
			runOnlyForDeploymentPostprocessing = 0;
		};
		18EC05662068F493006BA806 /* Sources */ = {
			isa = PBXSourcesBuildPhase;
			buildActionMask = 2147483647;
			files = (
				18EC056F2068F493006BA806 /* YJExtensionDemoTests.m in Sources */,
			);
			runOnlyForDeploymentPostprocessing = 0;
		};
		18EC05712068F493006BA806 /* Sources */ = {
			isa = PBXSourcesBuildPhase;
			buildActionMask = 2147483647;
			files = (
				18EC057A2068F493006BA806 /* YJExtensionDemoUITests.m in Sources */,
			);
			runOnlyForDeploymentPostprocessing = 0;
		};
/* End PBXSourcesBuildPhase section */

/* Begin PBXTargetDependency section */
		18EC056C2068F493006BA806 /* PBXTargetDependency */ = {
			isa = PBXTargetDependency;
			target = 18EC05512068F493006BA806 /* YJExtensionDemo */;
			targetProxy = 18EC056B2068F493006BA806 /* PBXContainerItemProxy */;
		};
		18EC05772068F493006BA806 /* PBXTargetDependency */ = {
			isa = PBXTargetDependency;
			target = 18EC05512068F493006BA806 /* YJExtensionDemo */;
			targetProxy = 18EC05762068F493006BA806 /* PBXContainerItemProxy */;
		};
/* End PBXTargetDependency section */

/* Begin PBXVariantGroup section */
		18EC055B2068F493006BA806 /* Main.storyboard */ = {
			isa = PBXVariantGroup;
			children = (
				18EC055C2068F493006BA806 /* Base */,
			);
			name = Main.storyboard;
			sourceTree = "<group>";
		};
		18EC05602068F493006BA806 /* LaunchScreen.storyboard */ = {
			isa = PBXVariantGroup;
			children = (
				18EC05612068F493006BA806 /* Base */,
			);
			name = LaunchScreen.storyboard;
			sourceTree = "<group>";
		};
/* End PBXVariantGroup section */

/* Begin XCBuildConfiguration section */
		18EC057C2068F493006BA806 /* Debug */ = {
			isa = XCBuildConfiguration;
			buildSettings = {
				ALWAYS_SEARCH_USER_PATHS = NO;
				CLANG_ANALYZER_NONNULL = YES;
				CLANG_ANALYZER_NUMBER_OBJECT_CONVERSION = YES_AGGRESSIVE;
				CLANG_CXX_LANGUAGE_STANDARD = "gnu++14";
				CLANG_CXX_LIBRARY = "libc++";
				CLANG_ENABLE_MODULES = YES;
				CLANG_ENABLE_OBJC_ARC = YES;
				CLANG_WARN_BLOCK_CAPTURE_AUTORELEASING = YES;
				CLANG_WARN_BOOL_CONVERSION = YES;
				CLANG_WARN_COMMA = YES;
				CLANG_WARN_CONSTANT_CONVERSION = YES;
				CLANG_WARN_DIRECT_OBJC_ISA_USAGE = YES_ERROR;
				CLANG_WARN_DOCUMENTATION_COMMENTS = YES;
				CLANG_WARN_EMPTY_BODY = YES;
				CLANG_WARN_ENUM_CONVERSION = YES;
				CLANG_WARN_INFINITE_RECURSION = YES;
				CLANG_WARN_INT_CONVERSION = YES;
				CLANG_WARN_NON_LITERAL_NULL_CONVERSION = YES;
				CLANG_WARN_OBJC_LITERAL_CONVERSION = YES;
				CLANG_WARN_OBJC_ROOT_CLASS = YES_ERROR;
				CLANG_WARN_RANGE_LOOP_ANALYSIS = YES;
				CLANG_WARN_STRICT_PROTOTYPES = YES;
				CLANG_WARN_SUSPICIOUS_MOVE = YES;
				CLANG_WARN_UNGUARDED_AVAILABILITY = YES_AGGRESSIVE;
				CLANG_WARN_UNREACHABLE_CODE = YES;
				CLANG_WARN__DUPLICATE_METHOD_MATCH = YES;
				CODE_SIGN_IDENTITY = "iPhone Developer";
				COPY_PHASE_STRIP = NO;
				DEBUG_INFORMATION_FORMAT = dwarf;
				ENABLE_STRICT_OBJC_MSGSEND = YES;
				ENABLE_TESTABILITY = YES;
				GCC_C_LANGUAGE_STANDARD = gnu11;
				GCC_DYNAMIC_NO_PIC = NO;
				GCC_NO_COMMON_BLOCKS = YES;
				GCC_OPTIMIZATION_LEVEL = 0;
				GCC_PREPROCESSOR_DEFINITIONS = (
					"DEBUG=1",
					"$(inherited)",
				);
				GCC_WARN_64_TO_32_BIT_CONVERSION = YES;
				GCC_WARN_ABOUT_RETURN_TYPE = YES_ERROR;
				GCC_WARN_UNDECLARED_SELECTOR = YES;
				GCC_WARN_UNINITIALIZED_AUTOS = YES_AGGRESSIVE;
				GCC_WARN_UNUSED_FUNCTION = YES;
				GCC_WARN_UNUSED_VARIABLE = YES;
				IPHONEOS_DEPLOYMENT_TARGET = 11.2;
				MTL_ENABLE_DEBUG_INFO = YES;
				ONLY_ACTIVE_ARCH = YES;
				SDKROOT = iphoneos;
			};
			name = Debug;
		};
		18EC057D2068F493006BA806 /* Release */ = {
			isa = XCBuildConfiguration;
			buildSettings = {
				ALWAYS_SEARCH_USER_PATHS = NO;
				CLANG_ANALYZER_NONNULL = YES;
				CLANG_ANALYZER_NUMBER_OBJECT_CONVERSION = YES_AGGRESSIVE;
				CLANG_CXX_LANGUAGE_STANDARD = "gnu++14";
				CLANG_CXX_LIBRARY = "libc++";
				CLANG_ENABLE_MODULES = YES;
				CLANG_ENABLE_OBJC_ARC = YES;
				CLANG_WARN_BLOCK_CAPTURE_AUTORELEASING = YES;
				CLANG_WARN_BOOL_CONVERSION = YES;
				CLANG_WARN_COMMA = YES;
				CLANG_WARN_CONSTANT_CONVERSION = YES;
				CLANG_WARN_DIRECT_OBJC_ISA_USAGE = YES_ERROR;
				CLANG_WARN_DOCUMENTATION_COMMENTS = YES;
				CLANG_WARN_EMPTY_BODY = YES;
				CLANG_WARN_ENUM_CONVERSION = YES;
				CLANG_WARN_INFINITE_RECURSION = YES;
				CLANG_WARN_INT_CONVERSION = YES;
				CLANG_WARN_NON_LITERAL_NULL_CONVERSION = YES;
				CLANG_WARN_OBJC_LITERAL_CONVERSION = YES;
				CLANG_WARN_OBJC_ROOT_CLASS = YES_ERROR;
				CLANG_WARN_RANGE_LOOP_ANALYSIS = YES;
				CLANG_WARN_STRICT_PROTOTYPES = YES;
				CLANG_WARN_SUSPICIOUS_MOVE = YES;
				CLANG_WARN_UNGUARDED_AVAILABILITY = YES_AGGRESSIVE;
				CLANG_WARN_UNREACHABLE_CODE = YES;
				CLANG_WARN__DUPLICATE_METHOD_MATCH = YES;
				CODE_SIGN_IDENTITY = "iPhone Developer";
				COPY_PHASE_STRIP = NO;
				DEBUG_INFORMATION_FORMAT = "dwarf-with-dsym";
				ENABLE_NS_ASSERTIONS = NO;
				ENABLE_STRICT_OBJC_MSGSEND = YES;
				GCC_C_LANGUAGE_STANDARD = gnu11;
				GCC_NO_COMMON_BLOCKS = YES;
				GCC_WARN_64_TO_32_BIT_CONVERSION = YES;
				GCC_WARN_ABOUT_RETURN_TYPE = YES_ERROR;
				GCC_WARN_UNDECLARED_SELECTOR = YES;
				GCC_WARN_UNINITIALIZED_AUTOS = YES_AGGRESSIVE;
				GCC_WARN_UNUSED_FUNCTION = YES;
				GCC_WARN_UNUSED_VARIABLE = YES;
				IPHONEOS_DEPLOYMENT_TARGET = 11.2;
				MTL_ENABLE_DEBUG_INFO = NO;
				SDKROOT = iphoneos;
				VALIDATE_PRODUCT = YES;
			};
			name = Release;
		};
		18EC057F2068F493006BA806 /* Debug */ = {
			isa = XCBuildConfiguration;
			buildSettings = {
				ASSETCATALOG_COMPILER_APPICON_NAME = AppIcon;
				CODE_SIGN_STYLE = Automatic;
				INFOPLIST_FILE = YJExtensionDemo/Info.plist;
				LD_RUNPATH_SEARCH_PATHS = "$(inherited) @executable_path/Frameworks";
				PRODUCT_BUNDLE_IDENTIFIER = YJ.YJExtensionDemo;
				PRODUCT_NAME = "$(TARGET_NAME)";
				TARGETED_DEVICE_FAMILY = "1,2";
			};
			name = Debug;
		};
		18EC05802068F493006BA806 /* Release */ = {
			isa = XCBuildConfiguration;
			buildSettings = {
				ASSETCATALOG_COMPILER_APPICON_NAME = AppIcon;
				CODE_SIGN_STYLE = Automatic;
				INFOPLIST_FILE = YJExtensionDemo/Info.plist;
				LD_RUNPATH_SEARCH_PATHS = "$(inherited) @executable_path/Frameworks";
				PRODUCT_BUNDLE_IDENTIFIER = YJ.YJExtensionDemo;
				PRODUCT_NAME = "$(TARGET_NAME)";
				TARGETED_DEVICE_FAMILY = "1,2";
			};
			name = Release;
		};
		18EC05822068F493006BA806 /* Debug */ = {
			isa = XCBuildConfiguration;
			buildSettings = {
				BUNDLE_LOADER = "$(TEST_HOST)";
				CODE_SIGN_STYLE = Automatic;
				INFOPLIST_FILE = YJExtensionDemoTests/Info.plist;
				LD_RUNPATH_SEARCH_PATHS = "$(inherited) @executable_path/Frameworks @loader_path/Frameworks";
				PRODUCT_BUNDLE_IDENTIFIER = YJ.YJExtensionDemoTests;
				PRODUCT_NAME = "$(TARGET_NAME)";
				TARGETED_DEVICE_FAMILY = "1,2";
				TEST_HOST = "$(BUILT_PRODUCTS_DIR)/YJExtensionDemo.app/YJExtensionDemo";
			};
			name = Debug;
		};
		18EC05832068F493006BA806 /* Release */ = {
			isa = XCBuildConfiguration;
			buildSettings = {
				BUNDLE_LOADER = "$(TEST_HOST)";
				CODE_SIGN_STYLE = Automatic;
				INFOPLIST_FILE = YJExtensionDemoTests/Info.plist;
				LD_RUNPATH_SEARCH_PATHS = "$(inherited) @executable_path/Frameworks @loader_path/Frameworks";
				PRODUCT_BUNDLE_IDENTIFIER = YJ.YJExtensionDemoTests;
				PRODUCT_NAME = "$(TARGET_NAME)";
				TARGETED_DEVICE_FAMILY = "1,2";
				TEST_HOST = "$(BUILT_PRODUCTS_DIR)/YJExtensionDemo.app/YJExtensionDemo";
			};
			name = Release;
		};
		18EC05852068F493006BA806 /* Debug */ = {
			isa = XCBuildConfiguration;
			buildSettings = {
				CODE_SIGN_STYLE = Automatic;
				INFOPLIST_FILE = YJExtensionDemoUITests/Info.plist;
				LD_RUNPATH_SEARCH_PATHS = "$(inherited) @executable_path/Frameworks @loader_path/Frameworks";
				PRODUCT_BUNDLE_IDENTIFIER = YJ.YJExtensionDemoUITests;
				PRODUCT_NAME = "$(TARGET_NAME)";
				TARGETED_DEVICE_FAMILY = "1,2";
				TEST_TARGET_NAME = YJExtensionDemo;
			};
			name = Debug;
		};
		18EC05862068F493006BA806 /* Release */ = {
			isa = XCBuildConfiguration;
			buildSettings = {
				CODE_SIGN_STYLE = Automatic;
				INFOPLIST_FILE = YJExtensionDemoUITests/Info.plist;
				LD_RUNPATH_SEARCH_PATHS = "$(inherited) @executable_path/Frameworks @loader_path/Frameworks";
				PRODUCT_BUNDLE_IDENTIFIER = YJ.YJExtensionDemoUITests;
				PRODUCT_NAME = "$(TARGET_NAME)";
				TARGETED_DEVICE_FAMILY = "1,2";
				TEST_TARGET_NAME = YJExtensionDemo;
			};
			name = Release;
		};
/* End XCBuildConfiguration section */

/* Begin XCConfigurationList section */
		18EC054D2068F493006BA806 /* Build configuration list for PBXProject "YJExtensionDemo" */ = {
			isa = XCConfigurationList;
			buildConfigurations = (
				18EC057C2068F493006BA806 /* Debug */,
				18EC057D2068F493006BA806 /* Release */,
			);
			defaultConfigurationIsVisible = 0;
			defaultConfigurationName = Release;
		};
		18EC057E2068F493006BA806 /* Build configuration list for PBXNativeTarget "YJExtensionDemo" */ = {
			isa = XCConfigurationList;
			buildConfigurations = (
				18EC057F2068F493006BA806 /* Debug */,
				18EC05802068F493006BA806 /* Release */,
			);
			defaultConfigurationIsVisible = 0;
			defaultConfigurationName = Release;
		};
		18EC05812068F493006BA806 /* Build configuration list for PBXNativeTarget "YJExtensionDemoTests" */ = {
			isa = XCConfigurationList;
			buildConfigurations = (
				18EC05822068F493006BA806 /* Debug */,
				18EC05832068F493006BA806 /* Release */,
			);
			defaultConfigurationIsVisible = 0;
			defaultConfigurationName = Release;
		};
		18EC05842068F493006BA806 /* Build configuration list for PBXNativeTarget "YJExtensionDemoUITests" */ = {
			isa = XCConfigurationList;
			buildConfigurations = (
				18EC05852068F493006BA806 /* Debug */,
				18EC05862068F493006BA806 /* Release */,
			);
			defaultConfigurationIsVisible = 0;
			defaultConfigurationName = Release;
		};
/* End XCConfigurationList section */
	};
	rootObject = 18EC054A2068F493006BA806 /* Project object */;
}
