// !$*UTF8*$!
{
	archiveVersion = 1;
	classes = {
	};
	objectVersion = 48;
	objects = {

/* Begin PBXBuildFile section */
		1865415720BF9F82007D9F26 /* DataViewController.m in Sources */ = {isa = PBXBuildFile; fileRef = 1865415520BF9F82007D9F26 /* DataViewController.m */; };
		1865415820BF9F82007D9F26 /* DataViewController.xib in Resources */ = {isa = PBXBuildFile; fileRef = 1865415620BF9F82007D9F26 /* DataViewController.xib */; };
		18B6AD7E20C92BAE00AB023A /* UIImage+YJSize.m in Sources */ = {isa = PBXBuildFile; fileRef = 18B6AD2E20C92BAE00AB023A /* UIImage+YJSize.m */; };
		18B6AD7F20C92BAE00AB023A /* UIImage+YJGIF.m in Sources */ = {isa = PBXBuildFile; fileRef = 18B6AD2F20C92BAE00AB023A /* UIImage+YJGIF.m */; };
		18B6AD8020C92BAE00AB023A /* UIImage+YJAlpha.m in Sources */ = {isa = PBXBuildFile; fileRef = 18B6AD3020C92BAE00AB023A /* UIImage+YJAlpha.m */; };
		18B6AD8120C92BAE00AB023A /* UIImage+YJColor.m in Sources */ = {isa = PBXBuildFile; fileRef = 18B6AD3120C92BAE00AB023A /* UIImage+YJColor.m */; };
		18B6AD8220C92BAE00AB023A /* UIImage+YJCompress.m in Sources */ = {isa = PBXBuildFile; fileRef = 18B6AD3220C92BAE00AB023A /* UIImage+YJCompress.m */; };
		18B6AD8320C92BAE00AB023A /* UIImage+YJOrientation.m in Sources */ = {isa = PBXBuildFile; fileRef = 18B6AD3320C92BAE00AB023A /* UIImage+YJOrientation.m */; };
		18B6AD8420C92BAE00AB023A /* UIImage+YJWatermark.m in Sources */ = {isa = PBXBuildFile; fileRef = 18B6AD3420C92BAE00AB023A /* UIImage+YJWatermark.m */; };
		18B6AD8520C92BAE00AB023A /* UIImage+YJExtension.m in Sources */ = {isa = PBXBuildFile; fileRef = 18B6AD3520C92BAE00AB023A /* UIImage+YJExtension.m */; };
		18B6AD8620C92BAE00AB023A /* UIWindow+YJExtension.m in Sources */ = {isa = PBXBuildFile; fileRef = 18B6AD3720C92BAE00AB023A /* UIWindow+YJExtension.m */; };
		18B6AD8720C92BAE00AB023A /* UILabel+YJExtension.m in Sources */ = {isa = PBXBuildFile; fileRef = 18B6AD3D20C92BAE00AB023A /* UILabel+YJExtension.m */; };
		18B6AD8820C92BAE00AB023A /* UILabel+YJSpace.m in Sources */ = {isa = PBXBuildFile; fileRef = 18B6AD3E20C92BAE00AB023A /* UILabel+YJSpace.m */; };
		18B6AD8920C92BAE00AB023A /* UILabel+YJAutomaticWriting.m in Sources */ = {isa = PBXBuildFile; fileRef = 18B6AD3F20C92BAE00AB023A /* UILabel+YJAutomaticWriting.m */; };
		18B6AD8A20C92BAE00AB023A /* UIApplication+YJExtension.m in Sources */ = {isa = PBXBuildFile; fileRef = 18B6AD4120C92BAE00AB023A /* UIApplication+YJExtension.m */; };
		18B6AD8B20C92BAE00AB023A /* UIResponder+YJUpdate.m in Sources */ = {isa = PBXBuildFile; fileRef = 18B6AD4420C92BAE00AB023A /* UIResponder+YJUpdate.m */; };
		18B6AD8C20C92BAE00AB023A /* UIButton+YJBadge.m in Sources */ = {isa = PBXBuildFile; fileRef = 18B6AD4720C92BAE00AB023A /* UIButton+YJBadge.m */; };
		18B6AD8D20C92BAE00AB023A /* UIButton+YJEnlargeEdge.m in Sources */ = {isa = PBXBuildFile; fileRef = 18B6AD4920C92BAE00AB023A /* UIButton+YJEnlargeEdge.m */; };
		18B6AD8E20C92BAE00AB023A /* UIButton+YJCountDown.m in Sources */ = {isa = PBXBuildFile; fileRef = 18B6AD4B20C92BAE00AB023A /* UIButton+YJCountDown.m */; };
		18B6AD8F20C92BAE00AB023A /* UIButton+YJImagePosition.m in Sources */ = {isa = PBXBuildFile; fileRef = 18B6AD4E20C92BAE00AB023A /* UIButton+YJImagePosition.m */; };
		18B6AD9020C92BAE00AB023A /* UIButton+YJSubmitting.m in Sources */ = {isa = PBXBuildFile; fileRef = 18B6AD5020C92BAE00AB023A /* UIButton+YJSubmitting.m */; };
		18B6AD9120C92BAE00AB023A /* UIColor+YJExtension.m in Sources */ = {isa = PBXBuildFile; fileRef = 18B6AD5320C92BAE00AB023A /* UIColor+YJExtension.m */; };
		18B6AD9220C92BAE00AB023A /* UIWebView+YJExtension.m in Sources */ = {isa = PBXBuildFile; fileRef = 18B6AD5620C92BAE00AB023A /* UIWebView+YJExtension.m */; };
		18B6AD9320C92BAE00AB023A /* UIWebView+YJSwipeGesture.m in Sources */ = {isa = PBXBuildFile; fileRef = 18B6AD5720C92BAE00AB023A /* UIWebView+YJSwipeGesture.m */; };
		18B6AD9420C92BAE00AB023A /* UIView+YJExtension.m in Sources */ = {isa = PBXBuildFile; fileRef = 18B6AD5A20C92BAE00AB023A /* UIView+YJExtension.m */; };
		18B6AD9520C92BAE00AB023A /* UIView+YJFrame.m in Sources */ = {isa = PBXBuildFile; fileRef = 18B6AD5B20C92BAE00AB023A /* UIView+YJFrame.m */; };
		18B6AD9620C92BAE00AB023A /* UIView+YJGestureRecognizer.m in Sources */ = {isa = PBXBuildFile; fileRef = 18B6AD6020C92BAE00AB023A /* UIView+YJGestureRecognizer.m */; };
		18B6AD9720C92BAE00AB023A /* UIView+YJNib.m in Sources */ = {isa = PBXBuildFile; fileRef = 18B6AD6120C92BAE00AB023A /* UIView+YJNib.m */; };
		18B6AD9820C92BAE00AB023A /* UITextView+YJExtension.m in Sources */ = {isa = PBXBuildFile; fileRef = 18B6AD6420C92BAE00AB023A /* UITextView+YJExtension.m */; };
		18B6AD9920C92BAE00AB023A /* UITextView+YJPlaceHolder.m in Sources */ = {isa = PBXBuildFile; fileRef = 18B6AD6520C92BAE00AB023A /* UITextView+YJPlaceHolder.m */; };
		18B6AD9A20C92BAE00AB023A /* UIDevice+YJExtension.m in Sources */ = {isa = PBXBuildFile; fileRef = 18B6AD6820C92BAE00AB023A /* UIDevice+YJExtension.m */; };
		18B6AD9B20C92BAE00AB023A /* UIBarButtonItem+YJExtension.m in Sources */ = {isa = PBXBuildFile; fileRef = 18B6AD6B20C92BAE00AB023A /* UIBarButtonItem+YJExtension.m */; };
		18B6AD9C20C92BAE00AB023A /* UIBarButtonItem+YJBadge.m in Sources */ = {isa = PBXBuildFile; fileRef = 18B6AD6E20C92BAE00AB023A /* UIBarButtonItem+YJBadge.m */; };
		18B6AD9D20C92BAE00AB023A /* UIImageView+YJExtension.m in Sources */ = {isa = PBXBuildFile; fileRef = 18B6AD7020C92BAE00AB023A /* UIImageView+YJExtension.m */; };
		18B6AD9E20C92BAE00AB023A /* UINavigationController+YJStackManager.m in Sources */ = {isa = PBXBuildFile; fileRef = 18B6AD7420C92BAE00AB023A /* UINavigationController+YJStackManager.m */; };
		18B6AD9F20C92BAE00AB023A /* UINavigationController+YJExtension.m in Sources */ = {isa = PBXBuildFile; fileRef = 18B6AD7520C92BAE00AB023A /* UINavigationController+YJExtension.m */; };
		18B6ADA020C92BAE00AB023A /* UIControl+YJExtension.m in Sources */ = {isa = PBXBuildFile; fileRef = 18B6AD7920C92BAE00AB023A /* UIControl+YJExtension.m */; };
		18B6ADA120C92BAE00AB023A /* UITextField+YJExtension.m in Sources */ = {isa = PBXBuildFile; fileRef = 18B6AD7C20C92BAE00AB023A /* UITextField+YJExtension.m */; };
		18B6ADC020C92BE100AB023A /* NSDictionary+YJExtension.m in Sources */ = {isa = PBXBuildFile; fileRef = 18B6ADA520C92BE100AB023A /* NSDictionary+YJExtension.m */; };
		18B6ADC120C92BE100AB023A /* NSData+YJExtension.m in Sources */ = {isa = PBXBuildFile; fileRef = 18B6ADA920C92BE100AB023A /* NSData+YJExtension.m */; };
		18B6ADC220C92BE100AB023A /* NSString+YJEmoji.m in Sources */ = {isa = PBXBuildFile; fileRef = 18B6ADAB20C92BE100AB023A /* NSString+YJEmoji.m */; };
		18B6ADC320C92BE100AB023A /* NSString+YJHash.m in Sources */ = {isa = PBXBuildFile; fileRef = 18B6ADAC20C92BE100AB023A /* NSString+YJHash.m */; };
		18B6ADC420C92BE100AB023A /* NSString+YJExtension.m in Sources */ = {isa = PBXBuildFile; fileRef = 18B6ADAE20C92BE100AB023A /* NSString+YJExtension.m */; };
		18B6ADC520C92BE100AB023A /* NSString+YJJudge.m in Sources */ = {isa = PBXBuildFile; fileRef = 18B6ADB020C92BE100AB023A /* NSString+YJJudge.m */; };
		18B6ADC620C92BE100AB023A /* NSString+YJProject.m in Sources */ = {isa = PBXBuildFile; fileRef = 18B6ADB320C92BE100AB023A /* NSString+YJProject.m */; };
		18B6ADC720C92BE100AB023A /* NSString+YJMIME.m in Sources */ = {isa = PBXBuildFile; fileRef = 18B6ADB620C92BE100AB023A /* NSString+YJMIME.m */; };
		18B6ADC820C92BE100AB023A /* NSArray+YJExtension.m in Sources */ = {isa = PBXBuildFile; fileRef = 18B6ADB820C92BE100AB023A /* NSArray+YJExtension.m */; };
		18B6ADC920C92BE100AB023A /* NSAttributedString+YJExtension.m in Sources */ = {isa = PBXBuildFile; fileRef = 18B6ADBC20C92BE100AB023A /* NSAttributedString+YJExtension.m */; };
		18B6ADCA20C92BE100AB023A /* NSDate+YJExtension.m in Sources */ = {isa = PBXBuildFile; fileRef = 18B6ADBF20C92BE100AB023A /* NSDate+YJExtension.m */; };
		18B6ADCE20C92C9A00AB023A /* UIImageView+YJReflect.m in Sources */ = {isa = PBXBuildFile; fileRef = 18B6ADCD20C92C9A00AB023A /* UIImageView+YJReflect.m */; };
		18B6ADD120C92CF600AB023A /* UITextField+YJInputLimit.m in Sources */ = {isa = PBXBuildFile; fileRef = 18B6ADD020C92CF600AB023A /* UITextField+YJInputLimit.m */; };
		18B6ADD420C92D2E00AB023A /* UITextField+YJSelect.m in Sources */ = {isa = PBXBuildFile; fileRef = 18B6ADD320C92D2E00AB023A /* UITextField+YJSelect.m */; };
		18EC05572068F493006BA806 /* AppDelegate.m in Sources */ = {isa = PBXBuildFile; fileRef = 18EC05562068F493006BA806 /* AppDelegate.m */; };
		18EC055A2068F493006BA806 /* ViewController.m in Sources */ = {isa = PBXBuildFile; fileRef = 18EC05592068F493006BA806 /* ViewController.m */; };
		18EC055D2068F493006BA806 /* Main.storyboard in Resources */ = {isa = PBXBuildFile; fileRef = 18EC055B2068F493006BA806 /* Main.storyboard */; };
		18EC055F2068F493006BA806 /* Assets.xcassets in Resources */ = {isa = PBXBuildFile; fileRef = 18EC055E2068F493006BA806 /* Assets.xcassets */; };
		18EC05622068F493006BA806 /* LaunchScreen.storyboard in Resources */ = {isa = PBXBuildFile; fileRef = 18EC05602068F493006BA806 /* LaunchScreen.storyboard */; };
		18EC05652068F493006BA806 /* main.m in Sources */ = {isa = PBXBuildFile; fileRef = 18EC05642068F493006BA806 /* main.m */; };
		18EC056F2068F493006BA806 /* YJExtensionDemoTests.m in Sources */ = {isa = PBXBuildFile; fileRef = 18EC056E2068F493006BA806 /* YJExtensionDemoTests.m */; };
		18EC057A2068F493006BA806 /* YJExtensionDemoUITests.m in Sources */ = {isa = PBXBuildFile; fileRef = 18EC05792068F493006BA806 /* YJExtensionDemoUITests.m */; };
/* End PBXBuildFile section */

/* Begin PBXContainerItemProxy section */
		18EC056B2068F493006BA806 /* PBXContainerItemProxy */ = {
			isa = PBXContainerItemProxy;
			containerPortal = 18EC054A2068F493006BA806 /* Project object */;
			proxyType = 1;
			remoteGlobalIDString = 18EC05512068F493006BA806;
			remoteInfo = YJExtensionDemo;
		};
		18EC05762068F493006BA806 /* PBXContainerItemProxy */ = {
			isa = PBXContainerItemProxy;
			containerPortal = 18EC054A2068F493006BA806 /* Project object */;
			proxyType = 1;
			remoteGlobalIDString = 18EC05512068F493006BA806;
			remoteInfo = YJExtensionDemo;
		};
/* End PBXContainerItemProxy section */

/* Begin PBXFileReference section */
		181F73942089EC2A007986F8 /* YJExtension.h */ = {isa = PBXFileReference; fileEncoding = 4; lastKnownFileType = sourcecode.c.h; path = YJExtension.h; sourceTree = "<group>"; };
		1865415420BF9F82007D9F26 /* DataViewController.h */ = {isa = PBXFileReference; lastKnownFileType = sourcecode.c.h; path = DataViewController.h; sourceTree = "<group>"; };
		1865415520BF9F82007D9F26 /* DataViewController.m */ = {isa = PBXFileReference; lastKnownFileType = sourcecode.c.objc; path = DataViewController.m; sourceTree = "<group>"; };
		1865415620BF9F82007D9F26 /* DataViewController.xib */ = {isa = PBXFileReference; lastKnownFileType = file.xib; path = DataViewController.xib; sourceTree = "<group>"; };
		18B6AD2620C92BAE00AB023A /* UIImage+YJAlpha.h */ = {isa = PBXFileReference; fileEncoding = 4; lastKnownFileType = sourcecode.c.h; path = "UIImage+YJAlpha.h"; sourceTree = "<group>"; };
		18B6AD2720C92BAE00AB023A /* UIImage+YJSize.h */ = {isa = PBXFileReference; fileEncoding = 4; lastKnownFileType = sourcecode.c.h; path = "UIImage+YJSize.h"; sourceTree = "<group>"; };
		18B6AD2820C92BAE00AB023A /* UIImage+YJGIF.h */ = {isa = PBXFileReference; fileEncoding = 4; lastKnownFileType = sourcecode.c.h; path = "UIImage+YJGIF.h"; sourceTree = "<group>"; };
		18B6AD2920C92BAE00AB023A /* UIImage+YJColor.h */ = {isa = PBXFileReference; fileEncoding = 4; lastKnownFileType = sourcecode.c.h; path = "UIImage+YJColor.h"; sourceTree = "<group>"; };
		18B6AD2A20C92BAE00AB023A /* UIImage+YJCompress.h */ = {isa = PBXFileReference; fileEncoding = 4; lastKnownFileType = sourcecode.c.h; path = "UIImage+YJCompress.h"; sourceTree = "<group>"; };
		18B6AD2B20C92BAE00AB023A /* UIImage+YJExtension.h */ = {isa = PBXFileReference; fileEncoding = 4; lastKnownFileType = sourcecode.c.h; path = "UIImage+YJExtension.h"; sourceTree = "<group>"; };
		18B6AD2C20C92BAE00AB023A /* UIImage+YJWatermark.h */ = {isa = PBXFileReference; fileEncoding = 4; lastKnownFileType = sourcecode.c.h; path = "UIImage+YJWatermark.h"; sourceTree = "<group>"; };
		18B6AD2D20C92BAE00AB023A /* UIImage+YJOrientation.h */ = {isa = PBXFileReference; fileEncoding = 4; lastKnownFileType = sourcecode.c.h; path = "UIImage+YJOrientation.h"; sourceTree = "<group>"; };
		18B6AD2E20C92BAE00AB023A /* UIImage+YJSize.m */ = {isa = PBXFileReference; fileEncoding = 4; lastKnownFileType = sourcecode.c.objc; path = "UIImage+YJSize.m"; sourceTree = "<group>"; };
		18B6AD2F20C92BAE00AB023A /* UIImage+YJGIF.m */ = {isa = PBXFileReference; fileEncoding = 4; lastKnownFileType = sourcecode.c.objc; path = "UIImage+YJGIF.m"; sourceTree = "<group>"; };
		18B6AD3020C92BAE00AB023A /* UIImage+YJAlpha.m */ = {isa = PBXFileReference; fileEncoding = 4; lastKnownFileType = sourcecode.c.objc; path = "UIImage+YJAlpha.m"; sourceTree = "<group>"; };
		18B6AD3120C92BAE00AB023A /* UIImage+YJColor.m */ = {isa = PBXFileReference; fileEncoding = 4; lastKnownFileType = sourcecode.c.objc; path = "UIImage+YJColor.m"; sourceTree = "<group>"; };
		18B6AD3220C92BAE00AB023A /* UIImage+YJCompress.m */ = {isa = PBXFileReference; fileEncoding = 4; lastKnownFileType = sourcecode.c.objc; path = "UIImage+YJCompress.m"; sourceTree = "<group>"; };
		18B6AD3320C92BAE00AB023A /* UIImage+YJOrientation.m */ = {isa = PBXFileReference; fileEncoding = 4; lastKnownFileType = sourcecode.c.objc; path = "UIImage+YJOrientation.m"; sourceTree = "<group>"; };
		18B6AD3420C92BAE00AB023A /* UIImage+YJWatermark.m */ = {isa = PBXFileReference; fileEncoding = 4; lastKnownFileType = sourcecode.c.objc; path = "UIImage+YJWatermark.m"; sourceTree = "<group>"; };
		18B6AD3520C92BAE00AB023A /* UIImage+YJExtension.m */ = {isa = PBXFileReference; fileEncoding = 4; lastKnownFileType = sourcecode.c.objc; path = "UIImage+YJExtension.m"; sourceTree = "<group>"; };
		18B6AD3720C92BAE00AB023A /* UIWindow+YJExtension.m */ = {isa = PBXFileReference; fileEncoding = 4; lastKnownFileType = sourcecode.c.objc; path = "UIWindow+YJExtension.m"; sourceTree = "<group>"; };
		18B6AD3820C92BAE00AB023A /* UIWindow+YJExtension.h */ = {isa = PBXFileReference; fileEncoding = 4; lastKnownFileType = sourcecode.c.h; path = "UIWindow+YJExtension.h"; sourceTree = "<group>"; };
		18B6AD3A20C92BAE00AB023A /* UILabel+YJExtension.h */ = {isa = PBXFileReference; fileEncoding = 4; lastKnownFileType = sourcecode.c.h; path = "UILabel+YJExtension.h"; sourceTree = "<group>"; };
		18B6AD3B20C92BAE00AB023A /* UILabel+YJSpace.h */ = {isa = PBXFileReference; fileEncoding = 4; lastKnownFileType = sourcecode.c.h; path = "UILabel+YJSpace.h"; sourceTree = "<group>"; };
		18B6AD3C20C92BAE00AB023A /* UILabel+YJAutomaticWriting.h */ = {isa = PBXFileReference; fileEncoding = 4; lastKnownFileType = sourcecode.c.h; path = "UILabel+YJAutomaticWriting.h"; sourceTree = "<group>"; };
		18B6AD3D20C92BAE00AB023A /* UILabel+YJExtension.m */ = {isa = PBXFileReference; fileEncoding = 4; lastKnownFileType = sourcecode.c.objc; path = "UILabel+YJExtension.m"; sourceTree = "<group>"; };
		18B6AD3E20C92BAE00AB023A /* UILabel+YJSpace.m */ = {isa = PBXFileReference; fileEncoding = 4; lastKnownFileType = sourcecode.c.objc; path = "UILabel+YJSpace.m"; sourceTree = "<group>"; };
		18B6AD3F20C92BAE00AB023A /* UILabel+YJAutomaticWriting.m */ = {isa = PBXFileReference; fileEncoding = 4; lastKnownFileType = sourcecode.c.objc; path = "UILabel+YJAutomaticWriting.m"; sourceTree = "<group>"; };
		18B6AD4120C92BAE00AB023A /* UIApplication+YJExtension.m */ = {isa = PBXFileReference; fileEncoding = 4; lastKnownFileType = sourcecode.c.objc; path = "UIApplication+YJExtension.m"; sourceTree = "<group>"; };
		18B6AD4220C92BAE00AB023A /* UIApplication+YJExtension.h */ = {isa = PBXFileReference; fileEncoding = 4; lastKnownFileType = sourcecode.c.h; path = "UIApplication+YJExtension.h"; sourceTree = "<group>"; };
		18B6AD4420C92BAE00AB023A /* UIResponder+YJUpdate.m */ = {isa = PBXFileReference; fileEncoding = 4; lastKnownFileType = sourcecode.c.objc; path = "UIResponder+YJUpdate.m"; sourceTree = "<group>"; };
		18B6AD4520C92BAE00AB023A /* UIResponder+YJUpdate.h */ = {isa = PBXFileReference; fileEncoding = 4; lastKnownFileType = sourcecode.c.h; path = "UIResponder+YJUpdate.h"; sourceTree = "<group>"; };
		18B6AD4720C92BAE00AB023A /* UIButton+YJBadge.m */ = {isa = PBXFileReference; fileEncoding = 4; lastKnownFileType = sourcecode.c.objc; path = "UIButton+YJBadge.m"; sourceTree = "<group>"; };
		18B6AD4820C92BAE00AB023A /* UIButton+YJImagePosition.h */ = {isa = PBXFileReference; fileEncoding = 4; lastKnownFileType = sourcecode.c.h; path = "UIButton+YJImagePosition.h"; sourceTree = "<group>"; };
		18B6AD4920C92BAE00AB023A /* UIButton+YJEnlargeEdge.m */ = {isa = PBXFileReference; fileEncoding = 4; lastKnownFileType = sourcecode.c.objc; path = "UIButton+YJEnlargeEdge.m"; sourceTree = "<group>"; };
		18B6AD4A20C92BAE00AB023A /* UIButton+YJSubmitting.h */ = {isa = PBXFileReference; fileEncoding = 4; lastKnownFileType = sourcecode.c.h; path = "UIButton+YJSubmitting.h"; sourceTree = "<group>"; };
		18B6AD4B20C92BAE00AB023A /* UIButton+YJCountDown.m */ = {isa = PBXFileReference; fileEncoding = 4; lastKnownFileType = sourcecode.c.objc; path = "UIButton+YJCountDown.m"; sourceTree = "<group>"; };
		18B6AD4C20C92BAE00AB023A /* UIButton+YJBadge.h */ = {isa = PBXFileReference; fileEncoding = 4; lastKnownFileType = sourcecode.c.h; path = "UIButton+YJBadge.h"; sourceTree = "<group>"; };
		18B6AD4D20C92BAE00AB023A /* UIButton+YJEnlargeEdge.h */ = {isa = PBXFileReference; fileEncoding = 4; lastKnownFileType = sourcecode.c.h; path = "UIButton+YJEnlargeEdge.h"; sourceTree = "<group>"; };
		18B6AD4E20C92BAE00AB023A /* UIButton+YJImagePosition.m */ = {isa = PBXFileReference; fileEncoding = 4; lastKnownFileType = sourcecode.c.objc; path = "UIButton+YJImagePosition.m"; sourceTree = "<group>"; };
		18B6AD4F20C92BAE00AB023A /* UIButton+YJCountDown.h */ = {isa = PBXFileReference; fileEncoding = 4; lastKnownFileType = sourcecode.c.h; path = "UIButton+YJCountDown.h"; sourceTree = "<group>"; };
		18B6AD5020C92BAE00AB023A /* UIButton+YJSubmitting.m */ = {isa = PBXFileReference; fileEncoding = 4; lastKnownFileType = sourcecode.c.objc; path = "UIButton+YJSubmitting.m"; sourceTree = "<group>"; };
		18B6AD5220C92BAE00AB023A /* UIColor+YJExtension.h */ = {isa = PBXFileReference; fileEncoding = 4; lastKnownFileType = sourcecode.c.h; path = "UIColor+YJExtension.h"; sourceTree = "<group>"; };
		18B6AD5320C92BAE00AB023A /* UIColor+YJExtension.m */ = {isa = PBXFileReference; fileEncoding = 4; lastKnownFileType = sourcecode.c.objc; path = "UIColor+YJExtension.m"; sourceTree = "<group>"; };
		18B6AD5520C92BAE00AB023A /* UIWebView+YJSwipeGesture.h */ = {isa = PBXFileReference; fileEncoding = 4; lastKnownFileType = sourcecode.c.h; path = "UIWebView+YJSwipeGesture.h"; sourceTree = "<group>"; };
		18B6AD5620C92BAE00AB023A /* UIWebView+YJExtension.m */ = {isa = PBXFileReference; fileEncoding = 4; lastKnownFileType = sourcecode.c.objc; path = "UIWebView+YJExtension.m"; sourceTree = "<group>"; };
		18B6AD5720C92BAE00AB023A /* UIWebView+YJSwipeGesture.m */ = {isa = PBXFileReference; fileEncoding = 4; lastKnownFileType = sourcecode.c.objc; path = "UIWebView+YJSwipeGesture.m"; sourceTree = "<group>"; };
		18B6AD5820C92BAE00AB023A /* UIWebView+YJExtension.h */ = {isa = PBXFileReference; fileEncoding = 4; lastKnownFileType = sourcecode.c.h; path = "UIWebView+YJExtension.h"; sourceTree = "<group>"; };
		18B6AD5A20C92BAE00AB023A /* UIView+YJExtension.m */ = {isa = PBXFileReference; fileEncoding = 4; lastKnownFileType = sourcecode.c.objc; path = "UIView+YJExtension.m"; sourceTree = "<group>"; };
		18B6AD5B20C92BAE00AB023A /* UIView+YJFrame.m */ = {isa = PBXFileReference; fileEncoding = 4; lastKnownFileType = sourcecode.c.objc; path = "UIView+YJFrame.m"; sourceTree = "<group>"; };
		18B6AD5C20C92BAE00AB023A /* UIView+YJNib.h */ = {isa = PBXFileReference; fileEncoding = 4; lastKnownFileType = sourcecode.c.h; path = "UIView+YJNib.h"; sourceTree = "<group>"; };
		18B6AD5D20C92BAE00AB023A /* UIView+YJGestureRecognizer.h */ = {isa = PBXFileReference; fileEncoding = 4; lastKnownFileType = sourcecode.c.h; path = "UIView+YJGestureRecognizer.h"; sourceTree = "<group>"; };
		18B6AD5E20C92BAE00AB023A /* UIView+YJExtension.h */ = {isa = PBXFileReference; fileEncoding = 4; lastKnownFileType = sourcecode.c.h; path = "UIView+YJExtension.h"; sourceTree = "<group>"; };
		18B6AD5F20C92BAE00AB023A /* UIView+YJFrame.h */ = {isa = PBXFileReference; fileEncoding = 4; lastKnownFileType = sourcecode.c.h; path = "UIView+YJFrame.h"; sourceTree = "<group>"; };
		18B6AD6020C92BAE00AB023A /* UIView+YJGestureRecognizer.m */ = {isa = PBXFileReference; fileEncoding = 4; lastKnownFileType = sourcecode.c.objc; path = "UIView+YJGestureRecognizer.m"; sourceTree = "<group>"; };
		18B6AD6120C92BAE00AB023A /* UIView+YJNib.m */ = {isa = PBXFileReference; fileEncoding = 4; lastKnownFileType = sourcecode.c.objc; path = "UIView+YJNib.m"; sourceTree = "<group>"; };
		18B6AD6320C92BAE00AB023A /* UITextView+YJPlaceHolder.h */ = {isa = PBXFileReference; fileEncoding = 4; lastKnownFileType = sourcecode.c.h; path = "UITextView+YJPlaceHolder.h"; sourceTree = "<group>"; };
		18B6AD6420C92BAE00AB023A /* UITextView+YJExtension.m */ = {isa = PBXFileReference; fileEncoding = 4; lastKnownFileType = sourcecode.c.objc; path = "UITextView+YJExtension.m"; sourceTree = "<group>"; };
		18B6AD6520C92BAE00AB023A /* UITextView+YJPlaceHolder.m */ = {isa = PBXFileReference; fileEncoding = 4; lastKnownFileType = sourcecode.c.objc; path = "UITextView+YJPlaceHolder.m"; sourceTree = "<group>"; };
		18B6AD6620C92BAE00AB023A /* UITextView+YJExtension.h */ = {isa = PBXFileReference; fileEncoding = 4; lastKnownFileType = sourcecode.c.h; path = "UITextView+YJExtension.h"; sourceTree = "<group>"; };
		18B6AD6820C92BAE00AB023A /* UIDevice+YJExtension.m */ = {isa = PBXFileReference; fileEncoding = 4; lastKnownFileType = sourcecode.c.objc; path = "UIDevice+YJExtension.m"; sourceTree = "<group>"; };
		18B6AD6920C92BAE00AB023A /* UIDevice+YJExtension.h */ = {isa = PBXFileReference; fileEncoding = 4; lastKnownFileType = sourcecode.c.h; path = "UIDevice+YJExtension.h"; sourceTree = "<group>"; };
		18B6AD6B20C92BAE00AB023A /* UIBarButtonItem+YJExtension.m */ = {isa = PBXFileReference; fileEncoding = 4; lastKnownFileType = sourcecode.c.objc; path = "UIBarButtonItem+YJExtension.m"; sourceTree = "<group>"; };
		18B6AD6C20C92BAE00AB023A /* UIBarButtonItem+YJBadge.h */ = {isa = PBXFileReference; fileEncoding = 4; lastKnownFileType = sourcecode.c.h; path = "UIBarButtonItem+YJBadge.h"; sourceTree = "<group>"; };
		18B6AD6D20C92BAE00AB023A /* UIBarButtonItem+YJExtension.h */ = {isa = PBXFileReference; fileEncoding = 4; lastKnownFileType = sourcecode.c.h; path = "UIBarButtonItem+YJExtension.h"; sourceTree = "<group>"; };
		18B6AD6E20C92BAE00AB023A /* UIBarButtonItem+YJBadge.m */ = {isa = PBXFileReference; fileEncoding = 4; lastKnownFileType = sourcecode.c.objc; path = "UIBarButtonItem+YJBadge.m"; sourceTree = "<group>"; };
		18B6AD7020C92BAE00AB023A /* UIImageView+YJExtension.m */ = {isa = PBXFileReference; fileEncoding = 4; lastKnownFileType = sourcecode.c.objc; path = "UIImageView+YJExtension.m"; sourceTree = "<group>"; };
		18B6AD7120C92BAE00AB023A /* UIImageView+YJExtension.h */ = {isa = PBXFileReference; fileEncoding = 4; lastKnownFileType = sourcecode.c.h; path = "UIImageView+YJExtension.h"; sourceTree = "<group>"; };
		18B6AD7320C92BAE00AB023A /* UINavigationController+YJExtension.h */ = {isa = PBXFileReference; fileEncoding = 4; lastKnownFileType = sourcecode.c.h; path = "UINavigationController+YJExtension.h"; sourceTree = "<group>"; };
		18B6AD7420C92BAE00AB023A /* UINavigationController+YJStackManager.m */ = {isa = PBXFileReference; fileEncoding = 4; lastKnownFileType = sourcecode.c.objc; path = "UINavigationController+YJStackManager.m"; sourceTree = "<group>"; };
		18B6AD7520C92BAE00AB023A /* UINavigationController+YJExtension.m */ = {isa = PBXFileReference; fileEncoding = 4; lastKnownFileType = sourcecode.c.objc; path = "UINavigationController+YJExtension.m"; sourceTree = "<group>"; };
		18B6AD7620C92BAE00AB023A /* UINavigationController+YJStackManager.h */ = {isa = PBXFileReference; fileEncoding = 4; lastKnownFileType = sourcecode.c.h; path = "UINavigationController+YJStackManager.h"; sourceTree = "<group>"; };
		18B6AD7820C92BAE00AB023A /* UIControl+YJExtension.h */ = {isa = PBXFileReference; fileEncoding = 4; lastKnownFileType = sourcecode.c.h; path = "UIControl+YJExtension.h"; sourceTree = "<group>"; };
		18B6AD7920C92BAE00AB023A /* UIControl+YJExtension.m */ = {isa = PBXFileReference; fileEncoding = 4; lastKnownFileType = sourcecode.c.objc; path = "UIControl+YJExtension.m"; sourceTree = "<group>"; };
		18B6AD7A20C92BAE00AB023A /* YJUIKit.h */ = {isa = PBXFileReference; fileEncoding = 4; lastKnownFileType = sourcecode.c.h; path = YJUIKit.h; sourceTree = "<group>"; };
		18B6AD7C20C92BAE00AB023A /* UITextField+YJExtension.m */ = {isa = PBXFileReference; fileEncoding = 4; lastKnownFileType = sourcecode.c.objc; path = "UITextField+YJExtension.m"; sourceTree = "<group>"; };
		18B6AD7D20C92BAE00AB023A /* UITextField+YJExtension.h */ = {isa = PBXFileReference; fileEncoding = 4; lastKnownFileType = sourcecode.c.h; path = "UITextField+YJExtension.h"; sourceTree = "<group>"; };
		18B6ADA520C92BE100AB023A /* NSDictionary+YJExtension.m */ = {isa = PBXFileReference; fileEncoding = 4; lastKnownFileType = sourcecode.c.objc; path = "NSDictionary+YJExtension.m"; sourceTree = "<group>"; };
		18B6ADA620C92BE100AB023A /* NSDictionary+YJExtension.h */ = {isa = PBXFileReference; fileEncoding = 4; lastKnownFileType = sourcecode.c.h; path = "NSDictionary+YJExtension.h"; sourceTree = "<group>"; };
		18B6ADA820C92BE100AB023A /* NSData+YJExtension.h */ = {isa = PBXFileReference; fileEncoding = 4; lastKnownFileType = sourcecode.c.h; path = "NSData+YJExtension.h"; sourceTree = "<group>"; };
		18B6ADA920C92BE100AB023A /* NSData+YJExtension.m */ = {isa = PBXFileReference; fileEncoding = 4; lastKnownFileType = sourcecode.c.objc; path = "NSData+YJExtension.m"; sourceTree = "<group>"; };
		18B6ADAB20C92BE100AB023A /* NSString+YJEmoji.m */ = {isa = PBXFileReference; fileEncoding = 4; lastKnownFileType = sourcecode.c.objc; path = "NSString+YJEmoji.m"; sourceTree = "<group>"; };
		18B6ADAC20C92BE100AB023A /* NSString+YJHash.m */ = {isa = PBXFileReference; fileEncoding = 4; lastKnownFileType = sourcecode.c.objc; path = "NSString+YJHash.m"; sourceTree = "<group>"; };
		18B6ADAD20C92BE100AB023A /* NSString+YJProject.h */ = {isa = PBXFileReference; fileEncoding = 4; lastKnownFileType = sourcecode.c.h; path = "NSString+YJProject.h"; sourceTree = "<group>"; };
		18B6ADAE20C92BE100AB023A /* NSString+YJExtension.m */ = {isa = PBXFileReference; fileEncoding = 4; lastKnownFileType = sourcecode.c.objc; path = "NSString+YJExtension.m"; sourceTree = "<group>"; };
		18B6ADAF20C92BE100AB023A /* NSString+YJMIME.h */ = {isa = PBXFileReference; fileEncoding = 4; lastKnownFileType = sourcecode.c.h; path = "NSString+YJMIME.h"; sourceTree = "<group>"; };
		18B6ADB020C92BE100AB023A /* NSString+YJJudge.m */ = {isa = PBXFileReference; fileEncoding = 4; lastKnownFileType = sourcecode.c.objc; path = "NSString+YJJudge.m"; sourceTree = "<group>"; };
		18B6ADB120C92BE100AB023A /* NSString+YJHash.h */ = {isa = PBXFileReference; fileEncoding = 4; lastKnownFileType = sourcecode.c.h; path = "NSString+YJHash.h"; sourceTree = "<group>"; };
		18B6ADB220C92BE100AB023A /* NSString+YJEmoji.h */ = {isa = PBXFileReference; fileEncoding = 4; lastKnownFileType = sourcecode.c.h; path = "NSString+YJEmoji.h"; sourceTree = "<group>"; };
		18B6ADB320C92BE100AB023A /* NSString+YJProject.m */ = {isa = PBXFileReference; fileEncoding = 4; lastKnownFileType = sourcecode.c.objc; path = "NSString+YJProject.m"; sourceTree = "<group>"; };
		18B6ADB420C92BE100AB023A /* NSString+YJExtension.h */ = {isa = PBXFileReference; fileEncoding = 4; lastKnownFileType = sourcecode.c.h; path = "NSString+YJExtension.h"; sourceTree = "<group>"; };
		18B6ADB520C92BE100AB023A /* NSString+YJJudge.h */ = {isa = PBXFileReference; fileEncoding = 4; lastKnownFileType = sourcecode.c.h; path = "NSString+YJJudge.h"; sourceTree = "<group>"; };
		18B6ADB620C92BE100AB023A /* NSString+YJMIME.m */ = {isa = PBXFileReference; fileEncoding = 4; lastKnownFileType = sourcecode.c.objc; path = "NSString+YJMIME.m"; sourceTree = "<group>"; };
		18B6ADB820C92BE100AB023A /* NSArray+YJExtension.m */ = {isa = PBXFileReference; fileEncoding = 4; lastKnownFileType = sourcecode.c.objc; path = "NSArray+YJExtension.m"; sourceTree = "<group>"; };
		18B6ADB920C92BE100AB023A /* NSArray+YJExtension.h */ = {isa = PBXFileReference; fileEncoding = 4; lastKnownFileType = sourcecode.c.h; path = "NSArray+YJExtension.h"; sourceTree = "<group>"; };
		18B6ADBB20C92BE100AB023A /* NSAttributedString+YJExtension.h */ = {isa = PBXFileReference; fileEncoding = 4; lastKnownFileType = sourcecode.c.h; path = "NSAttributedString+YJExtension.h"; sourceTree = "<group>"; };
		18B6ADBC20C92BE100AB023A /* NSAttributedString+YJExtension.m */ = {isa = PBXFileReference; fileEncoding = 4; lastKnownFileType = sourcecode.c.objc; path = "NSAttributedString+YJExtension.m"; sourceTree = "<group>"; };
		18B6ADBE20C92BE100AB023A /* NSDate+YJExtension.h */ = {isa = PBXFileReference; fileEncoding = 4; lastKnownFileType = sourcecode.c.h; path = "NSDate+YJExtension.h"; sourceTree = "<group>"; };
		18B6ADBF20C92BE100AB023A /* NSDate+YJExtension.m */ = {isa = PBXFileReference; fileEncoding = 4; lastKnownFileType = sourcecode.c.objc; path = "NSDate+YJExtension.m"; sourceTree = "<group>"; };
		18B6ADCB20C92BF800AB023A /* YJFoundation.h */ = {isa = PBXFileReference; lastKnownFileType = sourcecode.c.h; path = YJFoundation.h; sourceTree = "<group>"; };
		18B6ADCC20C92C9A00AB023A /* UIImageView+YJReflect.h */ = {isa = PBXFileReference; lastKnownFileType = sourcecode.c.h; path = "UIImageView+YJReflect.h"; sourceTree = "<group>"; };
		18B6ADCD20C92C9A00AB023A /* UIImageView+YJReflect.m */ = {isa = PBXFileReference; lastKnownFileType = sourcecode.c.objc; path = "UIImageView+YJReflect.m"; sourceTree = "<group>"; };
		18B6ADCF20C92CF600AB023A /* UITextField+YJInputLimit.h */ = {isa = PBXFileReference; lastKnownFileType = sourcecode.c.h; path = "UITextField+YJInputLimit.h"; sourceTree = "<group>"; };
		18B6ADD020C92CF600AB023A /* UITextField+YJInputLimit.m */ = {isa = PBXFileReference; lastKnownFileType = sourcecode.c.objc; path = "UITextField+YJInputLimit.m"; sourceTree = "<group>"; };
		18B6ADD220C92D2E00AB023A /* UITextField+YJSelect.h */ = {isa = PBXFileReference; lastKnownFileType = sourcecode.c.h; path = "UITextField+YJSelect.h"; sourceTree = "<group>"; };
		18B6ADD320C92D2E00AB023A /* UITextField+YJSelect.m */ = {isa = PBXFileReference; lastKnownFileType = sourcecode.c.objc; path = "UITextField+YJSelect.m"; sourceTree = "<group>"; };
		18EC05522068F493006BA806 /* YJExtensionDemo.app */ = {isa = PBXFileReference; explicitFileType = wrapper.application; includeInIndex = 0; path = YJExtensionDemo.app; sourceTree = BUILT_PRODUCTS_DIR; };
		18EC05552068F493006BA806 /* AppDelegate.h */ = {isa = PBXFileReference; lastKnownFileType = sourcecode.c.h; path = AppDelegate.h; sourceTree = "<group>"; };
		18EC05562068F493006BA806 /* AppDelegate.m */ = {isa = PBXFileReference; lastKnownFileType = sourcecode.c.objc; path = AppDelegate.m; sourceTree = "<group>"; };
		18EC05582068F493006BA806 /* ViewController.h */ = {isa = PBXFileReference; lastKnownFileType = sourcecode.c.h; path = ViewController.h; sourceTree = "<group>"; };
		18EC05592068F493006BA806 /* ViewController.m */ = {isa = PBXFileReference; lastKnownFileType = sourcecode.c.objc; path = ViewController.m; sourceTree = "<group>"; };
		18EC055C2068F493006BA806 /* Base */ = {isa = PBXFileReference; lastKnownFileType = file.storyboard; name = Base; path = Base.lproj/Main.storyboard; sourceTree = "<group>"; };
		18EC055E2068F493006BA806 /* Assets.xcassets */ = {isa = PBXFileReference; lastKnownFileType = folder.assetcatalog; path = Assets.xcassets; sourceTree = "<group>"; };
		18EC05612068F493006BA806 /* Base */ = {isa = PBXFileReference; lastKnownFileType = file.storyboard; name = Base; path = Base.lproj/LaunchScreen.storyboard; sourceTree = "<group>"; };
		18EC05632068F493006BA806 /* Info.plist */ = {isa = PBXFileReference; lastKnownFileType = text.plist.xml; path = Info.plist; sourceTree = "<group>"; };
		18EC05642068F493006BA806 /* main.m */ = {isa = PBXFileReference; lastKnownFileType = sourcecode.c.objc; path = main.m; sourceTree = "<group>"; };
		18EC056A2068F493006BA806 /* YJExtensionDemoTests.xctest */ = {isa = PBXFileReference; explicitFileType = wrapper.cfbundle; includeInIndex = 0; path = YJExtensionDemoTests.xctest; sourceTree = BUILT_PRODUCTS_DIR; };
		18EC056E2068F493006BA806 /* YJExtensionDemoTests.m */ = {isa = PBXFileReference; lastKnownFileType = sourcecode.c.objc; path = YJExtensionDemoTests.m; sourceTree = "<group>"; };
		18EC05702068F493006BA806 /* Info.plist */ = {isa = PBXFileReference; lastKnownFileType = text.plist.xml; path = Info.plist; sourceTree = "<group>"; };
		18EC05752068F493006BA806 /* YJExtensionDemoUITests.xctest */ = {isa = PBXFileReference; explicitFileType = wrapper.cfbundle; includeInIndex = 0; path = YJExtensionDemoUITests.xctest; sourceTree = BUILT_PRODUCTS_DIR; };
		18EC05792068F493006BA806 /* YJExtensionDemoUITests.m */ = {isa = PBXFileReference; lastKnownFileType = sourcecode.c.objc; path = YJExtensionDemoUITests.m; sourceTree = "<group>"; };
		18EC057B2068F493006BA806 /* Info.plist */ = {isa = PBXFileReference; lastKnownFileType = text.plist.xml; path = Info.plist; sourceTree = "<group>"; };
/* End PBXFileReference section */

/* Begin PBXFrameworksBuildPhase section */
		18EC054F2068F493006BA806 /* Frameworks */ = {
			isa = PBXFrameworksBuildPhase;
			buildActionMask = 2147483647;
			files = (
			);
			runOnlyForDeploymentPostprocessing = 0;
		};
		18EC05672068F493006BA806 /* Frameworks */ = {
			isa = PBXFrameworksBuildPhase;
			buildActionMask = 2147483647;
			files = (
			);
			runOnlyForDeploymentPostprocessing = 0;
		};
		18EC05722068F493006BA806 /* Frameworks */ = {
			isa = PBXFrameworksBuildPhase;
			buildActionMask = 2147483647;
			files = (
			);
			runOnlyForDeploymentPostprocessing = 0;
		};
/* End PBXFrameworksBuildPhase section */

/* Begin PBXGroup section */
		181F73482089EC2A007986F8 /* YJExtension */ = {
			isa = PBXGroup;
			children = (
				18B6ADA320C92BE100AB023A /* YJFoundation */,
				18B6AD2420C92BAE00AB023A /* UIKit */,
				181F73942089EC2A007986F8 /* YJExtension.h */,
			);
			path = YJExtension;
			sourceTree = "<group>";
		};
		18B6AD2420C92BAE00AB023A /* UIKit */ = {
			isa = PBXGroup;
			children = (
				18B6AD2520C92BAE00AB023A /* UIImage */,
				18B6AD3620C92BAE00AB023A /* UIWindow */,
				18B6AD3920C92BAE00AB023A /* UILabel */,
				18B6AD4020C92BAE00AB023A /* UIApplication */,
				18B6AD4320C92BAE00AB023A /* UIResponder */,
				18B6AD4620C92BAE00AB023A /* UIButton */,
				18B6AD5120C92BAE00AB023A /* UIColor */,
				18B6AD5420C92BAE00AB023A /* UIWebView */,
				18B6AD5920C92BAE00AB023A /* UIView */,
				18B6AD6220C92BAE00AB023A /* UITextView */,
				18B6AD6720C92BAE00AB023A /* UIDevice */,
				18B6AD6A20C92BAE00AB023A /* UIBarButtonItem */,
				18B6AD6F20C92BAE00AB023A /* UIImageView */,
				18B6AD7220C92BAE00AB023A /* UINavigationController */,
				18B6AD7720C92BAE00AB023A /* UIControl */,
				18B6AD7A20C92BAE00AB023A /* YJUIKit.h */,
				18B6AD7B20C92BAE00AB023A /* UITextField */,
			);
			path = UIKit;
			sourceTree = "<group>";
		};
		18B6AD2520C92BAE00AB023A /* UIImage */ = {
			isa = PBXGroup;
			children = (
				18B6AD2620C92BAE00AB023A /* UIImage+YJAlpha.h */,
				18B6AD2720C92BAE00AB023A /* UIImage+YJSize.h */,
				18B6AD2820C92BAE00AB023A /* UIImage+YJGIF.h */,
				18B6AD2920C92BAE00AB023A /* UIImage+YJColor.h */,
				18B6AD2A20C92BAE00AB023A /* UIImage+YJCompress.h */,
				18B6AD2B20C92BAE00AB023A /* UIImage+YJExtension.h */,
				18B6AD2C20C92BAE00AB023A /* UIImage+YJWatermark.h */,
				18B6AD2D20C92BAE00AB023A /* UIImage+YJOrientation.h */,
				18B6AD2E20C92BAE00AB023A /* UIImage+YJSize.m */,
				18B6AD2F20C92BAE00AB023A /* UIImage+YJGIF.m */,
				18B6AD3020C92BAE00AB023A /* UIImage+YJAlpha.m */,
				18B6AD3120C92BAE00AB023A /* UIImage+YJColor.m */,
				18B6AD3220C92BAE00AB023A /* UIImage+YJCompress.m */,
				18B6AD3320C92BAE00AB023A /* UIImage+YJOrientation.m */,
				18B6AD3420C92BAE00AB023A /* UIImage+YJWatermark.m */,
				18B6AD3520C92BAE00AB023A /* UIImage+YJExtension.m */,
			);
			path = UIImage;
			sourceTree = "<group>";
		};
		18B6AD3620C92BAE00AB023A /* UIWindow */ = {
			isa = PBXGroup;
			children = (
				18B6AD3720C92BAE00AB023A /* UIWindow+YJExtension.m */,
				18B6AD3820C92BAE00AB023A /* UIWindow+YJExtension.h */,
			);
			path = UIWindow;
			sourceTree = "<group>";
		};
		18B6AD3920C92BAE00AB023A /* UILabel */ = {
			isa = PBXGroup;
			children = (
				18B6AD3A20C92BAE00AB023A /* UILabel+YJExtension.h */,
				18B6AD3B20C92BAE00AB023A /* UILabel+YJSpace.h */,
				18B6AD3C20C92BAE00AB023A /* UILabel+YJAutomaticWriting.h */,
				18B6AD3D20C92BAE00AB023A /* UILabel+YJExtension.m */,
				18B6AD3E20C92BAE00AB023A /* UILabel+YJSpace.m */,
				18B6AD3F20C92BAE00AB023A /* UILabel+YJAutomaticWriting.m */,
			);
			path = UILabel;
			sourceTree = "<group>";
		};
		18B6AD4020C92BAE00AB023A /* UIApplication */ = {
			isa = PBXGroup;
			children = (
				18B6AD4120C92BAE00AB023A /* UIApplication+YJExtension.m */,
				18B6AD4220C92BAE00AB023A /* UIApplication+YJExtension.h */,
			);
			path = UIApplication;
			sourceTree = "<group>";
		};
		18B6AD4320C92BAE00AB023A /* UIResponder */ = {
			isa = PBXGroup;
			children = (
				18B6AD4420C92BAE00AB023A /* UIResponder+YJUpdate.m */,
				18B6AD4520C92BAE00AB023A /* UIResponder+YJUpdate.h */,
			);
			path = UIResponder;
			sourceTree = "<group>";
		};
		18B6AD4620C92BAE00AB023A /* UIButton */ = {
			isa = PBXGroup;
			children = (
				18B6AD4720C92BAE00AB023A /* UIButton+YJBadge.m */,
				18B6AD4820C92BAE00AB023A /* UIButton+YJImagePosition.h */,
				18B6AD4920C92BAE00AB023A /* UIButton+YJEnlargeEdge.m */,
				18B6AD4A20C92BAE00AB023A /* UIButton+YJSubmitting.h */,
				18B6AD4B20C92BAE00AB023A /* UIButton+YJCountDown.m */,
				18B6AD4C20C92BAE00AB023A /* UIButton+YJBadge.h */,
				18B6AD4D20C92BAE00AB023A /* UIButton+YJEnlargeEdge.h */,
				18B6AD4E20C92BAE00AB023A /* UIButton+YJImagePosition.m */,
				18B6AD4F20C92BAE00AB023A /* UIButton+YJCountDown.h */,
				18B6AD5020C92BAE00AB023A /* UIButton+YJSubmitting.m */,
			);
			path = UIButton;
			sourceTree = "<group>";
		};
		18B6AD5120C92BAE00AB023A /* UIColor */ = {
			isa = PBXGroup;
			children = (
				18B6AD5220C92BAE00AB023A /* UIColor+YJExtension.h */,
				18B6AD5320C92BAE00AB023A /* UIColor+YJExtension.m */,
			);
			path = UIColor;
			sourceTree = "<group>";
		};
		18B6AD5420C92BAE00AB023A /* UIWebView */ = {
			isa = PBXGroup;
			children = (
				18B6AD5520C92BAE00AB023A /* UIWebView+YJSwipeGesture.h */,
				18B6AD5620C92BAE00AB023A /* UIWebView+YJExtension.m */,
				18B6AD5720C92BAE00AB023A /* UIWebView+YJSwipeGesture.m */,
				18B6AD5820C92BAE00AB023A /* UIWebView+YJExtension.h */,
			);
			path = UIWebView;
			sourceTree = "<group>";
		};
		18B6AD5920C92BAE00AB023A /* UIView */ = {
			isa = PBXGroup;
			children = (
				18B6AD5A20C92BAE00AB023A /* UIView+YJExtension.m */,
				18B6AD5B20C92BAE00AB023A /* UIView+YJFrame.m */,
				18B6AD5C20C92BAE00AB023A /* UIView+YJNib.h */,
				18B6AD5D20C92BAE00AB023A /* UIView+YJGestureRecognizer.h */,
				18B6AD5E20C92BAE00AB023A /* UIView+YJExtension.h */,
				18B6AD5F20C92BAE00AB023A /* UIView+YJFrame.h */,
				18B6AD6020C92BAE00AB023A /* UIView+YJGestureRecognizer.m */,
				18B6AD6120C92BAE00AB023A /* UIView+YJNib.m */,
			);
			path = UIView;
			sourceTree = "<group>";
		};
		18B6AD6220C92BAE00AB023A /* UITextView */ = {
			isa = PBXGroup;
			children = (
				18B6AD6320C92BAE00AB023A /* UITextView+YJPlaceHolder.h */,
				18B6AD6420C92BAE00AB023A /* UITextView+YJExtension.m */,
				18B6AD6520C92BAE00AB023A /* UITextView+YJPlaceHolder.m */,
				18B6AD6620C92BAE00AB023A /* UITextView+YJExtension.h */,
			);
			path = UITextView;
			sourceTree = "<group>";
		};
		18B6AD6720C92BAE00AB023A /* UIDevice */ = {
			isa = PBXGroup;
			children = (
				18B6AD6820C92BAE00AB023A /* UIDevice+YJExtension.m */,
				18B6AD6920C92BAE00AB023A /* UIDevice+YJExtension.h */,
			);
			path = UIDevice;
			sourceTree = "<group>";
		};
		18B6AD6A20C92BAE00AB023A /* UIBarButtonItem */ = {
			isa = PBXGroup;
			children = (
				18B6AD6B20C92BAE00AB023A /* UIBarButtonItem+YJExtension.m */,
				18B6AD6C20C92BAE00AB023A /* UIBarButtonItem+YJBadge.h */,
				18B6AD6D20C92BAE00AB023A /* UIBarButtonItem+YJExtension.h */,
				18B6AD6E20C92BAE00AB023A /* UIBarButtonItem+YJBadge.m */,
			);
			path = UIBarButtonItem;
			sourceTree = "<group>";
		};
		18B6AD6F20C92BAE00AB023A /* UIImageView */ = {
			isa = PBXGroup;
			children = (
				18B6AD7020C92BAE00AB023A /* UIImageView+YJExtension.m */,
				18B6AD7120C92BAE00AB023A /* UIImageView+YJExtension.h */,
				18B6ADCC20C92C9A00AB023A /* UIImageView+YJReflect.h */,
				18B6ADCD20C92C9A00AB023A /* UIImageView+YJReflect.m */,
			);
			path = UIImageView;
			sourceTree = "<group>";
		};
		18B6AD7220C92BAE00AB023A /* UINavigationController */ = {
			isa = PBXGroup;
			children = (
				18B6AD7320C92BAE00AB023A /* UINavigationController+YJExtension.h */,
				18B6AD7420C92BAE00AB023A /* UINavigationController+YJStackManager.m */,
				18B6AD7520C92BAE00AB023A /* UINavigationController+YJExtension.m */,
				18B6AD7620C92BAE00AB023A /* UINavigationController+YJStackManager.h */,
			);
			path = UINavigationController;
			sourceTree = "<group>";
		};
		18B6AD7720C92BAE00AB023A /* UIControl */ = {
			isa = PBXGroup;
			children = (
				18B6AD7820C92BAE00AB023A /* UIControl+YJExtension.h */,
				18B6AD7920C92BAE00AB023A /* UIControl+YJExtension.m */,
			);
			path = UIControl;
			sourceTree = "<group>";
		};
		18B6AD7B20C92BAE00AB023A /* UITextField */ = {
			isa = PBXGroup;
			children = (
				18B6AD7C20C92BAE00AB023A /* UITextField+YJExtension.m */,
				18B6AD7D20C92BAE00AB023A /* UITextField+YJExtension.h */,
				18B6ADCF20C92CF600AB023A /* UITextField+YJInputLimit.h */,
				18B6ADD020C92CF600AB023A /* UITextField+YJInputLimit.m */,
				18B6ADD220C92D2E00AB023A /* UITextField+YJSelect.h */,
				18B6ADD320C92D2E00AB023A /* UITextField+YJSelect.m */,
			);
			path = UITextField;
			sourceTree = "<group>";
		};
		18B6ADA320C92BE100AB023A /* YJFoundation */ = {
			isa = PBXGroup;
			children = (
				18B6ADA420C92BE100AB023A /* NSDictionary */,
				18B6ADA720C92BE100AB023A /* NSData */,
				18B6ADAA20C92BE100AB023A /* NSString */,
				18B6ADB720C92BE100AB023A /* NSArray */,
				18B6ADBA20C92BE100AB023A /* NSAttributedString */,
				18B6ADBD20C92BE100AB023A /* NSDate */,
				18B6ADCB20C92BF800AB023A /* YJFoundation.h */,
			);
			path = YJFoundation;
			sourceTree = "<group>";
		};
		18B6ADA420C92BE100AB023A /* NSDictionary */ = {
			isa = PBXGroup;
			children = (
				18B6ADA520C92BE100AB023A /* NSDictionary+YJExtension.m */,
				18B6ADA620C92BE100AB023A /* NSDictionary+YJExtension.h */,
			);
			path = NSDictionary;
			sourceTree = "<group>";
		};
		18B6ADA720C92BE100AB023A /* NSData */ = {
			isa = PBXGroup;
			children = (
				18B6ADA820C92BE100AB023A /* NSData+YJExtension.h */,
				18B6ADA920C92BE100AB023A /* NSData+YJExtension.m */,
			);
			path = NSData;
			sourceTree = "<group>";
		};
		18B6ADAA20C92BE100AB023A /* NSString */ = {
			isa = PBXGroup;
			children = (
				18B6ADAB20C92BE100AB023A /* NSString+YJEmoji.m */,
				18B6ADAC20C92BE100AB023A /* NSString+YJHash.m */,
				18B6ADAD20C92BE100AB023A /* NSString+YJProject.h */,
				18B6ADAE20C92BE100AB023A /* NSString+YJExtension.m */,
				18B6ADAF20C92BE100AB023A /* NSString+YJMIME.h */,
				18B6ADB020C92BE100AB023A /* NSString+YJJudge.m */,
				18B6ADB120C92BE100AB023A /* NSString+YJHash.h */,
				18B6ADB220C92BE100AB023A /* NSString+YJEmoji.h */,
				18B6ADB320C92BE100AB023A /* NSString+YJProject.m */,
				18B6ADB420C92BE100AB023A /* NSString+YJExtension.h */,
				18B6ADB520C92BE100AB023A /* NSString+YJJudge.h */,
				18B6ADB620C92BE100AB023A /* NSString+YJMIME.m */,
			);
			path = NSString;
			sourceTree = "<group>";
		};
		18B6ADB720C92BE100AB023A /* NSArray */ = {
			isa = PBXGroup;
			children = (
				18B6ADB820C92BE100AB023A /* NSArray+YJExtension.m */,
				18B6ADB920C92BE100AB023A /* NSArray+YJExtension.h */,
			);
			path = NSArray;
			sourceTree = "<group>";
		};
		18B6ADBA20C92BE100AB023A /* NSAttributedString */ = {
			isa = PBXGroup;
			children = (
				18B6ADBB20C92BE100AB023A /* NSAttributedString+YJExtension.h */,
				18B6ADBC20C92BE100AB023A /* NSAttributedString+YJExtension.m */,
			);
			path = NSAttributedString;
			sourceTree = "<group>";
		};
		18B6ADBD20C92BE100AB023A /* NSDate */ = {
			isa = PBXGroup;
			children = (
				18B6ADBE20C92BE100AB023A /* NSDate+YJExtension.h */,
				18B6ADBF20C92BE100AB023A /* NSDate+YJExtension.m */,
			);
			path = NSDate;
			sourceTree = "<group>";
		};
		18EC05492068F493006BA806 = {
			isa = PBXGroup;
			children = (
				18EC05542068F493006BA806 /* YJExtensionDemo */,
				18EC056D2068F493006BA806 /* YJExtensionDemoTests */,
				18EC05782068F493006BA806 /* YJExtensionDemoUITests */,
				18EC05532068F493006BA806 /* Products */,
			);
			sourceTree = "<group>";
		};
		18EC05532068F493006BA806 /* Products */ = {
			isa = PBXGroup;
			children = (
				18EC05522068F493006BA806 /* YJExtensionDemo.app */,
				18EC056A2068F493006BA806 /* YJExtensionDemoTests.xctest */,
				18EC05752068F493006BA806 /* YJExtensionDemoUITests.xctest */,
			);
			name = Products;
			sourceTree = "<group>";
		};
		18EC05542068F493006BA806 /* YJExtensionDemo */ = {
			isa = PBXGroup;
			children = (
				181F73482089EC2A007986F8 /* YJExtension */,
				18EC05552068F493006BA806 /* AppDelegate.h */,
				18EC05562068F493006BA806 /* AppDelegate.m */,
				18EC05582068F493006BA806 /* ViewController.h */,
				18EC05592068F493006BA806 /* ViewController.m */,
				18EC055B2068F493006BA806 /* Main.storyboard */,
				18EC055E2068F493006BA806 /* Assets.xcassets */,
				18EC05602068F493006BA806 /* LaunchScreen.storyboard */,
				18EC05632068F493006BA806 /* Info.plist */,
				18EC05642068F493006BA806 /* main.m */,
				1865415420BF9F82007D9F26 /* DataViewController.h */,
				1865415520BF9F82007D9F26 /* DataViewController.m */,
				1865415620BF9F82007D9F26 /* DataViewController.xib */,
			);
			path = YJExtensionDemo;
			sourceTree = "<group>";
		};
		18EC056D2068F493006BA806 /* YJExtensionDemoTests */ = {
			isa = PBXGroup;
			children = (
				18EC056E2068F493006BA806 /* YJExtensionDemoTests.m */,
				18EC05702068F493006BA806 /* Info.plist */,
			);
			path = YJExtensionDemoTests;
			sourceTree = "<group>";
		};
		18EC05782068F493006BA806 /* YJExtensionDemoUITests */ = {
			isa = PBXGroup;
			children = (
				18EC05792068F493006BA806 /* YJExtensionDemoUITests.m */,
				18EC057B2068F493006BA806 /* Info.plist */,
			);
			path = YJExtensionDemoUITests;
			sourceTree = "<group>";
		};
/* End PBXGroup section */

/* Begin PBXNativeTarget section */
		18EC05512068F493006BA806 /* YJExtensionDemo */ = {
			isa = PBXNativeTarget;
			buildConfigurationList = 18EC057E2068F493006BA806 /* Build configuration list for PBXNativeTarget "YJExtensionDemo" */;
			buildPhases = (
				18EC054E2068F493006BA806 /* Sources */,
				18EC054F2068F493006BA806 /* Frameworks */,
				18EC05502068F493006BA806 /* Resources */,
			);
			buildRules = (
			);
			dependencies = (
			);
			name = YJExtensionDemo;
			productName = YJExtensionDemo;
			productReference = 18EC05522068F493006BA806 /* YJExtensionDemo.app */;
			productType = "com.apple.product-type.application";
		};
		18EC05692068F493006BA806 /* YJExtensionDemoTests */ = {
			isa = PBXNativeTarget;
			buildConfigurationList = 18EC05812068F493006BA806 /* Build configuration list for PBXNativeTarget "YJExtensionDemoTests" */;
			buildPhases = (
				18EC05662068F493006BA806 /* Sources */,
				18EC05672068F493006BA806 /* Frameworks */,
				18EC05682068F493006BA806 /* Resources */,
			);
			buildRules = (
			);
			dependencies = (
				18EC056C2068F493006BA806 /* PBXTargetDependency */,
			);
			name = YJExtensionDemoTests;
			productName = YJExtensionDemoTests;
			productReference = 18EC056A2068F493006BA806 /* YJExtensionDemoTests.xctest */;
			productType = "com.apple.product-type.bundle.unit-test";
		};
		18EC05742068F493006BA806 /* YJExtensionDemoUITests */ = {
			isa = PBXNativeTarget;
			buildConfigurationList = 18EC05842068F493006BA806 /* Build configuration list for PBXNativeTarget "YJExtensionDemoUITests" */;
			buildPhases = (
				18EC05712068F493006BA806 /* Sources */,
				18EC05722068F493006BA806 /* Frameworks */,
				18EC05732068F493006BA806 /* Resources */,
			);
			buildRules = (
			);
			dependencies = (
				18EC05772068F493006BA806 /* PBXTargetDependency */,
			);
			name = YJExtensionDemoUITests;
			productName = YJExtensionDemoUITests;
			productReference = 18EC05752068F493006BA806 /* YJExtensionDemoUITests.xctest */;
			productType = "com.apple.product-type.bundle.ui-testing";
		};
/* End PBXNativeTarget section */

/* Begin PBXProject section */
		18EC054A2068F493006BA806 /* Project object */ = {
			isa = PBXProject;
			attributes = {
				LastUpgradeCheck = 0920;
				ORGANIZATIONNAME = child;
				TargetAttributes = {
					18EC05512068F493006BA806 = {
						CreatedOnToolsVersion = 9.2;
						ProvisioningStyle = Automatic;
					};
					18EC05692068F493006BA806 = {
						CreatedOnToolsVersion = 9.2;
						ProvisioningStyle = Automatic;
						TestTargetID = 18EC05512068F493006BA806;
					};
					18EC05742068F493006BA806 = {
						CreatedOnToolsVersion = 9.2;
						ProvisioningStyle = Automatic;
						TestTargetID = 18EC05512068F493006BA806;
					};
				};
			};
			buildConfigurationList = 18EC054D2068F493006BA806 /* Build configuration list for PBXProject "YJExtensionDemo" */;
			compatibilityVersion = "Xcode 8.0";
			developmentRegion = en;
			hasScannedForEncodings = 0;
			knownRegions = (
				en,
				Base,
			);
			mainGroup = 18EC05492068F493006BA806;
			productRefGroup = 18EC05532068F493006BA806 /* Products */;
			projectDirPath = "";
			projectRoot = "";
			targets = (
				18EC05512068F493006BA806 /* YJExtensionDemo */,
				18EC05692068F493006BA806 /* YJExtensionDemoTests */,
				18EC05742068F493006BA806 /* YJExtensionDemoUITests */,
			);
		};
/* End PBXProject section */

/* Begin PBXResourcesBuildPhase section */
		18EC05502068F493006BA806 /* Resources */ = {
			isa = PBXResourcesBuildPhase;
			buildActionMask = 2147483647;
			files = (
				1865415820BF9F82007D9F26 /* DataViewController.xib in Resources */,
				18EC05622068F493006BA806 /* LaunchScreen.storyboard in Resources */,
				18EC055F2068F493006BA806 /* Assets.xcassets in Resources */,
				18EC055D2068F493006BA806 /* Main.storyboard in Resources */,
			);
			runOnlyForDeploymentPostprocessing = 0;
		};
		18EC05682068F493006BA806 /* Resources */ = {
			isa = PBXResourcesBuildPhase;
			buildActionMask = 2147483647;
			files = (
			);
			runOnlyForDeploymentPostprocessing = 0;
		};
		18EC05732068F493006BA806 /* Resources */ = {
			isa = PBXResourcesBuildPhase;
			buildActionMask = 2147483647;
			files = (
			);
			runOnlyForDeploymentPostprocessing = 0;
		};
/* End PBXResourcesBuildPhase section */

/* Begin PBXSourcesBuildPhase section */
		18EC054E2068F493006BA806 /* Sources */ = {
			isa = PBXSourcesBuildPhase;
			buildActionMask = 2147483647;
			files = (
				18B6ADC520C92BE100AB023A /* NSString+YJJudge.m in Sources */,
				18B6AD9120C92BAE00AB023A /* UIColor+YJExtension.m in Sources */,
				18B6AD9E20C92BAE00AB023A /* UINavigationController+YJStackManager.m in Sources */,
				18B6AD9820C92BAE00AB023A /* UITextView+YJExtension.m in Sources */,
				18B6AD9B20C92BAE00AB023A /* UIBarButtonItem+YJExtension.m in Sources */,
				18B6AD8420C92BAE00AB023A /* UIImage+YJWatermark.m in Sources */,
				18B6ADCE20C92C9A00AB023A /* UIImageView+YJReflect.m in Sources */,
				18B6ADD420C92D2E00AB023A /* UITextField+YJSelect.m in Sources */,
				18B6AD9920C92BAE00AB023A /* UITextView+YJPlaceHolder.m in Sources */,
				18B6AD7F20C92BAE00AB023A /* UIImage+YJGIF.m in Sources */,
				18B6ADD120C92CF600AB023A /* UITextField+YJInputLimit.m in Sources */,
				18B6ADC220C92BE100AB023A /* NSString+YJEmoji.m in Sources */,
				18B6AD9C20C92BAE00AB023A /* UIBarButtonItem+YJBadge.m in Sources */,
				18B6AD8E20C92BAE00AB023A /* UIButton+YJCountDown.m in Sources */,
				18B6AD9020C92BAE00AB023A /* UIButton+YJSubmitting.m in Sources */,
				18B6ADC120C92BE100AB023A /* NSData+YJExtension.m in Sources */,
				1865415720BF9F82007D9F26 /* DataViewController.m in Sources */,
				18B6ADC020C92BE100AB023A /* NSDictionary+YJExtension.m in Sources */,
				18B6ADC420C92BE100AB023A /* NSString+YJExtension.m in Sources */,
				18B6AD9D20C92BAE00AB023A /* UIImageView+YJExtension.m in Sources */,
				18EC055A2068F493006BA806 /* ViewController.m in Sources */,
				18B6ADC720C92BE100AB023A /* NSString+YJMIME.m in Sources */,
				18B6AD8B20C92BAE00AB023A /* UIResponder+YJUpdate.m in Sources */,
				18B6ADC920C92BE100AB023A /* NSAttributedString+YJExtension.m in Sources */,
				18B6ADA020C92BAE00AB023A /* UIControl+YJExtension.m in Sources */,
				18B6AD8F20C92BAE00AB023A /* UIButton+YJImagePosition.m in Sources */,
				18B6AD8120C92BAE00AB023A /* UIImage+YJColor.m in Sources */,
				18B6AD8A20C92BAE00AB023A /* UIApplication+YJExtension.m in Sources */,
				18B6AD9220C92BAE00AB023A /* UIWebView+YJExtension.m in Sources */,
				18B6AD9420C92BAE00AB023A /* UIView+YJExtension.m in Sources */,
				18B6ADC320C92BE100AB023A /* NSString+YJHash.m in Sources */,
				18B6AD8620C92BAE00AB023A /* UIWindow+YJExtension.m in Sources */,
				18B6AD8D20C92BAE00AB023A /* UIButton+YJEnlargeEdge.m in Sources */,
				18B6AD9520C92BAE00AB023A /* UIView+YJFrame.m in Sources */,
				18B6AD8220C92BAE00AB023A /* UIImage+YJCompress.m in Sources */,
				18B6AD9720C92BAE00AB023A /* UIView+YJNib.m in Sources */,
				18B6ADC820C92BE100AB023A /* NSArray+YJExtension.m in Sources */,
				18B6AD8720C92BAE00AB023A /* UILabel+YJExtension.m in Sources */,
				18B6AD9320C92BAE00AB023A /* UIWebView+YJSwipeGesture.m in Sources */,
				18B6AD7E20C92BAE00AB023A /* UIImage+YJSize.m in Sources */,
				18EC05652068F493006BA806 /* main.m in Sources */,
				18B6AD8320C92BAE00AB023A /* UIImage+YJOrientation.m in Sources */,
				18B6ADA120C92BAE00AB023A /* UITextField+YJExtension.m in Sources */,
				18B6AD8C20C92BAE00AB023A /* UIButton+YJBadge.m in Sources */,
				18EC05572068F493006BA806 /* AppDelegate.m in Sources */,
				18B6AD8520C92BAE00AB023A /* UIImage+YJExtension.m in Sources */,
				18B6AD9620C92BAE00AB023A /* UIView+YJGestureRecognizer.m in Sources */,
				18B6AD9A20C92BAE00AB023A /* UIDevice+YJExtension.m in Sources */,
				18B6AD8020C92BAE00AB023A /* UIImage+YJAlpha.m in Sources */,
				18B6ADC620C92BE100AB023A /* NSString+YJProject.m in Sources */,
				18B6AD8820C92BAE00AB023A /* UILabel+YJSpace.m in Sources */,
				18B6ADCA20C92BE100AB023A /* NSDate+YJExtension.m in Sources */,
				18B6AD9F20C92BAE00AB023A /* UINavigationController+YJExtension.m in Sources */,
				18B6AD8920C92BAE00AB023A /* UILabel+YJAutomaticWriting.m in Sources */,
			);
			runOnlyForDeploymentPostprocessing = 0;
		};
		18EC05662068F493006BA806 /* Sources */ = {
			isa = PBXSourcesBuildPhase;
			buildActionMask = 2147483647;
			files = (
				18EC056F2068F493006BA806 /* YJExtensionDemoTests.m in Sources */,
			);
			runOnlyForDeploymentPostprocessing = 0;
		};
		18EC05712068F493006BA806 /* Sources */ = {
			isa = PBXSourcesBuildPhase;
			buildActionMask = 2147483647;
			files = (
				18EC057A2068F493006BA806 /* YJExtensionDemoUITests.m in Sources */,
			);
			runOnlyForDeploymentPostprocessing = 0;
		};
/* End PBXSourcesBuildPhase section */

/* Begin PBXTargetDependency section */
		18EC056C2068F493006BA806 /* PBXTargetDependency */ = {
			isa = PBXTargetDependency;
			target = 18EC05512068F493006BA806 /* YJExtensionDemo */;
			targetProxy = 18EC056B2068F493006BA806 /* PBXContainerItemProxy */;
		};
		18EC05772068F493006BA806 /* PBXTargetDependency */ = {
			isa = PBXTargetDependency;
			target = 18EC05512068F493006BA806 /* YJExtensionDemo */;
			targetProxy = 18EC05762068F493006BA806 /* PBXContainerItemProxy */;
		};
/* End PBXTargetDependency section */

/* Begin PBXVariantGroup section */
		18EC055B2068F493006BA806 /* Main.storyboard */ = {
			isa = PBXVariantGroup;
			children = (
				18EC055C2068F493006BA806 /* Base */,
			);
			name = Main.storyboard;
			sourceTree = "<group>";
		};
		18EC05602068F493006BA806 /* LaunchScreen.storyboard */ = {
			isa = PBXVariantGroup;
			children = (
				18EC05612068F493006BA806 /* Base */,
			);
			name = LaunchScreen.storyboard;
			sourceTree = "<group>";
		};
/* End PBXVariantGroup section */

/* Begin XCBuildConfiguration section */
		18EC057C2068F493006BA806 /* Debug */ = {
			isa = XCBuildConfiguration;
			buildSettings = {
				ALWAYS_SEARCH_USER_PATHS = NO;
				CLANG_ANALYZER_NONNULL = YES;
				CLANG_ANALYZER_NUMBER_OBJECT_CONVERSION = YES_AGGRESSIVE;
				CLANG_CXX_LANGUAGE_STANDARD = "gnu++14";
				CLANG_CXX_LIBRARY = "libc++";
				CLANG_ENABLE_MODULES = YES;
				CLANG_ENABLE_OBJC_ARC = YES;
				CLANG_WARN_BLOCK_CAPTURE_AUTORELEASING = YES;
				CLANG_WARN_BOOL_CONVERSION = YES;
				CLANG_WARN_COMMA = YES;
				CLANG_WARN_CONSTANT_CONVERSION = YES;
				CLANG_WARN_DIRECT_OBJC_ISA_USAGE = YES_ERROR;
				CLANG_WARN_DOCUMENTATION_COMMENTS = YES;
				CLANG_WARN_EMPTY_BODY = YES;
				CLANG_WARN_ENUM_CONVERSION = YES;
				CLANG_WARN_INFINITE_RECURSION = YES;
				CLANG_WARN_INT_CONVERSION = YES;
				CLANG_WARN_NON_LITERAL_NULL_CONVERSION = YES;
				CLANG_WARN_OBJC_LITERAL_CONVERSION = YES;
				CLANG_WARN_OBJC_ROOT_CLASS = YES_ERROR;
				CLANG_WARN_RANGE_LOOP_ANALYSIS = YES;
				CLANG_WARN_STRICT_PROTOTYPES = YES;
				CLANG_WARN_SUSPICIOUS_MOVE = YES;
				CLANG_WARN_UNGUARDED_AVAILABILITY = YES_AGGRESSIVE;
				CLANG_WARN_UNREACHABLE_CODE = YES;
				CLANG_WARN__DUPLICATE_METHOD_MATCH = YES;
				CODE_SIGN_IDENTITY = "iPhone Developer";
				COPY_PHASE_STRIP = NO;
				DEBUG_INFORMATION_FORMAT = dwarf;
				ENABLE_STRICT_OBJC_MSGSEND = YES;
				ENABLE_TESTABILITY = YES;
				GCC_C_LANGUAGE_STANDARD = gnu11;
				GCC_DYNAMIC_NO_PIC = NO;
				GCC_NO_COMMON_BLOCKS = YES;
				GCC_OPTIMIZATION_LEVEL = 0;
				GCC_PREPROCESSOR_DEFINITIONS = (
					"DEBUG=1",
					"$(inherited)",
				);
				GCC_WARN_64_TO_32_BIT_CONVERSION = YES;
				GCC_WARN_ABOUT_RETURN_TYPE = YES_ERROR;
				GCC_WARN_UNDECLARED_SELECTOR = YES;
				GCC_WARN_UNINITIALIZED_AUTOS = YES_AGGRESSIVE;
				GCC_WARN_UNUSED_FUNCTION = YES;
				GCC_WARN_UNUSED_VARIABLE = YES;
				IPHONEOS_DEPLOYMENT_TARGET = 11.2;
				MTL_ENABLE_DEBUG_INFO = YES;
				ONLY_ACTIVE_ARCH = YES;
				SDKROOT = iphoneos;
			};
			name = Debug;
		};
		18EC057D2068F493006BA806 /* Release */ = {
			isa = XCBuildConfiguration;
			buildSettings = {
				ALWAYS_SEARCH_USER_PATHS = NO;
				CLANG_ANALYZER_NONNULL = YES;
				CLANG_ANALYZER_NUMBER_OBJECT_CONVERSION = YES_AGGRESSIVE;
				CLANG_CXX_LANGUAGE_STANDARD = "gnu++14";
				CLANG_CXX_LIBRARY = "libc++";
				CLANG_ENABLE_MODULES = YES;
				CLANG_ENABLE_OBJC_ARC = YES;
				CLANG_WARN_BLOCK_CAPTURE_AUTORELEASING = YES;
				CLANG_WARN_BOOL_CONVERSION = YES;
				CLANG_WARN_COMMA = YES;
				CLANG_WARN_CONSTANT_CONVERSION = YES;
				CLANG_WARN_DIRECT_OBJC_ISA_USAGE = YES_ERROR;
				CLANG_WARN_DOCUMENTATION_COMMENTS = YES;
				CLANG_WARN_EMPTY_BODY = YES;
				CLANG_WARN_ENUM_CONVERSION = YES;
				CLANG_WARN_INFINITE_RECURSION = YES;
				CLANG_WARN_INT_CONVERSION = YES;
				CLANG_WARN_NON_LITERAL_NULL_CONVERSION = YES;
				CLANG_WARN_OBJC_LITERAL_CONVERSION = YES;
				CLANG_WARN_OBJC_ROOT_CLASS = YES_ERROR;
				CLANG_WARN_RANGE_LOOP_ANALYSIS = YES;
				CLANG_WARN_STRICT_PROTOTYPES = YES;
				CLANG_WARN_SUSPICIOUS_MOVE = YES;
				CLANG_WARN_UNGUARDED_AVAILABILITY = YES_AGGRESSIVE;
				CLANG_WARN_UNREACHABLE_CODE = YES;
				CLANG_WARN__DUPLICATE_METHOD_MATCH = YES;
				CODE_SIGN_IDENTITY = "iPhone Developer";
				COPY_PHASE_STRIP = NO;
				DEBUG_INFORMATION_FORMAT = "dwarf-with-dsym";
				ENABLE_NS_ASSERTIONS = NO;
				ENABLE_STRICT_OBJC_MSGSEND = YES;
				GCC_C_LANGUAGE_STANDARD = gnu11;
				GCC_NO_COMMON_BLOCKS = YES;
				GCC_WARN_64_TO_32_BIT_CONVERSION = YES;
				GCC_WARN_ABOUT_RETURN_TYPE = YES_ERROR;
				GCC_WARN_UNDECLARED_SELECTOR = YES;
				GCC_WARN_UNINITIALIZED_AUTOS = YES_AGGRESSIVE;
				GCC_WARN_UNUSED_FUNCTION = YES;
				GCC_WARN_UNUSED_VARIABLE = YES;
				IPHONEOS_DEPLOYMENT_TARGET = 11.2;
				MTL_ENABLE_DEBUG_INFO = NO;
				SDKROOT = iphoneos;
				VALIDATE_PRODUCT = YES;
			};
			name = Release;
		};
		18EC057F2068F493006BA806 /* Debug */ = {
			isa = XCBuildConfiguration;
			buildSettings = {
				ASSETCATALOG_COMPILER_APPICON_NAME = AppIcon;
				CODE_SIGN_IDENTITY = "iPhone Developer";
				CODE_SIGN_STYLE = Automatic;
				DEVELOPMENT_TEAM = 6KN8EDCD26;
				INFOPLIST_FILE = YJExtensionDemo/Info.plist;
				LD_RUNPATH_SEARCH_PATHS = "$(inherited) @executable_path/Frameworks";
				PRODUCT_BUNDLE_IDENTIFIER = YJ.YJExtensionDemo;
				PRODUCT_NAME = "$(TARGET_NAME)";
				PROVISIONING_PROFILE_SPECIFIER = "";
				TARGETED_DEVICE_FAMILY = "1,2";
			};
			name = Debug;
		};
		18EC05802068F493006BA806 /* Release */ = {
			isa = XCBuildConfiguration;
			buildSettings = {
				ASSETCATALOG_COMPILER_APPICON_NAME = AppIcon;
				CODE_SIGN_IDENTITY = "iPhone Developer";
				CODE_SIGN_STYLE = Automatic;
				DEVELOPMENT_TEAM = 6KN8EDCD26;
				INFOPLIST_FILE = YJExtensionDemo/Info.plist;
				LD_RUNPATH_SEARCH_PATHS = "$(inherited) @executable_path/Frameworks";
				PRODUCT_BUNDLE_IDENTIFIER = YJ.YJExtensionDemo;
				PRODUCT_NAME = "$(TARGET_NAME)";
				PROVISIONING_PROFILE_SPECIFIER = "";
				TARGETED_DEVICE_FAMILY = "1,2";
			};
			name = Release;
		};
		18EC05822068F493006BA806 /* Debug */ = {
			isa = XCBuildConfiguration;
			buildSettings = {
				BUNDLE_LOADER = "$(TEST_HOST)";
				CODE_SIGN_STYLE = Automatic;
				INFOPLIST_FILE = YJExtensionDemoTests/Info.plist;
				LD_RUNPATH_SEARCH_PATHS = "$(inherited) @executable_path/Frameworks @loader_path/Frameworks";
				PRODUCT_BUNDLE_IDENTIFIER = YJ.YJExtensionDemoTests;
				PRODUCT_NAME = "$(TARGET_NAME)";
				TARGETED_DEVICE_FAMILY = "1,2";
				TEST_HOST = "$(BUILT_PRODUCTS_DIR)/YJExtensionDemo.app/YJExtensionDemo";
			};
			name = Debug;
		};
		18EC05832068F493006BA806 /* Release */ = {
			isa = XCBuildConfiguration;
			buildSettings = {
				BUNDLE_LOADER = "$(TEST_HOST)";
				CODE_SIGN_STYLE = Automatic;
				INFOPLIST_FILE = YJExtensionDemoTests/Info.plist;
				LD_RUNPATH_SEARCH_PATHS = "$(inherited) @executable_path/Frameworks @loader_path/Frameworks";
				PRODUCT_BUNDLE_IDENTIFIER = YJ.YJExtensionDemoTests;
				PRODUCT_NAME = "$(TARGET_NAME)";
				TARGETED_DEVICE_FAMILY = "1,2";
				TEST_HOST = "$(BUILT_PRODUCTS_DIR)/YJExtensionDemo.app/YJExtensionDemo";
			};
			name = Release;
		};
		18EC05852068F493006BA806 /* Debug */ = {
			isa = XCBuildConfiguration;
			buildSettings = {
				CODE_SIGN_STYLE = Automatic;
				INFOPLIST_FILE = YJExtensionDemoUITests/Info.plist;
				LD_RUNPATH_SEARCH_PATHS = "$(inherited) @executable_path/Frameworks @loader_path/Frameworks";
				PRODUCT_BUNDLE_IDENTIFIER = YJ.YJExtensionDemoUITests;
				PRODUCT_NAME = "$(TARGET_NAME)";
				TARGETED_DEVICE_FAMILY = "1,2";
				TEST_TARGET_NAME = YJExtensionDemo;
			};
			name = Debug;
		};
		18EC05862068F493006BA806 /* Release */ = {
			isa = XCBuildConfiguration;
			buildSettings = {
				CODE_SIGN_STYLE = Automatic;
				INFOPLIST_FILE = YJExtensionDemoUITests/Info.plist;
				LD_RUNPATH_SEARCH_PATHS = "$(inherited) @executable_path/Frameworks @loader_path/Frameworks";
				PRODUCT_BUNDLE_IDENTIFIER = YJ.YJExtensionDemoUITests;
				PRODUCT_NAME = "$(TARGET_NAME)";
				TARGETED_DEVICE_FAMILY = "1,2";
				TEST_TARGET_NAME = YJExtensionDemo;
			};
			name = Release;
		};
/* End XCBuildConfiguration section */

/* Begin XCConfigurationList section */
		18EC054D2068F493006BA806 /* Build configuration list for PBXProject "YJExtensionDemo" */ = {
			isa = XCConfigurationList;
			buildConfigurations = (
				18EC057C2068F493006BA806 /* Debug */,
				18EC057D2068F493006BA806 /* Release */,
			);
			defaultConfigurationIsVisible = 0;
			defaultConfigurationName = Release;
		};
		18EC057E2068F493006BA806 /* Build configuration list for PBXNativeTarget "YJExtensionDemo" */ = {
			isa = XCConfigurationList;
			buildConfigurations = (
				18EC057F2068F493006BA806 /* Debug */,
				18EC05802068F493006BA806 /* Release */,
			);
			defaultConfigurationIsVisible = 0;
			defaultConfigurationName = Release;
		};
		18EC05812068F493006BA806 /* Build configuration list for PBXNativeTarget "YJExtensionDemoTests" */ = {
			isa = XCConfigurationList;
			buildConfigurations = (
				18EC05822068F493006BA806 /* Debug */,
				18EC05832068F493006BA806 /* Release */,
			);
			defaultConfigurationIsVisible = 0;
			defaultConfigurationName = Release;
		};
		18EC05842068F493006BA806 /* Build configuration list for PBXNativeTarget "YJExtensionDemoUITests" */ = {
			isa = XCConfigurationList;
			buildConfigurations = (
				18EC05852068F493006BA806 /* Debug */,
				18EC05862068F493006BA806 /* Release */,
			);
			defaultConfigurationIsVisible = 0;
			defaultConfigurationName = Release;
		};
/* End XCConfigurationList section */
	};
	rootObject = 18EC054A2068F493006BA806 /* Project object */;
}
