// !$*UTF8*$!
{
	archiveVersion = 1;
	classes = {
	};
	objectVersion = 48;
	objects = {

/* Begin PBXBuildFile section */
		18EC05572068F493006BA806 /* AppDelegate.m in Sources */ = {isa = PBXBuildFile; fileRef = 18EC05562068F493006BA806 /* AppDelegate.m */; };
		18EC055A2068F493006BA806 /* ViewController.m in Sources */ = {isa = PBXBuildFile; fileRef = 18EC05592068F493006BA806 /* ViewController.m */; };
		18EC055D2068F493006BA806 /* Main.storyboard in Resources */ = {isa = PBXBuildFile; fileRef = 18EC055B2068F493006BA806 /* Main.storyboard */; };
		18EC055F2068F493006BA806 /* Assets.xcassets in Resources */ = {isa = PBXBuildFile; fileRef = 18EC055E2068F493006BA806 /* Assets.xcassets */; };
		18EC05622068F493006BA806 /* LaunchScreen.storyboard in Resources */ = {isa = PBXBuildFile; fileRef = 18EC05602068F493006BA806 /* LaunchScreen.storyboard */; };
		18EC05652068F493006BA806 /* main.m in Sources */ = {isa = PBXBuildFile; fileRef = 18EC05642068F493006BA806 /* main.m */; };
		18EC056F2068F493006BA806 /* YJExtensionDemoTests.m in Sources */ = {isa = PBXBuildFile; fileRef = 18EC056E2068F493006BA806 /* YJExtensionDemoTests.m */; };
		18EC057A2068F493006BA806 /* YJExtensionDemoUITests.m in Sources */ = {isa = PBXBuildFile; fileRef = 18EC05792068F493006BA806 /* YJExtensionDemoUITests.m */; };
		18EC05902068F8E4006BA806 /* UIControl+YJExtension.m in Sources */ = {isa = PBXBuildFile; fileRef = 18EC058F2068F8E4006BA806 /* UIControl+YJExtension.m */; };
		18EC05982068F99A006BA806 /* NSAttributedString+YJExtension.m in Sources */ = {isa = PBXBuildFile; fileRef = 18EC05962068F99A006BA806 /* NSAttributedString+YJExtension.m */; };
		18EC05A02068F9A3006BA806 /* NSString+YJExtension.m in Sources */ = {isa = PBXBuildFile; fileRef = 18EC059A2068F9A3006BA806 /* NSString+YJExtension.m */; };
		18EC05A12068F9A3006BA806 /* NSString+YJDevice.m in Sources */ = {isa = PBXBuildFile; fileRef = 18EC059B2068F9A3006BA806 /* NSString+YJDevice.m */; };
		18EC05A22068F9A3006BA806 /* NSString+YJRegular.m in Sources */ = {isa = PBXBuildFile; fileRef = 18EC059C2068F9A3006BA806 /* NSString+YJRegular.m */; };
		18EC05A82068F9A8006BA806 /* UIBarButtonItem+YJExtension.m in Sources */ = {isa = PBXBuildFile; fileRef = 18EC05A42068F9A8006BA806 /* UIBarButtonItem+YJExtension.m */; };
		18EC05A92068F9A8006BA806 /* UIBarButtonItem+YJBadge.m in Sources */ = {isa = PBXBuildFile; fileRef = 18EC05A72068F9A8006BA806 /* UIBarButtonItem+YJBadge.m */; };
		18EC05B52068F9AF006BA806 /* UIButton+YJBadge.m in Sources */ = {isa = PBXBuildFile; fileRef = 18EC05AB2068F9AF006BA806 /* UIButton+YJBadge.m */; };
		18EC05B62068F9AF006BA806 /* UIButton+YJEnlargeEdge.m in Sources */ = {isa = PBXBuildFile; fileRef = 18EC05AD2068F9AF006BA806 /* UIButton+YJEnlargeEdge.m */; };
		18EC05B72068F9AF006BA806 /* UIButton+YJCountDown.m in Sources */ = {isa = PBXBuildFile; fileRef = 18EC05AF2068F9AF006BA806 /* UIButton+YJCountDown.m */; };
		18EC05B82068F9AF006BA806 /* UIButton+YJImagePosition.m in Sources */ = {isa = PBXBuildFile; fileRef = 18EC05B22068F9AF006BA806 /* UIButton+YJImagePosition.m */; };
		18EC05B92068F9AF006BA806 /* UIButton+YJSubmitting.m in Sources */ = {isa = PBXBuildFile; fileRef = 18EC05B42068F9AF006BA806 /* UIButton+YJSubmitting.m */; };
		18EC05BD2068F9B5006BA806 /* UIColor+YJExtension.m in Sources */ = {isa = PBXBuildFile; fileRef = 18EC05BC2068F9B5006BA806 /* UIColor+YJExtension.m */; };
		18EC05C92068F9BD006BA806 /* UIImage+YJGIF.m in Sources */ = {isa = PBXBuildFile; fileRef = 18EC05C42068F9BD006BA806 /* UIImage+YJGIF.m */; };
		18EC05CA2068F9BD006BA806 /* UIImage+YJColor.m in Sources */ = {isa = PBXBuildFile; fileRef = 18EC05C52068F9BD006BA806 /* UIImage+YJColor.m */; };
		18EC05CB2068F9BD006BA806 /* UIImage+YJCompress.m in Sources */ = {isa = PBXBuildFile; fileRef = 18EC05C62068F9BD006BA806 /* UIImage+YJCompress.m */; };
		18EC05CC2068F9BD006BA806 /* UIImage+YJOrientation.m in Sources */ = {isa = PBXBuildFile; fileRef = 18EC05C72068F9BD006BA806 /* UIImage+YJOrientation.m */; };
		18EC05CD2068F9BD006BA806 /* UIImage+YJExtension.m in Sources */ = {isa = PBXBuildFile; fileRef = 18EC05C82068F9BD006BA806 /* UIImage+YJExtension.m */; };
		18EC05D12068F9C8006BA806 /* UILabel+YJExtension.m in Sources */ = {isa = PBXBuildFile; fileRef = 18EC05D02068F9C8006BA806 /* UILabel+YJExtension.m */; };
		18EC05D52068F9CE006BA806 /* UINavigationController+YJExtension.m in Sources */ = {isa = PBXBuildFile; fileRef = 18EC05D42068F9CE006BA806 /* UINavigationController+YJExtension.m */; };
		18EC05E02068F9E0006BA806 /* UIWindow+YJExtension.m in Sources */ = {isa = PBXBuildFile; fileRef = 18EC05DE2068F9E0006BA806 /* UIWindow+YJExtension.m */; };
		18EC05E32068FA86006BA806 /* NSDate+YJExtension.m in Sources */ = {isa = PBXBuildFile; fileRef = 18EC05E22068FA86006BA806 /* NSDate+YJExtension.m */; };
/* End PBXBuildFile section */

/* Begin PBXContainerItemProxy section */
		18EC056B2068F493006BA806 /* PBXContainerItemProxy */ = {
			isa = PBXContainerItemProxy;
			containerPortal = 18EC054A2068F493006BA806 /* Project object */;
			proxyType = 1;
			remoteGlobalIDString = 18EC05512068F493006BA806;
			remoteInfo = YJExtensionDemo;
		};
		18EC05762068F493006BA806 /* PBXContainerItemProxy */ = {
			isa = PBXContainerItemProxy;
			containerPortal = 18EC054A2068F493006BA806 /* Project object */;
			proxyType = 1;
			remoteGlobalIDString = 18EC05512068F493006BA806;
			remoteInfo = YJExtensionDemo;
		};
/* End PBXContainerItemProxy section */

/* Begin PBXFileReference section */
		18EC05522068F493006BA806 /* YJExtensionDemo.app */ = {isa = PBXFileReference; explicitFileType = wrapper.application; includeInIndex = 0; path = YJExtensionDemo.app; sourceTree = BUILT_PRODUCTS_DIR; };
		18EC05552068F493006BA806 /* AppDelegate.h */ = {isa = PBXFileReference; lastKnownFileType = sourcecode.c.h; path = AppDelegate.h; sourceTree = "<group>"; };
		18EC05562068F493006BA806 /* AppDelegate.m */ = {isa = PBXFileReference; lastKnownFileType = sourcecode.c.objc; path = AppDelegate.m; sourceTree = "<group>"; };
		18EC05582068F493006BA806 /* ViewController.h */ = {isa = PBXFileReference; lastKnownFileType = sourcecode.c.h; path = ViewController.h; sourceTree = "<group>"; };
		18EC05592068F493006BA806 /* ViewController.m */ = {isa = PBXFileReference; lastKnownFileType = sourcecode.c.objc; path = ViewController.m; sourceTree = "<group>"; };
		18EC055C2068F493006BA806 /* Base */ = {isa = PBXFileReference; lastKnownFileType = file.storyboard; name = Base; path = Base.lproj/Main.storyboard; sourceTree = "<group>"; };
		18EC055E2068F493006BA806 /* Assets.xcassets */ = {isa = PBXFileReference; lastKnownFileType = folder.assetcatalog; path = Assets.xcassets; sourceTree = "<group>"; };
		18EC05612068F493006BA806 /* Base */ = {isa = PBXFileReference; lastKnownFileType = file.storyboard; name = Base; path = Base.lproj/LaunchScreen.storyboard; sourceTree = "<group>"; };
		18EC05632068F493006BA806 /* Info.plist */ = {isa = PBXFileReference; lastKnownFileType = text.plist.xml; path = Info.plist; sourceTree = "<group>"; };
		18EC05642068F493006BA806 /* main.m */ = {isa = PBXFileReference; lastKnownFileType = sourcecode.c.objc; path = main.m; sourceTree = "<group>"; };
		18EC056A2068F493006BA806 /* YJExtensionDemoTests.xctest */ = {isa = PBXFileReference; explicitFileType = wrapper.cfbundle; includeInIndex = 0; path = YJExtensionDemoTests.xctest; sourceTree = BUILT_PRODUCTS_DIR; };
		18EC056E2068F493006BA806 /* YJExtensionDemoTests.m */ = {isa = PBXFileReference; lastKnownFileType = sourcecode.c.objc; path = YJExtensionDemoTests.m; sourceTree = "<group>"; };
		18EC05702068F493006BA806 /* Info.plist */ = {isa = PBXFileReference; lastKnownFileType = text.plist.xml; path = Info.plist; sourceTree = "<group>"; };
		18EC05752068F493006BA806 /* YJExtensionDemoUITests.xctest */ = {isa = PBXFileReference; explicitFileType = wrapper.cfbundle; includeInIndex = 0; path = YJExtensionDemoUITests.xctest; sourceTree = BUILT_PRODUCTS_DIR; };
		18EC05792068F493006BA806 /* YJExtensionDemoUITests.m */ = {isa = PBXFileReference; lastKnownFileType = sourcecode.c.objc; path = YJExtensionDemoUITests.m; sourceTree = "<group>"; };
		18EC057B2068F493006BA806 /* Info.plist */ = {isa = PBXFileReference; lastKnownFileType = text.plist.xml; path = Info.plist; sourceTree = "<group>"; };
		18EC05892068F4BE006BA806 /* YJExtension.h */ = {isa = PBXFileReference; fileEncoding = 4; lastKnownFileType = sourcecode.c.h; path = YJExtension.h; sourceTree = "<group>"; };
		18EC058E2068F8E4006BA806 /* UIControl+YJExtension.h */ = {isa = PBXFileReference; fileEncoding = 4; lastKnownFileType = sourcecode.c.h; path = "UIControl+YJExtension.h"; sourceTree = "<group>"; };
		18EC058F2068F8E4006BA806 /* UIControl+YJExtension.m */ = {isa = PBXFileReference; fileEncoding = 4; lastKnownFileType = sourcecode.c.objc; path = "UIControl+YJExtension.m"; sourceTree = "<group>"; };
		18EC05952068F99A006BA806 /* NSAttributedString+YJExtension.h */ = {isa = PBXFileReference; fileEncoding = 4; lastKnownFileType = sourcecode.c.h; path = "NSAttributedString+YJExtension.h"; sourceTree = "<group>"; };
		18EC05962068F99A006BA806 /* NSAttributedString+YJExtension.m */ = {isa = PBXFileReference; fileEncoding = 4; lastKnownFileType = sourcecode.c.objc; path = "NSAttributedString+YJExtension.m"; sourceTree = "<group>"; };
		18EC059A2068F9A3006BA806 /* NSString+YJExtension.m */ = {isa = PBXFileReference; fileEncoding = 4; lastKnownFileType = sourcecode.c.objc; path = "NSString+YJExtension.m"; sourceTree = "<group>"; };
		18EC059B2068F9A3006BA806 /* NSString+YJDevice.m */ = {isa = PBXFileReference; fileEncoding = 4; lastKnownFileType = sourcecode.c.objc; path = "NSString+YJDevice.m"; sourceTree = "<group>"; };
		18EC059C2068F9A3006BA806 /* NSString+YJRegular.m */ = {isa = PBXFileReference; fileEncoding = 4; lastKnownFileType = sourcecode.c.objc; path = "NSString+YJRegular.m"; sourceTree = "<group>"; };
		18EC059D2068F9A3006BA806 /* NSString+YJDevice.h */ = {isa = PBXFileReference; fileEncoding = 4; lastKnownFileType = sourcecode.c.h; path = "NSString+YJDevice.h"; sourceTree = "<group>"; };
		18EC059E2068F9A3006BA806 /* NSString+YJExtension.h */ = {isa = PBXFileReference; fileEncoding = 4; lastKnownFileType = sourcecode.c.h; path = "NSString+YJExtension.h"; sourceTree = "<group>"; };
		18EC059F2068F9A3006BA806 /* NSString+YJRegular.h */ = {isa = PBXFileReference; fileEncoding = 4; lastKnownFileType = sourcecode.c.h; path = "NSString+YJRegular.h"; sourceTree = "<group>"; };
		18EC05A42068F9A8006BA806 /* UIBarButtonItem+YJExtension.m */ = {isa = PBXFileReference; fileEncoding = 4; lastKnownFileType = sourcecode.c.objc; path = "UIBarButtonItem+YJExtension.m"; sourceTree = "<group>"; };
		18EC05A52068F9A8006BA806 /* UIBarButtonItem+YJBadge.h */ = {isa = PBXFileReference; fileEncoding = 4; lastKnownFileType = sourcecode.c.h; path = "UIBarButtonItem+YJBadge.h"; sourceTree = "<group>"; };
		18EC05A62068F9A8006BA806 /* UIBarButtonItem+YJExtension.h */ = {isa = PBXFileReference; fileEncoding = 4; lastKnownFileType = sourcecode.c.h; path = "UIBarButtonItem+YJExtension.h"; sourceTree = "<group>"; };
		18EC05A72068F9A8006BA806 /* UIBarButtonItem+YJBadge.m */ = {isa = PBXFileReference; fileEncoding = 4; lastKnownFileType = sourcecode.c.objc; path = "UIBarButtonItem+YJBadge.m"; sourceTree = "<group>"; };
		18EC05AB2068F9AF006BA806 /* UIButton+YJBadge.m */ = {isa = PBXFileReference; fileEncoding = 4; lastKnownFileType = sourcecode.c.objc; path = "UIButton+YJBadge.m"; sourceTree = "<group>"; };
		18EC05AC2068F9AF006BA806 /* UIButton+YJImagePosition.h */ = {isa = PBXFileReference; fileEncoding = 4; lastKnownFileType = sourcecode.c.h; path = "UIButton+YJImagePosition.h"; sourceTree = "<group>"; };
		18EC05AD2068F9AF006BA806 /* UIButton+YJEnlargeEdge.m */ = {isa = PBXFileReference; fileEncoding = 4; lastKnownFileType = sourcecode.c.objc; path = "UIButton+YJEnlargeEdge.m"; sourceTree = "<group>"; };
		18EC05AE2068F9AF006BA806 /* UIButton+YJSubmitting.h */ = {isa = PBXFileReference; fileEncoding = 4; lastKnownFileType = sourcecode.c.h; path = "UIButton+YJSubmitting.h"; sourceTree = "<group>"; };
		18EC05AF2068F9AF006BA806 /* UIButton+YJCountDown.m */ = {isa = PBXFileReference; fileEncoding = 4; lastKnownFileType = sourcecode.c.objc; path = "UIButton+YJCountDown.m"; sourceTree = "<group>"; };
		18EC05B02068F9AF006BA806 /* UIButton+YJBadge.h */ = {isa = PBXFileReference; fileEncoding = 4; lastKnownFileType = sourcecode.c.h; path = "UIButton+YJBadge.h"; sourceTree = "<group>"; };
		18EC05B12068F9AF006BA806 /* UIButton+YJEnlargeEdge.h */ = {isa = PBXFileReference; fileEncoding = 4; lastKnownFileType = sourcecode.c.h; path = "UIButton+YJEnlargeEdge.h"; sourceTree = "<group>"; };
		18EC05B22068F9AF006BA806 /* UIButton+YJImagePosition.m */ = {isa = PBXFileReference; fileEncoding = 4; lastKnownFileType = sourcecode.c.objc; path = "UIButton+YJImagePosition.m"; sourceTree = "<group>"; };
		18EC05B32068F9AF006BA806 /* UIButton+YJCountDown.h */ = {isa = PBXFileReference; fileEncoding = 4; lastKnownFileType = sourcecode.c.h; path = "UIButton+YJCountDown.h"; sourceTree = "<group>"; };
		18EC05B42068F9AF006BA806 /* UIButton+YJSubmitting.m */ = {isa = PBXFileReference; fileEncoding = 4; lastKnownFileType = sourcecode.c.objc; path = "UIButton+YJSubmitting.m"; sourceTree = "<group>"; };
		18EC05BB2068F9B5006BA806 /* UIColor+YJExtension.h */ = {isa = PBXFileReference; fileEncoding = 4; lastKnownFileType = sourcecode.c.h; path = "UIColor+YJExtension.h"; sourceTree = "<group>"; };
		18EC05BC2068F9B5006BA806 /* UIColor+YJExtension.m */ = {isa = PBXFileReference; fileEncoding = 4; lastKnownFileType = sourcecode.c.objc; path = "UIColor+YJExtension.m"; sourceTree = "<group>"; };
		18EC05BF2068F9BD006BA806 /* UIImage+YJGIF.h */ = {isa = PBXFileReference; fileEncoding = 4; lastKnownFileType = sourcecode.c.h; path = "UIImage+YJGIF.h"; sourceTree = "<group>"; };
		18EC05C02068F9BD006BA806 /* UIImage+YJColor.h */ = {isa = PBXFileReference; fileEncoding = 4; lastKnownFileType = sourcecode.c.h; path = "UIImage+YJColor.h"; sourceTree = "<group>"; };
		18EC05C12068F9BD006BA806 /* UIImage+YJCompress.h */ = {isa = PBXFileReference; fileEncoding = 4; lastKnownFileType = sourcecode.c.h; path = "UIImage+YJCompress.h"; sourceTree = "<group>"; };
		18EC05C22068F9BD006BA806 /* UIImage+YJExtension.h */ = {isa = PBXFileReference; fileEncoding = 4; lastKnownFileType = sourcecode.c.h; path = "UIImage+YJExtension.h"; sourceTree = "<group>"; };
		18EC05C32068F9BD006BA806 /* UIImage+YJOrientation.h */ = {isa = PBXFileReference; fileEncoding = 4; lastKnownFileType = sourcecode.c.h; path = "UIImage+YJOrientation.h"; sourceTree = "<group>"; };
		18EC05C42068F9BD006BA806 /* UIImage+YJGIF.m */ = {isa = PBXFileReference; fileEncoding = 4; lastKnownFileType = sourcecode.c.objc; path = "UIImage+YJGIF.m"; sourceTree = "<group>"; };
		18EC05C52068F9BD006BA806 /* UIImage+YJColor.m */ = {isa = PBXFileReference; fileEncoding = 4; lastKnownFileType = sourcecode.c.objc; path = "UIImage+YJColor.m"; sourceTree = "<group>"; };
		18EC05C62068F9BD006BA806 /* UIImage+YJCompress.m */ = {isa = PBXFileReference; fileEncoding = 4; lastKnownFileType = sourcecode.c.objc; path = "UIImage+YJCompress.m"; sourceTree = "<group>"; };
		18EC05C72068F9BD006BA806 /* UIImage+YJOrientation.m */ = {isa = PBXFileReference; fileEncoding = 4; lastKnownFileType = sourcecode.c.objc; path = "UIImage+YJOrientation.m"; sourceTree = "<group>"; };
		18EC05C82068F9BD006BA806 /* UIImage+YJExtension.m */ = {isa = PBXFileReference; fileEncoding = 4; lastKnownFileType = sourcecode.c.objc; path = "UIImage+YJExtension.m"; sourceTree = "<group>"; };
		18EC05CF2068F9C8006BA806 /* UILabel+YJExtension.h */ = {isa = PBXFileReference; fileEncoding = 4; lastKnownFileType = sourcecode.c.h; path = "UILabel+YJExtension.h"; sourceTree = "<group>"; };
		18EC05D02068F9C8006BA806 /* UILabel+YJExtension.m */ = {isa = PBXFileReference; fileEncoding = 4; lastKnownFileType = sourcecode.c.objc; path = "UILabel+YJExtension.m"; sourceTree = "<group>"; };
		18EC05D32068F9CE006BA806 /* UINavigationController+YJExtension.h */ = {isa = PBXFileReference; fileEncoding = 4; lastKnownFileType = sourcecode.c.h; path = "UINavigationController+YJExtension.h"; sourceTree = "<group>"; };
		18EC05D42068F9CE006BA806 /* UINavigationController+YJExtension.m */ = {isa = PBXFileReference; fileEncoding = 4; lastKnownFileType = sourcecode.c.objc; path = "UINavigationController+YJExtension.m"; sourceTree = "<group>"; };
		18EC05DE2068F9E0006BA806 /* UIWindow+YJExtension.m */ = {isa = PBXFileReference; fileEncoding = 4; lastKnownFileType = sourcecode.c.objc; path = "UIWindow+YJExtension.m"; sourceTree = "<group>"; };
		18EC05DF2068F9E0006BA806 /* UIWindow+YJExtension.h */ = {isa = PBXFileReference; fileEncoding = 4; lastKnownFileType = sourcecode.c.h; path = "UIWindow+YJExtension.h"; sourceTree = "<group>"; };
		18EC05E12068FA86006BA806 /* NSDate+YJExtension.h */ = {isa = PBXFileReference; fileEncoding = 4; lastKnownFileType = sourcecode.c.h; path = "NSDate+YJExtension.h"; sourceTree = "<group>"; };
		18EC05E22068FA86006BA806 /* NSDate+YJExtension.m */ = {isa = PBXFileReference; fileEncoding = 4; lastKnownFileType = sourcecode.c.objc; path = "NSDate+YJExtension.m"; sourceTree = "<group>"; };
/* End PBXFileReference section */

/* Begin PBXFrameworksBuildPhase section */
		18EC054F2068F493006BA806 /* Frameworks */ = {
			isa = PBXFrameworksBuildPhase;
			buildActionMask = 2147483647;
			files = (
			);
			runOnlyForDeploymentPostprocessing = 0;
		};
		18EC05672068F493006BA806 /* Frameworks */ = {
			isa = PBXFrameworksBuildPhase;
			buildActionMask = 2147483647;
			files = (
			);
			runOnlyForDeploymentPostprocessing = 0;
		};
		18EC05722068F493006BA806 /* Frameworks */ = {
			isa = PBXFrameworksBuildPhase;
			buildActionMask = 2147483647;
			files = (
			);
			runOnlyForDeploymentPostprocessing = 0;
		};
/* End PBXFrameworksBuildPhase section */

/* Begin PBXGroup section */
		18EC05492068F493006BA806 = {
			isa = PBXGroup;
			children = (
				18EC05542068F493006BA806 /* YJExtensionDemo */,
				18EC056D2068F493006BA806 /* YJExtensionDemoTests */,
				18EC05782068F493006BA806 /* YJExtensionDemoUITests */,
				18EC05532068F493006BA806 /* Products */,
			);
			sourceTree = "<group>";
		};
		18EC05532068F493006BA806 /* Products */ = {
			isa = PBXGroup;
			children = (
				18EC05522068F493006BA806 /* YJExtensionDemo.app */,
				18EC056A2068F493006BA806 /* YJExtensionDemoTests.xctest */,
				18EC05752068F493006BA806 /* YJExtensionDemoUITests.xctest */,
			);
			name = Products;
			sourceTree = "<group>";
		};
		18EC05542068F493006BA806 /* YJExtensionDemo */ = {
			isa = PBXGroup;
			children = (
				18EC05872068F4BE006BA806 /* YJExtension */,
				18EC05552068F493006BA806 /* AppDelegate.h */,
				18EC05562068F493006BA806 /* AppDelegate.m */,
				18EC05582068F493006BA806 /* ViewController.h */,
				18EC05592068F493006BA806 /* ViewController.m */,
				18EC055B2068F493006BA806 /* Main.storyboard */,
				18EC055E2068F493006BA806 /* Assets.xcassets */,
				18EC05602068F493006BA806 /* LaunchScreen.storyboard */,
				18EC05632068F493006BA806 /* Info.plist */,
				18EC05642068F493006BA806 /* main.m */,
			);
			path = YJExtensionDemo;
			sourceTree = "<group>";
		};
		18EC056D2068F493006BA806 /* YJExtensionDemoTests */ = {
			isa = PBXGroup;
			children = (
				18EC056E2068F493006BA806 /* YJExtensionDemoTests.m */,
				18EC05702068F493006BA806 /* Info.plist */,
			);
			path = YJExtensionDemoTests;
			sourceTree = "<group>";
		};
		18EC05782068F493006BA806 /* YJExtensionDemoUITests */ = {
			isa = PBXGroup;
			children = (
				18EC05792068F493006BA806 /* YJExtensionDemoUITests.m */,
				18EC057B2068F493006BA806 /* Info.plist */,
			);
			path = YJExtensionDemoUITests;
			sourceTree = "<group>";
		};
		18EC05872068F4BE006BA806 /* YJExtension */ = {
			isa = PBXGroup;
			children = (
				18EC05DD2068F9E0006BA806 /* UIWindow */,
				18EC05D22068F9CE006BA806 /* UINavigationController */,
				18EC05CE2068F9C8006BA806 /* UILabel */,
				18EC05BE2068F9BD006BA806 /* UIImage */,
				18EC05BA2068F9B5006BA806 /* UIColor */,
				18EC05AA2068F9AF006BA806 /* UIButton */,
				18EC05A32068F9A8006BA806 /* UIBarButtonItem */,
				18EC05992068F9A3006BA806 /* NSString */,
				18EC05942068F99A006BA806 /* NSAttributedString */,
				18EC058D2068F8E4006BA806 /* UIControl */,
				18EC058C2068F4D3006BA806 /* NSDate */,
				18EC05892068F4BE006BA806 /* YJExtension.h */,
			);
			path = YJExtension;
			sourceTree = "<group>";
		};
		18EC058C2068F4D3006BA806 /* NSDate */ = {
			isa = PBXGroup;
			children = (
				18EC05E12068FA86006BA806 /* NSDate+YJExtension.h */,
				18EC05E22068FA86006BA806 /* NSDate+YJExtension.m */,
			);
			path = NSDate;
			sourceTree = "<group>";
		};
		18EC058D2068F8E4006BA806 /* UIControl */ = {
			isa = PBXGroup;
			children = (
				18EC058E2068F8E4006BA806 /* UIControl+YJExtension.h */,
				18EC058F2068F8E4006BA806 /* UIControl+YJExtension.m */,
			);
			path = UIControl;
			sourceTree = "<group>";
		};
		18EC05942068F99A006BA806 /* NSAttributedString */ = {
			isa = PBXGroup;
			children = (
				18EC05952068F99A006BA806 /* NSAttributedString+YJExtension.h */,
				18EC05962068F99A006BA806 /* NSAttributedString+YJExtension.m */,
			);
			path = NSAttributedString;
			sourceTree = "<group>";
		};
		18EC05992068F9A3006BA806 /* NSString */ = {
			isa = PBXGroup;
			children = (
				18EC059A2068F9A3006BA806 /* NSString+YJExtension.m */,
				18EC059B2068F9A3006BA806 /* NSString+YJDevice.m */,
				18EC059C2068F9A3006BA806 /* NSString+YJRegular.m */,
				18EC059D2068F9A3006BA806 /* NSString+YJDevice.h */,
				18EC059E2068F9A3006BA806 /* NSString+YJExtension.h */,
				18EC059F2068F9A3006BA806 /* NSString+YJRegular.h */,
			);
			path = NSString;
			sourceTree = "<group>";
		};
		18EC05A32068F9A8006BA806 /* UIBarButtonItem */ = {
			isa = PBXGroup;
			children = (
				18EC05A42068F9A8006BA806 /* UIBarButtonItem+YJExtension.m */,
				18EC05A52068F9A8006BA806 /* UIBarButtonItem+YJBadge.h */,
				18EC05A62068F9A8006BA806 /* UIBarButtonItem+YJExtension.h */,
				18EC05A72068F9A8006BA806 /* UIBarButtonItem+YJBadge.m */,
			);
			path = UIBarButtonItem;
			sourceTree = "<group>";
		};
		18EC05AA2068F9AF006BA806 /* UIButton */ = {
			isa = PBXGroup;
			children = (
				18EC05AB2068F9AF006BA806 /* UIButton+YJBadge.m */,
				18EC05AC2068F9AF006BA806 /* UIButton+YJImagePosition.h */,
				18EC05AD2068F9AF006BA806 /* UIButton+YJEnlargeEdge.m */,
				18EC05AE2068F9AF006BA806 /* UIButton+YJSubmitting.h */,
				18EC05AF2068F9AF006BA806 /* UIButton+YJCountDown.m */,
				18EC05B02068F9AF006BA806 /* UIButton+YJBadge.h */,
				18EC05B12068F9AF006BA806 /* UIButton+YJEnlargeEdge.h */,
				18EC05B22068F9AF006BA806 /* UIButton+YJImagePosition.m */,
				18EC05B32068F9AF006BA806 /* UIButton+YJCountDown.h */,
				18EC05B42068F9AF006BA806 /* UIButton+YJSubmitting.m */,
			);
			path = UIButton;
			sourceTree = "<group>";
		};
		18EC05BA2068F9B5006BA806 /* UIColor */ = {
			isa = PBXGroup;
			children = (
				18EC05BB2068F9B5006BA806 /* UIColor+YJExtension.h */,
				18EC05BC2068F9B5006BA806 /* UIColor+YJExtension.m */,
			);
			path = UIColor;
			sourceTree = "<group>";
		};
		18EC05BE2068F9BD006BA806 /* UIImage */ = {
			isa = PBXGroup;
			children = (
				18EC05BF2068F9BD006BA806 /* UIImage+YJGIF.h */,
				18EC05C02068F9BD006BA806 /* UIImage+YJColor.h */,
				18EC05C12068F9BD006BA806 /* UIImage+YJCompress.h */,
				18EC05C22068F9BD006BA806 /* UIImage+YJExtension.h */,
				18EC05C32068F9BD006BA806 /* UIImage+YJOrientation.h */,
				18EC05C42068F9BD006BA806 /* UIImage+YJGIF.m */,
				18EC05C52068F9BD006BA806 /* UIImage+YJColor.m */,
				18EC05C62068F9BD006BA806 /* UIImage+YJCompress.m */,
				18EC05C72068F9BD006BA806 /* UIImage+YJOrientation.m */,
				18EC05C82068F9BD006BA806 /* UIImage+YJExtension.m */,
			);
			path = UIImage;
			sourceTree = "<group>";
		};
		18EC05CE2068F9C8006BA806 /* UILabel */ = {
			isa = PBXGroup;
			children = (
				18EC05CF2068F9C8006BA806 /* UILabel+YJExtension.h */,
				18EC05D02068F9C8006BA806 /* UILabel+YJExtension.m */,
			);
			path = UILabel;
			sourceTree = "<group>";
		};
		18EC05D22068F9CE006BA806 /* UINavigationController */ = {
			isa = PBXGroup;
			children = (
				18EC05D32068F9CE006BA806 /* UINavigationController+YJExtension.h */,
				18EC05D42068F9CE006BA806 /* UINavigationController+YJExtension.m */,
			);
			path = UINavigationController;
			sourceTree = "<group>";
		};
		18EC05DD2068F9E0006BA806 /* UIWindow */ = {
			isa = PBXGroup;
			children = (
				18EC05DE2068F9E0006BA806 /* UIWindow+YJExtension.m */,
				18EC05DF2068F9E0006BA806 /* UIWindow+YJExtension.h */,
			);
			path = UIWindow;
			sourceTree = "<group>";
		};
/* End PBXGroup section */

/* Begin PBXNativeTarget section */
		18EC05512068F493006BA806 /* YJExtensionDemo */ = {
			isa = PBXNativeTarget;
			buildConfigurationList = 18EC057E2068F493006BA806 /* Build configuration list for PBXNativeTarget "YJExtensionDemo" */;
			buildPhases = (
				18EC054E2068F493006BA806 /* Sources */,
				18EC054F2068F493006BA806 /* Frameworks */,
				18EC05502068F493006BA806 /* Resources */,
			);
			buildRules = (
			);
			dependencies = (
			);
			name = YJExtensionDemo;
			productName = YJExtensionDemo;
			productReference = 18EC05522068F493006BA806 /* YJExtensionDemo.app */;
			productType = "com.apple.product-type.application";
		};
		18EC05692068F493006BA806 /* YJExtensionDemoTests */ = {
			isa = PBXNativeTarget;
			buildConfigurationList = 18EC05812068F493006BA806 /* Build configuration list for PBXNativeTarget "YJExtensionDemoTests" */;
			buildPhases = (
				18EC05662068F493006BA806 /* Sources */,
				18EC05672068F493006BA806 /* Frameworks */,
				18EC05682068F493006BA806 /* Resources */,
			);
			buildRules = (
			);
			dependencies = (
				18EC056C2068F493006BA806 /* PBXTargetDependency */,
			);
			name = YJExtensionDemoTests;
			productName = YJExtensionDemoTests;
			productReference = 18EC056A2068F493006BA806 /* YJExtensionDemoTests.xctest */;
			productType = "com.apple.product-type.bundle.unit-test";
		};
		18EC05742068F493006BA806 /* YJExtensionDemoUITests */ = {
			isa = PBXNativeTarget;
			buildConfigurationList = 18EC05842068F493006BA806 /* Build configuration list for PBXNativeTarget "YJExtensionDemoUITests" */;
			buildPhases = (
				18EC05712068F493006BA806 /* Sources */,
				18EC05722068F493006BA806 /* Frameworks */,
				18EC05732068F493006BA806 /* Resources */,
			);
			buildRules = (
			);
			dependencies = (
				18EC05772068F493006BA806 /* PBXTargetDependency */,
			);
			name = YJExtensionDemoUITests;
			productName = YJExtensionDemoUITests;
			productReference = 18EC05752068F493006BA806 /* YJExtensionDemoUITests.xctest */;
			productType = "com.apple.product-type.bundle.ui-testing";
		};
/* End PBXNativeTarget section */

/* Begin PBXProject section */
		18EC054A2068F493006BA806 /* Project object */ = {
			isa = PBXProject;
			attributes = {
				LastUpgradeCheck = 0920;
				ORGANIZATIONNAME = child;
				TargetAttributes = {
					18EC05512068F493006BA806 = {
						CreatedOnToolsVersion = 9.2;
						ProvisioningStyle = Automatic;
					};
					18EC05692068F493006BA806 = {
						CreatedOnToolsVersion = 9.2;
						ProvisioningStyle = Automatic;
						TestTargetID = 18EC05512068F493006BA806;
					};
					18EC05742068F493006BA806 = {
						CreatedOnToolsVersion = 9.2;
						ProvisioningStyle = Automatic;
						TestTargetID = 18EC05512068F493006BA806;
					};
				};
			};
			buildConfigurationList = 18EC054D2068F493006BA806 /* Build configuration list for PBXProject "YJExtensionDemo" */;
			compatibilityVersion = "Xcode 8.0";
			developmentRegion = en;
			hasScannedForEncodings = 0;
			knownRegions = (
				en,
				Base,
			);
			mainGroup = 18EC05492068F493006BA806;
			productRefGroup = 18EC05532068F493006BA806 /* Products */;
			projectDirPath = "";
			projectRoot = "";
			targets = (
				18EC05512068F493006BA806 /* YJExtensionDemo */,
				18EC05692068F493006BA806 /* YJExtensionDemoTests */,
				18EC05742068F493006BA806 /* YJExtensionDemoUITests */,
			);
		};
/* End PBXProject section */

/* Begin PBXResourcesBuildPhase section */
		18EC05502068F493006BA806 /* Resources */ = {
			isa = PBXResourcesBuildPhase;
			buildActionMask = 2147483647;
			files = (
				18EC05622068F493006BA806 /* LaunchScreen.storyboard in Resources */,
				18EC055F2068F493006BA806 /* Assets.xcassets in Resources */,
				18EC055D2068F493006BA806 /* Main.storyboard in Resources */,
			);
			runOnlyForDeploymentPostprocessing = 0;
		};
		18EC05682068F493006BA806 /* Resources */ = {
			isa = PBXResourcesBuildPhase;
			buildActionMask = 2147483647;
			files = (
			);
			runOnlyForDeploymentPostprocessing = 0;
		};
		18EC05732068F493006BA806 /* Resources */ = {
			isa = PBXResourcesBuildPhase;
			buildActionMask = 2147483647;
			files = (
			);
			runOnlyForDeploymentPostprocessing = 0;
		};
/* End PBXResourcesBuildPhase section */

/* Begin PBXSourcesBuildPhase section */
		18EC054E2068F493006BA806 /* Sources */ = {
			isa = PBXSourcesBuildPhase;
			buildActionMask = 2147483647;
			files = (
				18EC05B92068F9AF006BA806 /* UIButton+YJSubmitting.m in Sources */,
				18EC05C92068F9BD006BA806 /* UIImage+YJGIF.m in Sources */,
				18EC05D12068F9C8006BA806 /* UILabel+YJExtension.m in Sources */,
				18EC05A02068F9A3006BA806 /* NSString+YJExtension.m in Sources */,
				18EC05B62068F9AF006BA806 /* UIButton+YJEnlargeEdge.m in Sources */,
				18EC05A92068F9A8006BA806 /* UIBarButtonItem+YJBadge.m in Sources */,
				18EC05902068F8E4006BA806 /* UIControl+YJExtension.m in Sources */,
				18EC055A2068F493006BA806 /* ViewController.m in Sources */,
				18EC05CC2068F9BD006BA806 /* UIImage+YJOrientation.m in Sources */,
				18EC05CD2068F9BD006BA806 /* UIImage+YJExtension.m in Sources */,
				18EC05E02068F9E0006BA806 /* UIWindow+YJExtension.m in Sources */,
				18EC05982068F99A006BA806 /* NSAttributedString+YJExtension.m in Sources */,
				18EC05B72068F9AF006BA806 /* UIButton+YJCountDown.m in Sources */,
				18EC05BD2068F9B5006BA806 /* UIColor+YJExtension.m in Sources */,
				18EC05CB2068F9BD006BA806 /* UIImage+YJCompress.m in Sources */,
				18EC05A12068F9A3006BA806 /* NSString+YJDevice.m in Sources */,
				18EC05652068F493006BA806 /* main.m in Sources */,
				18EC05B52068F9AF006BA806 /* UIButton+YJBadge.m in Sources */,
				18EC05A82068F9A8006BA806 /* UIBarButtonItem+YJExtension.m in Sources */,
				18EC05CA2068F9BD006BA806 /* UIImage+YJColor.m in Sources */,
				18EC05D52068F9CE006BA806 /* UINavigationController+YJExtension.m in Sources */,
				18EC05572068F493006BA806 /* AppDelegate.m in Sources */,
				18EC05E32068FA86006BA806 /* NSDate+YJExtension.m in Sources */,
				18EC05B82068F9AF006BA806 /* UIButton+YJImagePosition.m in Sources */,
				18EC05A22068F9A3006BA806 /* NSString+YJRegular.m in Sources */,
			);
			runOnlyForDeploymentPostprocessing = 0;
		};
		18EC05662068F493006BA806 /* Sources */ = {
			isa = PBXSourcesBuildPhase;
			buildActionMask = 2147483647;
			files = (
				18EC056F2068F493006BA806 /* YJExtensionDemoTests.m in Sources */,
			);
			runOnlyForDeploymentPostprocessing = 0;
		};
		18EC05712068F493006BA806 /* Sources */ = {
			isa = PBXSourcesBuildPhase;
			buildActionMask = 2147483647;
			files = (
				18EC057A2068F493006BA806 /* YJExtensionDemoUITests.m in Sources */,
			);
			runOnlyForDeploymentPostprocessing = 0;
		};
/* End PBXSourcesBuildPhase section */

/* Begin PBXTargetDependency section */
		18EC056C2068F493006BA806 /* PBXTargetDependency */ = {
			isa = PBXTargetDependency;
			target = 18EC05512068F493006BA806 /* YJExtensionDemo */;
			targetProxy = 18EC056B2068F493006BA806 /* PBXContainerItemProxy */;
		};
		18EC05772068F493006BA806 /* PBXTargetDependency */ = {
			isa = PBXTargetDependency;
			target = 18EC05512068F493006BA806 /* YJExtensionDemo */;
			targetProxy = 18EC05762068F493006BA806 /* PBXContainerItemProxy */;
		};
/* End PBXTargetDependency section */

/* Begin PBXVariantGroup section */
		18EC055B2068F493006BA806 /* Main.storyboard */ = {
			isa = PBXVariantGroup;
			children = (
				18EC055C2068F493006BA806 /* Base */,
			);
			name = Main.storyboard;
			sourceTree = "<group>";
		};
		18EC05602068F493006BA806 /* LaunchScreen.storyboard */ = {
			isa = PBXVariantGroup;
			children = (
				18EC05612068F493006BA806 /* Base */,
			);
			name = LaunchScreen.storyboard;
			sourceTree = "<group>";
		};
/* End PBXVariantGroup section */

/* Begin XCBuildConfiguration section */
		18EC057C2068F493006BA806 /* Debug */ = {
			isa = XCBuildConfiguration;
			buildSettings = {
				ALWAYS_SEARCH_USER_PATHS = NO;
				CLANG_ANALYZER_NONNULL = YES;
				CLANG_ANALYZER_NUMBER_OBJECT_CONVERSION = YES_AGGRESSIVE;
				CLANG_CXX_LANGUAGE_STANDARD = "gnu++14";
				CLANG_CXX_LIBRARY = "libc++";
				CLANG_ENABLE_MODULES = YES;
				CLANG_ENABLE_OBJC_ARC = YES;
				CLANG_WARN_BLOCK_CAPTURE_AUTORELEASING = YES;
				CLANG_WARN_BOOL_CONVERSION = YES;
				CLANG_WARN_COMMA = YES;
				CLANG_WARN_CONSTANT_CONVERSION = YES;
				CLANG_WARN_DIRECT_OBJC_ISA_USAGE = YES_ERROR;
				CLANG_WARN_DOCUMENTATION_COMMENTS = YES;
				CLANG_WARN_EMPTY_BODY = YES;
				CLANG_WARN_ENUM_CONVERSION = YES;
				CLANG_WARN_INFINITE_RECURSION = YES;
				CLANG_WARN_INT_CONVERSION = YES;
				CLANG_WARN_NON_LITERAL_NULL_CONVERSION = YES;
				CLANG_WARN_OBJC_LITERAL_CONVERSION = YES;
				CLANG_WARN_OBJC_ROOT_CLASS = YES_ERROR;
				CLANG_WARN_RANGE_LOOP_ANALYSIS = YES;
				CLANG_WARN_STRICT_PROTOTYPES = YES;
				CLANG_WARN_SUSPICIOUS_MOVE = YES;
				CLANG_WARN_UNGUARDED_AVAILABILITY = YES_AGGRESSIVE;
				CLANG_WARN_UNREACHABLE_CODE = YES;
				CLANG_WARN__DUPLICATE_METHOD_MATCH = YES;
				CODE_SIGN_IDENTITY = "iPhone Developer";
				COPY_PHASE_STRIP = NO;
				DEBUG_INFORMATION_FORMAT = dwarf;
				ENABLE_STRICT_OBJC_MSGSEND = YES;
				ENABLE_TESTABILITY = YES;
				GCC_C_LANGUAGE_STANDARD = gnu11;
				GCC_DYNAMIC_NO_PIC = NO;
				GCC_NO_COMMON_BLOCKS = YES;
				GCC_OPTIMIZATION_LEVEL = 0;
				GCC_PREPROCESSOR_DEFINITIONS = (
					"DEBUG=1",
					"$(inherited)",
				);
				GCC_WARN_64_TO_32_BIT_CONVERSION = YES;
				GCC_WARN_ABOUT_RETURN_TYPE = YES_ERROR;
				GCC_WARN_UNDECLARED_SELECTOR = YES;
				GCC_WARN_UNINITIALIZED_AUTOS = YES_AGGRESSIVE;
				GCC_WARN_UNUSED_FUNCTION = YES;
				GCC_WARN_UNUSED_VARIABLE = YES;
				IPHONEOS_DEPLOYMENT_TARGET = 11.2;
				MTL_ENABLE_DEBUG_INFO = YES;
				ONLY_ACTIVE_ARCH = YES;
				SDKROOT = iphoneos;
			};
			name = Debug;
		};
		18EC057D2068F493006BA806 /* Release */ = {
			isa = XCBuildConfiguration;
			buildSettings = {
				ALWAYS_SEARCH_USER_PATHS = NO;
				CLANG_ANALYZER_NONNULL = YES;
				CLANG_ANALYZER_NUMBER_OBJECT_CONVERSION = YES_AGGRESSIVE;
				CLANG_CXX_LANGUAGE_STANDARD = "gnu++14";
				CLANG_CXX_LIBRARY = "libc++";
				CLANG_ENABLE_MODULES = YES;
				CLANG_ENABLE_OBJC_ARC = YES;
				CLANG_WARN_BLOCK_CAPTURE_AUTORELEASING = YES;
				CLANG_WARN_BOOL_CONVERSION = YES;
				CLANG_WARN_COMMA = YES;
				CLANG_WARN_CONSTANT_CONVERSION = YES;
				CLANG_WARN_DIRECT_OBJC_ISA_USAGE = YES_ERROR;
				CLANG_WARN_DOCUMENTATION_COMMENTS = YES;
				CLANG_WARN_EMPTY_BODY = YES;
				CLANG_WARN_ENUM_CONVERSION = YES;
				CLANG_WARN_INFINITE_RECURSION = YES;
				CLANG_WARN_INT_CONVERSION = YES;
				CLANG_WARN_NON_LITERAL_NULL_CONVERSION = YES;
				CLANG_WARN_OBJC_LITERAL_CONVERSION = YES;
				CLANG_WARN_OBJC_ROOT_CLASS = YES_ERROR;
				CLANG_WARN_RANGE_LOOP_ANALYSIS = YES;
				CLANG_WARN_STRICT_PROTOTYPES = YES;
				CLANG_WARN_SUSPICIOUS_MOVE = YES;
				CLANG_WARN_UNGUARDED_AVAILABILITY = YES_AGGRESSIVE;
				CLANG_WARN_UNREACHABLE_CODE = YES;
				CLANG_WARN__DUPLICATE_METHOD_MATCH = YES;
				CODE_SIGN_IDENTITY = "iPhone Developer";
				COPY_PHASE_STRIP = NO;
				DEBUG_INFORMATION_FORMAT = "dwarf-with-dsym";
				ENABLE_NS_ASSERTIONS = NO;
				ENABLE_STRICT_OBJC_MSGSEND = YES;
				GCC_C_LANGUAGE_STANDARD = gnu11;
				GCC_NO_COMMON_BLOCKS = YES;
				GCC_WARN_64_TO_32_BIT_CONVERSION = YES;
				GCC_WARN_ABOUT_RETURN_TYPE = YES_ERROR;
				GCC_WARN_UNDECLARED_SELECTOR = YES;
				GCC_WARN_UNINITIALIZED_AUTOS = YES_AGGRESSIVE;
				GCC_WARN_UNUSED_FUNCTION = YES;
				GCC_WARN_UNUSED_VARIABLE = YES;
				IPHONEOS_DEPLOYMENT_TARGET = 11.2;
				MTL_ENABLE_DEBUG_INFO = NO;
				SDKROOT = iphoneos;
				VALIDATE_PRODUCT = YES;
			};
			name = Release;
		};
		18EC057F2068F493006BA806 /* Debug */ = {
			isa = XCBuildConfiguration;
			buildSettings = {
				ASSETCATALOG_COMPILER_APPICON_NAME = AppIcon;
				CODE_SIGN_STYLE = Automatic;
				INFOPLIST_FILE = YJExtensionDemo/Info.plist;
				LD_RUNPATH_SEARCH_PATHS = "$(inherited) @executable_path/Frameworks";
				PRODUCT_BUNDLE_IDENTIFIER = YJ.YJExtensionDemo;
				PRODUCT_NAME = "$(TARGET_NAME)";
				TARGETED_DEVICE_FAMILY = "1,2";
			};
			name = Debug;
		};
		18EC05802068F493006BA806 /* Release */ = {
			isa = XCBuildConfiguration;
			buildSettings = {
				ASSETCATALOG_COMPILER_APPICON_NAME = AppIcon;
				CODE_SIGN_STYLE = Automatic;
				INFOPLIST_FILE = YJExtensionDemo/Info.plist;
				LD_RUNPATH_SEARCH_PATHS = "$(inherited) @executable_path/Frameworks";
				PRODUCT_BUNDLE_IDENTIFIER = YJ.YJExtensionDemo;
				PRODUCT_NAME = "$(TARGET_NAME)";
				TARGETED_DEVICE_FAMILY = "1,2";
			};
			name = Release;
		};
		18EC05822068F493006BA806 /* Debug */ = {
			isa = XCBuildConfiguration;
			buildSettings = {
				BUNDLE_LOADER = "$(TEST_HOST)";
				CODE_SIGN_STYLE = Automatic;
				INFOPLIST_FILE = YJExtensionDemoTests/Info.plist;
				LD_RUNPATH_SEARCH_PATHS = "$(inherited) @executable_path/Frameworks @loader_path/Frameworks";
				PRODUCT_BUNDLE_IDENTIFIER = YJ.YJExtensionDemoTests;
				PRODUCT_NAME = "$(TARGET_NAME)";
				TARGETED_DEVICE_FAMILY = "1,2";
				TEST_HOST = "$(BUILT_PRODUCTS_DIR)/YJExtensionDemo.app/YJExtensionDemo";
			};
			name = Debug;
		};
		18EC05832068F493006BA806 /* Release */ = {
			isa = XCBuildConfiguration;
			buildSettings = {
				BUNDLE_LOADER = "$(TEST_HOST)";
				CODE_SIGN_STYLE = Automatic;
				INFOPLIST_FILE = YJExtensionDemoTests/Info.plist;
				LD_RUNPATH_SEARCH_PATHS = "$(inherited) @executable_path/Frameworks @loader_path/Frameworks";
				PRODUCT_BUNDLE_IDENTIFIER = YJ.YJExtensionDemoTests;
				PRODUCT_NAME = "$(TARGET_NAME)";
				TARGETED_DEVICE_FAMILY = "1,2";
				TEST_HOST = "$(BUILT_PRODUCTS_DIR)/YJExtensionDemo.app/YJExtensionDemo";
			};
			name = Release;
		};
		18EC05852068F493006BA806 /* Debug */ = {
			isa = XCBuildConfiguration;
			buildSettings = {
				CODE_SIGN_STYLE = Automatic;
				INFOPLIST_FILE = YJExtensionDemoUITests/Info.plist;
				LD_RUNPATH_SEARCH_PATHS = "$(inherited) @executable_path/Frameworks @loader_path/Frameworks";
				PRODUCT_BUNDLE_IDENTIFIER = YJ.YJExtensionDemoUITests;
				PRODUCT_NAME = "$(TARGET_NAME)";
				TARGETED_DEVICE_FAMILY = "1,2";
				TEST_TARGET_NAME = YJExtensionDemo;
			};
			name = Debug;
		};
		18EC05862068F493006BA806 /* Release */ = {
			isa = XCBuildConfiguration;
			buildSettings = {
				CODE_SIGN_STYLE = Automatic;
				INFOPLIST_FILE = YJExtensionDemoUITests/Info.plist;
				LD_RUNPATH_SEARCH_PATHS = "$(inherited) @executable_path/Frameworks @loader_path/Frameworks";
				PRODUCT_BUNDLE_IDENTIFIER = YJ.YJExtensionDemoUITests;
				PRODUCT_NAME = "$(TARGET_NAME)";
				TARGETED_DEVICE_FAMILY = "1,2";
				TEST_TARGET_NAME = YJExtensionDemo;
			};
			name = Release;
		};
/* End XCBuildConfiguration section */

/* Begin XCConfigurationList section */
		18EC054D2068F493006BA806 /* Build configuration list for PBXProject "YJExtensionDemo" */ = {
			isa = XCConfigurationList;
			buildConfigurations = (
				18EC057C2068F493006BA806 /* Debug */,
				18EC057D2068F493006BA806 /* Release */,
			);
			defaultConfigurationIsVisible = 0;
			defaultConfigurationName = Release;
		};
		18EC057E2068F493006BA806 /* Build configuration list for PBXNativeTarget "YJExtensionDemo" */ = {
			isa = XCConfigurationList;
			buildConfigurations = (
				18EC057F2068F493006BA806 /* Debug */,
				18EC05802068F493006BA806 /* Release */,
			);
			defaultConfigurationIsVisible = 0;
			defaultConfigurationName = Release;
		};
		18EC05812068F493006BA806 /* Build configuration list for PBXNativeTarget "YJExtensionDemoTests" */ = {
			isa = XCConfigurationList;
			buildConfigurations = (
				18EC05822068F493006BA806 /* Debug */,
				18EC05832068F493006BA806 /* Release */,
			);
			defaultConfigurationIsVisible = 0;
			defaultConfigurationName = Release;
		};
		18EC05842068F493006BA806 /* Build configuration list for PBXNativeTarget "YJExtensionDemoUITests" */ = {
			isa = XCConfigurationList;
			buildConfigurations = (
				18EC05852068F493006BA806 /* Debug */,
				18EC05862068F493006BA806 /* Release */,
			);
			defaultConfigurationIsVisible = 0;
			defaultConfigurationName = Release;
		};
/* End XCConfigurationList section */
	};
	rootObject = 18EC054A2068F493006BA806 /* Project object */;
}
